
Microsoft Visual Studio Solution File, Format Version 12.00
# Visual Studio Version 17
VisualStudioVersion = 17.3.32811.315
MinimumVisualStudioVersion = 10.0.40219.1
Project("{2150E333-8FDC-42A3-9474-1A3956D46DE8}") = "Solution Items", "Solution Items", "{3DA99C4E-89E3-4049-9C22-0A7EC60D83D8}"
	ProjectSection(SolutionItems) = preProject
		Directory.Packages.props = Directory.Packages.props
	EndProjectSection
EndProject
Project("{2150E333-8FDC-42A3-9474-1A3956D46DE8}") = "Scripts", "MediaFramework\Scripts", "{4B0A6E13-7D5F-4C30-BE9F-A0816C5D4E2F}"
	ProjectSection(SolutionItems) = preProject
		MediaFramework\Scripts\build-framework.sh = MediaFramework\Scripts\build-framework.sh
		MediaFramework\Scripts\build-framework.ps1 = MediaFramework\Scripts\build-framework.ps1
	EndProjectSection
EndProject
Project("{2150E333-8FDC-42A3-9474-1A3956D46DE8}") = "FrameworkBuilds", "MediaFramework\FrameworkBuilds", "{3A9F5D02-6C4E-4B2F-AD8E-9F705B4C3D1E}"
	ProjectSection(SolutionItems) = preProject
		MediaFramework\FrameworkBuilds\README.md = MediaFramework\FrameworkBuilds\README.md
	EndProjectSection
EndProject
Project("{2150E333-8FDC-42A3-9474-1A3956D46DE8}") = "MediaFramework", "MediaFramework", "{5C4D3E2F-1A0B-4C8D-9E7F-403020105060}"
EndProject
Project("{2150E333-8FDC-42A3-9474-1A3956D46DE8}") = "UI", "UI", "{7E6F5031-3C2D-6EA0-BF91-524253317172}"
	ProjectSection(SolutionItems) = preProject
		UI\README.md = UI\README.md
	EndProjectSection
EndProject
Project("{2150E333-8FDC-42A3-9474-1A3956D46DE8}") = "SPlayer", "SPlayer", "{7C083C36-C87C-42A4-8C4A-EB02B0043D0D}"
EndProject
Project("{2150E333-8FDC-42A3-9474-1A3956D46DE8}") = "MIDI", "MediaFramework\MIDI", "{6FD506B3-14CF-45F3-A11F-EB8C831991E2}"
EndProject
Project("{FAE04EC0-301F-11D3-BF4B-00C04F79EFBC}") = "PMLib", "MediaFramework\MIDI\PMLib\PMLib.csproj", "{BFF82F62-49BB-4B0E-9237-45249A41E235}"
EndProject
Project("{2150E333-8FDC-42A3-9474-1A3956D46DE8}") = "Test", "MediaFramework\Test", "{4FC3071A-F3AC-4D1F-8C73-FBD40A73FECE}"
EndProject
Project("{2150E333-8FDC-42A3-9474-1A3956D46DE8}") = "Doc", "Doc", "{C5A09A9C-9EB0-47AE-A212-5084CFA63CEC}"
	ProjectSection(SolutionItems) = preProject
		Doc\README.md = Doc\README.md
		Doc\Quick-Start.md = Doc\Quick-Start.md
		Doc\Usage-Guide.md = Doc\Usage-Guide.md
		Doc\Clone-Sinks.md = Doc\Clone-Sinks.md
		Doc\MediaPlayer-Guide.md = Doc\MediaPlayer-Guide.md
	EndProjectSection
EndProject
Project("{2150E333-8FDC-42A3-9474-1A3956D46DE8}") = "Libraries", "Libraries", "{2F8E4C91-5B3D-4A1E-9C7D-8E6F5A4B3C2D}"
	ProjectSection(SolutionItems) = preProject
		Doc\Libraries\README.md = Doc\Libraries\README.md
		Doc\Libraries\Framework-Libraries-Reference.md = Doc\Libraries\Framework-Libraries-Reference.md
		Doc\Libraries\Consuming-Framework-Builds.md = Doc\Libraries\Consuming-Framework-Builds.md
	EndProjectSection
EndProject
Project("{2150E333-8FDC-42A3-9474-1A3956D46DE8}") = "NDI", "MediaFramework\NDI", "{A60A708F-FB76-474D-BC78-75770742423D}"
EndProject
Project("{FAE04EC0-301F-11D3-BF4B-00C04F79EFBC}") = "NDILib", "MediaFramework\NDI\NDILib\NDILib.csproj", "{364EB31E-C31B-4874-AA82-5524BA8D06B9}"
EndProject
Project("{2150E333-8FDC-42A3-9474-1A3956D46DE8}") = "Media", "MediaFramework\Media", "{776AE86F-6A81-4B69-A48A-88A9293EB425}"
EndProject
Project("{2150E333-8FDC-42A3-9474-1A3956D46DE8}") = "Audio", "MediaFramework\Audio", "{486A1187-8515-43B7-8075-1DFC7B95B987}"
EndProject
Project("{2150E333-8FDC-42A3-9474-1A3956D46DE8}") = "OSC", "MediaFramework\OSC", "{36B710DB-96D4-4B92-90BD-54636B2D48E1}"
EndProject
Project("{FAE04EC0-301F-11D3-BF4B-00C04F79EFBC}") = "OSCLib", "MediaFramework\OSC\OSCLib\OSCLib.csproj", "{76DE0424-A676-4797-BE13-FF716C70296C}"
EndProject
Project("{FAE04EC0-301F-11D3-BF4B-00C04F79EFBC}") = "PALib", "MediaFramework\Audio\PALib\PALib.csproj", "{7817CECD-0755-423A-8196-1D34975018A7}"
EndProject
Project("{FAE04EC0-301F-11D3-BF4B-00C04F79EFBC}") = "JackLib", "MediaFramework\Audio\JackLib\JackLib.csproj", "{A2B3C4D5-E6F7-4891-ABCD-EF0123456789}"
EndProject
Project("{FAE04EC0-301F-11D3-BF4B-00C04F79EFBC}") = "S.Media.Core", "MediaFramework\Media\S.Media.Core\S.Media.Core.csproj", "{0048AB41-5654-47F0-ABD5-1646F7D7706D}"
EndProject
Project("{FAE04EC0-301F-11D3-BF4B-00C04F79EFBC}") = "S.Media.PortAudio", "MediaFramework\Audio\S.Media.PortAudio\S.Media.PortAudio.csproj", "{B4223D77-9668-414F-9611-18851DEDD898}"
EndProject
Project("{FAE04EC0-301F-11D3-BF4B-00C04F79EFBC}") = "S.Media.NDI", "MediaFramework\NDI\S.Media.NDI\S.Media.NDI.csproj", "{14C618F6-70A2-4962-920C-29BA0F5B8A1B}"
EndProject
Project("{FAE04EC0-301F-11D3-BF4B-00C04F79EFBC}") = "S.Media.NDI.Playback", "MediaFramework\NDI\S.Media.NDI.Playback\S.Media.NDI.Playback.csproj", "{AAE15C9D-D0A5-49AA-8A33-BBED07934B53}"
EndProject
Project("{FAE04EC0-301F-11D3-BF4B-00C04F79EFBC}") = "S.Media.FFmpeg", "MediaFramework\Media\S.Media.FFmpeg\S.Media.FFmpeg.csproj", "{B7BDD4B6-5475-4746-8229-90BC0DCE9E90}"
EndProject
Project("{FAE04EC0-301F-11D3-BF4B-00C04F79EFBC}") = "S.Media.Playback", "MediaFramework\Media\S.Media.Playback\S.Media.Playback.csproj", "{6200D10D-C996-4B83-855D-CD6605FA278C}"
EndProject
Project("{FAE04EC0-301F-11D3-BF4B-00C04F79EFBC}") = "S.Media.Core.Tests", "MediaFramework\Test\S.Media.Core.Tests\S.Media.Core.Tests.csproj", "{F4655ED1-1810-4F50-8317-CD46D41871DC}"
EndProject
Project("{FAE04EC0-301F-11D3-BF4B-00C04F79EFBC}") = "MFPlayer.SimplePlayer", "MediaFramework\Test\MFPlayer.SimplePlayer\MFPlayer.SimplePlayer.csproj", "{568568A0-6D66-45B0-B315-B84CDCCC56CA}"
EndProject
Project("{FAE04EC0-301F-11D3-BF4B-00C04F79EFBC}") = "MFPlayer.MultiOutputPlayer", "MediaFramework\Test\MFPlayer.MultiOutputPlayer\MFPlayer.MultiOutputPlayer.csproj", "{B9BD3EB8-674B-4D10-B06B-CDDE72F0E6B7}"
EndProject
Project("{FAE04EC0-301F-11D3-BF4B-00C04F79EFBC}") = "S.Media.FFmpeg.Tests", "MediaFramework\Test\S.Media.FFmpeg.Tests\S.Media.FFmpeg.Tests.csproj", "{C1D2E3F4-A5B6-4789-CDEF-012345678901}"
EndProject
Project("{FAE04EC0-301F-11D3-BF4B-00C04F79EFBC}") = "MFPlayer.NDIPlayer", "MediaFramework\Test\MFPlayer.NDIPlayer\MFPlayer.NDIPlayer.csproj", "{D7E8F9A0-B1C2-4D3E-AF56-789012345678}"
EndProject
Project("{FAE04EC0-301F-11D3-BF4B-00C04F79EFBC}") = "MFPlayer.NDISender", "MediaFramework\Test\MFPlayer.NDISender\MFPlayer.NDISender.csproj", "{193CAB2F-98DA-460F-B3E3-37039682B91A}"
EndProject
Project("{2150E333-8FDC-42A3-9474-1A3956D46DE8}") = "Video", "MediaFramework\Video", "{3D3E8295-4C9B-1401-D762-8598E0F2F603}"
EndProject
Project("{FAE04EC0-301F-11D3-BF4B-00C04F79EFBC}") = "S.Media.SDL3", "MediaFramework\Video\S.Media.SDL3\S.Media.SDL3.csproj", "{F3BBB7A9-9DD0-403B-B946-6FBCE9C22C52}"
EndProject
Project("{FAE04EC0-301F-11D3-BF4B-00C04F79EFBC}") = "MFPlayer.VideoPlayer", "MediaFramework\Test\MFPlayer.VideoPlayer\MFPlayer.VideoPlayer.csproj", "{49DF2866-ED91-45B4-A9EA-B387FBD67ABA}"
EndProject
Project("{FAE04EC0-301F-11D3-BF4B-00C04F79EFBC}") = "MFPlayer.VideoMultiOutputPlayer", "MediaFramework\Test\MFPlayer.VideoMultiOutputPlayer\MFPlayer.VideoMultiOutputPlayer.csproj", "{65A9613B-8780-4B00-8A5A-D08862AFA533}"
EndProject
Project("{FAE04EC0-301F-11D3-BF4B-00C04F79EFBC}") = "S.Media.Avalonia", "MediaFramework\Video\S.Media.Avalonia\S.Media.Avalonia.csproj", "{A14E2274-215B-4089-9BBE-732D42DD5216}"
EndProject
Project("{FAE04EC0-301F-11D3-BF4B-00C04F79EFBC}") = "MFPlayer.AvaloniaVideoPlayer", "MediaFramework\Test\MFPlayer.AvaloniaVideoPlayer\MFPlayer.AvaloniaVideoPlayer.csproj", "{99860D42-4A59-4BB1-BDEF-5F4842345076}"
EndProject
Project("{FAE04EC0-301F-11D3-BF4B-00C04F79EFBC}") = "S.Media.Core.Benchmarks", "MediaFramework\Test\S.Media.Core.Benchmarks\S.Media.Core.Benchmarks.csproj", "{9D2D04FC-B0AA-4727-882E-262DF4E568FA}"
EndProject
Project("{FAE04EC0-301F-11D3-BF4B-00C04F79EFBC}") = "MFPlayer.NDIAutoPlayer", "MediaFramework\Test\MFPlayer.NDIAutoPlayer\MFPlayer.NDIAutoPlayer.csproj", "{18A698CD-DFD8-45BD-9B2C-4C0C4547BB11}"
EndProject
Project("{2150E333-8FDC-42A3-9474-1A3956D46DE8}") = "Build", "MediaFramework\Build", "{DEE5DD87-39C1-BF34-B639-A387DCCF972B}"
EndProject
Project("{FAE04EC0-301F-11D3-BF4B-00C04F79EFBC}") = "MFPlayer.Framework.Publish", "MediaFramework\Build\MFPlayer.Framework.Publish\MFPlayer.Framework.Publish.csproj", "{3BE561B6-C43C-4841-8307-C2D669C41527}"
EndProject
Project("{FAE04EC0-301F-11D3-BF4B-00C04F79EFBC}") = "SPlayer.Core", "UI\SPlayer\SPlayer.Core\SPlayer.Core.csproj", "{03A18657-8BF5-4E3A-BBE7-C96A0CE9AE11}"
EndProject
Project("{FAE04EC0-301F-11D3-BF4B-00C04F79EFBC}") = "SPlayer.Desktop", "UI\SPlayer\SPlayer.Desktop\SPlayer.Desktop.csproj", "{80ADD7FC-EC35-443C-BB97-74F90DFABFF9}"
EndProject
Global
	GlobalSection(SolutionConfigurationPlatforms) = preSolution
		Debug|Any CPU = Debug|Any CPU
		Debug|x64 = Debug|x64
		Debug|x86 = Debug|x86
		Release|Any CPU = Release|Any CPU
		Release|x64 = Release|x64
		Release|x86 = Release|x86
	EndGlobalSection
	GlobalSection(ProjectConfigurationPlatforms) = postSolution
		{BFF82F62-49BB-4B0E-9237-45249A41E235}.Debug|Any CPU.ActiveCfg = Debug|Any CPU
		{BFF82F62-49BB-4B0E-9237-45249A41E235}.Debug|Any CPU.Build.0 = Debug|Any CPU
		{BFF82F62-49BB-4B0E-9237-45249A41E235}.Debug|x64.ActiveCfg = Debug|Any CPU
		{BFF82F62-49BB-4B0E-9237-45249A41E235}.Debug|x64.Build.0 = Debug|Any CPU
		{BFF82F62-49BB-4B0E-9237-45249A41E235}.Debug|x86.ActiveCfg = Debug|Any CPU
		{BFF82F62-49BB-4B0E-9237-45249A41E235}.Debug|x86.Build.0 = Debug|Any CPU
		{BFF82F62-49BB-4B0E-9237-45249A41E235}.Release|Any CPU.ActiveCfg = Release|Any CPU
		{BFF82F62-49BB-4B0E-9237-45249A41E235}.Release|Any CPU.Build.0 = Release|Any CPU
		{BFF82F62-49BB-4B0E-9237-45249A41E235}.Release|x64.ActiveCfg = Release|Any CPU
		{BFF82F62-49BB-4B0E-9237-45249A41E235}.Release|x64.Build.0 = Release|Any CPU
		{BFF82F62-49BB-4B0E-9237-45249A41E235}.Release|x86.ActiveCfg = Release|Any CPU
		{BFF82F62-49BB-4B0E-9237-45249A41E235}.Release|x86.Build.0 = Release|Any CPU
		{364EB31E-C31B-4874-AA82-5524BA8D06B9}.Debug|Any CPU.ActiveCfg = Debug|Any CPU
		{364EB31E-C31B-4874-AA82-5524BA8D06B9}.Debug|Any CPU.Build.0 = Debug|Any CPU
		{364EB31E-C31B-4874-AA82-5524BA8D06B9}.Debug|x64.ActiveCfg = Debug|Any CPU
		{364EB31E-C31B-4874-AA82-5524BA8D06B9}.Debug|x64.Build.0 = Debug|Any CPU
		{364EB31E-C31B-4874-AA82-5524BA8D06B9}.Debug|x86.ActiveCfg = Debug|Any CPU
		{364EB31E-C31B-4874-AA82-5524BA8D06B9}.Debug|x86.Build.0 = Debug|Any CPU
		{364EB31E-C31B-4874-AA82-5524BA8D06B9}.Release|Any CPU.ActiveCfg = Release|Any CPU
		{364EB31E-C31B-4874-AA82-5524BA8D06B9}.Release|Any CPU.Build.0 = Release|Any CPU
		{364EB31E-C31B-4874-AA82-5524BA8D06B9}.Release|x64.ActiveCfg = Release|Any CPU
		{364EB31E-C31B-4874-AA82-5524BA8D06B9}.Release|x64.Build.0 = Release|Any CPU
		{364EB31E-C31B-4874-AA82-5524BA8D06B9}.Release|x86.ActiveCfg = Release|Any CPU
		{364EB31E-C31B-4874-AA82-5524BA8D06B9}.Release|x86.Build.0 = Release|Any CPU
		{76DE0424-A676-4797-BE13-FF716C70296C}.Debug|Any CPU.ActiveCfg = Debug|Any CPU
		{76DE0424-A676-4797-BE13-FF716C70296C}.Debug|Any CPU.Build.0 = Debug|Any CPU
		{76DE0424-A676-4797-BE13-FF716C70296C}.Debug|x64.ActiveCfg = Debug|Any CPU
		{76DE0424-A676-4797-BE13-FF716C70296C}.Debug|x64.Build.0 = Debug|Any CPU
		{76DE0424-A676-4797-BE13-FF716C70296C}.Debug|x86.ActiveCfg = Debug|Any CPU
		{76DE0424-A676-4797-BE13-FF716C70296C}.Debug|x86.Build.0 = Debug|Any CPU
		{76DE0424-A676-4797-BE13-FF716C70296C}.Release|Any CPU.ActiveCfg = Release|Any CPU
		{76DE0424-A676-4797-BE13-FF716C70296C}.Release|Any CPU.Build.0 = Release|Any CPU
		{76DE0424-A676-4797-BE13-FF716C70296C}.Release|x64.ActiveCfg = Release|Any CPU
		{76DE0424-A676-4797-BE13-FF716C70296C}.Release|x64.Build.0 = Release|Any CPU
		{76DE0424-A676-4797-BE13-FF716C70296C}.Release|x86.ActiveCfg = Release|Any CPU
		{76DE0424-A676-4797-BE13-FF716C70296C}.Release|x86.Build.0 = Release|Any CPU
		{7817CECD-0755-423A-8196-1D34975018A7}.Debug|Any CPU.ActiveCfg = Debug|Any CPU
		{7817CECD-0755-423A-8196-1D34975018A7}.Debug|Any CPU.Build.0 = Debug|Any CPU
		{7817CECD-0755-423A-8196-1D34975018A7}.Debug|x64.ActiveCfg = Debug|Any CPU
		{7817CECD-0755-423A-8196-1D34975018A7}.Debug|x64.Build.0 = Debug|Any CPU
		{7817CECD-0755-423A-8196-1D34975018A7}.Debug|x86.ActiveCfg = Debug|Any CPU
		{7817CECD-0755-423A-8196-1D34975018A7}.Debug|x86.Build.0 = Debug|Any CPU
		{7817CECD-0755-423A-8196-1D34975018A7}.Release|Any CPU.ActiveCfg = Release|Any CPU
		{7817CECD-0755-423A-8196-1D34975018A7}.Release|Any CPU.Build.0 = Release|Any CPU
		{7817CECD-0755-423A-8196-1D34975018A7}.Release|x64.ActiveCfg = Release|Any CPU
		{7817CECD-0755-423A-8196-1D34975018A7}.Release|x64.Build.0 = Release|Any CPU
		{7817CECD-0755-423A-8196-1D34975018A7}.Release|x86.ActiveCfg = Release|Any CPU
		{7817CECD-0755-423A-8196-1D34975018A7}.Release|x86.Build.0 = Release|Any CPU
		{A2B3C4D5-E6F7-4891-ABCD-EF0123456789}.Debug|Any CPU.ActiveCfg = Debug|Any CPU
		{A2B3C4D5-E6F7-4891-ABCD-EF0123456789}.Debug|Any CPU.Build.0 = Debug|Any CPU
		{A2B3C4D5-E6F7-4891-ABCD-EF0123456789}.Debug|x64.ActiveCfg = Debug|Any CPU
		{A2B3C4D5-E6F7-4891-ABCD-EF0123456789}.Debug|x64.Build.0 = Debug|Any CPU
		{A2B3C4D5-E6F7-4891-ABCD-EF0123456789}.Debug|x86.ActiveCfg = Debug|Any CPU
		{A2B3C4D5-E6F7-4891-ABCD-EF0123456789}.Debug|x86.Build.0 = Debug|Any CPU
		{A2B3C4D5-E6F7-4891-ABCD-EF0123456789}.Release|Any CPU.ActiveCfg = Release|Any CPU
		{A2B3C4D5-E6F7-4891-ABCD-EF0123456789}.Release|Any CPU.Build.0 = Release|Any CPU
		{A2B3C4D5-E6F7-4891-ABCD-EF0123456789}.Release|x64.ActiveCfg = Release|Any CPU
		{A2B3C4D5-E6F7-4891-ABCD-EF0123456789}.Release|x64.Build.0 = Release|Any CPU
		{A2B3C4D5-E6F7-4891-ABCD-EF0123456789}.Release|x86.ActiveCfg = Release|Any CPU
		{A2B3C4D5-E6F7-4891-ABCD-EF0123456789}.Release|x86.Build.0 = Release|Any CPU
		{0048AB41-5654-47F0-ABD5-1646F7D7706D}.Debug|Any CPU.ActiveCfg = Debug|Any CPU
		{0048AB41-5654-47F0-ABD5-1646F7D7706D}.Debug|Any CPU.Build.0 = Debug|Any CPU
		{0048AB41-5654-47F0-ABD5-1646F7D7706D}.Debug|x64.ActiveCfg = Debug|Any CPU
		{0048AB41-5654-47F0-ABD5-1646F7D7706D}.Debug|x64.Build.0 = Debug|Any CPU
		{0048AB41-5654-47F0-ABD5-1646F7D7706D}.Debug|x86.ActiveCfg = Debug|Any CPU
		{0048AB41-5654-47F0-ABD5-1646F7D7706D}.Debug|x86.Build.0 = Debug|Any CPU
		{0048AB41-5654-47F0-ABD5-1646F7D7706D}.Release|Any CPU.ActiveCfg = Release|Any CPU
		{0048AB41-5654-47F0-ABD5-1646F7D7706D}.Release|Any CPU.Build.0 = Release|Any CPU
		{0048AB41-5654-47F0-ABD5-1646F7D7706D}.Release|x64.ActiveCfg = Release|Any CPU
		{0048AB41-5654-47F0-ABD5-1646F7D7706D}.Release|x64.Build.0 = Release|Any CPU
		{0048AB41-5654-47F0-ABD5-1646F7D7706D}.Release|x86.ActiveCfg = Release|Any CPU
		{0048AB41-5654-47F0-ABD5-1646F7D7706D}.Release|x86.Build.0 = Release|Any CPU
		{B4223D77-9668-414F-9611-18851DEDD898}.Debug|Any CPU.ActiveCfg = Debug|Any CPU
		{B4223D77-9668-414F-9611-18851DEDD898}.Debug|Any CPU.Build.0 = Debug|Any CPU
		{B4223D77-9668-414F-9611-18851DEDD898}.Debug|x64.ActiveCfg = Debug|Any CPU
		{B4223D77-9668-414F-9611-18851DEDD898}.Debug|x64.Build.0 = Debug|Any CPU
		{B4223D77-9668-414F-9611-18851DEDD898}.Debug|x86.ActiveCfg = Debug|Any CPU
		{B4223D77-9668-414F-9611-18851DEDD898}.Debug|x86.Build.0 = Debug|Any CPU
		{B4223D77-9668-414F-9611-18851DEDD898}.Release|Any CPU.ActiveCfg = Release|Any CPU
		{B4223D77-9668-414F-9611-18851DEDD898}.Release|Any CPU.Build.0 = Release|Any CPU
		{B4223D77-9668-414F-9611-18851DEDD898}.Release|x64.ActiveCfg = Release|Any CPU
		{B4223D77-9668-414F-9611-18851DEDD898}.Release|x64.Build.0 = Release|Any CPU
		{B4223D77-9668-414F-9611-18851DEDD898}.Release|x86.ActiveCfg = Release|Any CPU
		{B4223D77-9668-414F-9611-18851DEDD898}.Release|x86.Build.0 = Release|Any CPU
		{14C618F6-70A2-4962-920C-29BA0F5B8A1B}.Debug|Any CPU.ActiveCfg = Debug|Any CPU
		{14C618F6-70A2-4962-920C-29BA0F5B8A1B}.Debug|Any CPU.Build.0 = Debug|Any CPU
		{14C618F6-70A2-4962-920C-29BA0F5B8A1B}.Debug|x64.ActiveCfg = Debug|Any CPU
		{14C618F6-70A2-4962-920C-29BA0F5B8A1B}.Debug|x64.Build.0 = Debug|Any CPU
		{14C618F6-70A2-4962-920C-29BA0F5B8A1B}.Debug|x86.ActiveCfg = Debug|Any CPU
		{14C618F6-70A2-4962-920C-29BA0F5B8A1B}.Debug|x86.Build.0 = Debug|Any CPU
		{14C618F6-70A2-4962-920C-29BA0F5B8A1B}.Release|Any CPU.ActiveCfg = Release|Any CPU
		{14C618F6-70A2-4962-920C-29BA0F5B8A1B}.Release|Any CPU.Build.0 = Release|Any CPU
		{14C618F6-70A2-4962-920C-29BA0F5B8A1B}.Release|x64.ActiveCfg = Release|Any CPU
		{14C618F6-70A2-4962-920C-29BA0F5B8A1B}.Release|x64.Build.0 = Release|Any CPU
		{14C618F6-70A2-4962-920C-29BA0F5B8A1B}.Release|x86.ActiveCfg = Release|Any CPU
		{14C618F6-70A2-4962-920C-29BA0F5B8A1B}.Release|x86.Build.0 = Release|Any CPU
		{AAE15C9D-D0A5-49AA-8A33-BBED07934B53}.Debug|Any CPU.ActiveCfg = Debug|Any CPU
		{AAE15C9D-D0A5-49AA-8A33-BBED07934B53}.Debug|Any CPU.Build.0 = Debug|Any CPU
		{AAE15C9D-D0A5-49AA-8A33-BBED07934B53}.Debug|x64.ActiveCfg = Debug|Any CPU
		{AAE15C9D-D0A5-49AA-8A33-BBED07934B53}.Debug|x64.Build.0 = Debug|Any CPU
		{AAE15C9D-D0A5-49AA-8A33-BBED07934B53}.Debug|x86.ActiveCfg = Debug|Any CPU
		{AAE15C9D-D0A5-49AA-8A33-BBED07934B53}.Debug|x86.Build.0 = Debug|Any CPU
		{AAE15C9D-D0A5-49AA-8A33-BBED07934B53}.Release|Any CPU.ActiveCfg = Release|Any CPU
		{AAE15C9D-D0A5-49AA-8A33-BBED07934B53}.Release|Any CPU.Build.0 = Release|Any CPU
		{AAE15C9D-D0A5-49AA-8A33-BBED07934B53}.Release|x64.ActiveCfg = Release|Any CPU
		{AAE15C9D-D0A5-49AA-8A33-BBED07934B53}.Release|x64.Build.0 = Release|Any CPU
		{AAE15C9D-D0A5-49AA-8A33-BBED07934B53}.Release|x86.ActiveCfg = Release|Any CPU
		{AAE15C9D-D0A5-49AA-8A33-BBED07934B53}.Release|x86.Build.0 = Release|Any CPU
		{B7BDD4B6-5475-4746-8229-90BC0DCE9E90}.Debug|Any CPU.ActiveCfg = Debug|Any CPU
		{B7BDD4B6-5475-4746-8229-90BC0DCE9E90}.Debug|Any CPU.Build.0 = Debug|Any CPU
		{B7BDD4B6-5475-4746-8229-90BC0DCE9E90}.Debug|x64.ActiveCfg = Debug|Any CPU
		{B7BDD4B6-5475-4746-8229-90BC0DCE9E90}.Debug|x64.Build.0 = Debug|Any CPU
		{B7BDD4B6-5475-4746-8229-90BC0DCE9E90}.Debug|x86.ActiveCfg = Debug|Any CPU
		{B7BDD4B6-5475-4746-8229-90BC0DCE9E90}.Debug|x86.Build.0 = Debug|Any CPU
		{B7BDD4B6-5475-4746-8229-90BC0DCE9E90}.Release|Any CPU.ActiveCfg = Release|Any CPU
		{B7BDD4B6-5475-4746-8229-90BC0DCE9E90}.Release|Any CPU.Build.0 = Release|Any CPU
		{B7BDD4B6-5475-4746-8229-90BC0DCE9E90}.Release|x64.ActiveCfg = Release|Any CPU
		{B7BDD4B6-5475-4746-8229-90BC0DCE9E90}.Release|x64.Build.0 = Release|Any CPU
		{B7BDD4B6-5475-4746-8229-90BC0DCE9E90}.Release|x86.ActiveCfg = Release|Any CPU
		{B7BDD4B6-5475-4746-8229-90BC0DCE9E90}.Release|x86.Build.0 = Release|Any CPU
		{6200D10D-C996-4B83-855D-CD6605FA278C}.Debug|Any CPU.ActiveCfg = Debug|Any CPU
		{6200D10D-C996-4B83-855D-CD6605FA278C}.Debug|Any CPU.Build.0 = Debug|Any CPU
		{6200D10D-C996-4B83-855D-CD6605FA278C}.Debug|x64.ActiveCfg = Debug|Any CPU
		{6200D10D-C996-4B83-855D-CD6605FA278C}.Debug|x64.Build.0 = Debug|Any CPU
		{6200D10D-C996-4B83-855D-CD6605FA278C}.Debug|x86.ActiveCfg = Debug|Any CPU
		{6200D10D-C996-4B83-855D-CD6605FA278C}.Debug|x86.Build.0 = Debug|Any CPU
		{6200D10D-C996-4B83-855D-CD6605FA278C}.Release|Any CPU.ActiveCfg = Release|Any CPU
		{6200D10D-C996-4B83-855D-CD6605FA278C}.Release|Any CPU.Build.0 = Release|Any CPU
		{6200D10D-C996-4B83-855D-CD6605FA278C}.Release|x64.ActiveCfg = Release|Any CPU
		{6200D10D-C996-4B83-855D-CD6605FA278C}.Release|x64.Build.0 = Release|Any CPU
		{6200D10D-C996-4B83-855D-CD6605FA278C}.Release|x86.ActiveCfg = Release|Any CPU
		{6200D10D-C996-4B83-855D-CD6605FA278C}.Release|x86.Build.0 = Release|Any CPU
		{F4655ED1-1810-4F50-8317-CD46D41871DC}.Debug|Any CPU.ActiveCfg = Debug|Any CPU
		{F4655ED1-1810-4F50-8317-CD46D41871DC}.Debug|Any CPU.Build.0 = Debug|Any CPU
		{F4655ED1-1810-4F50-8317-CD46D41871DC}.Debug|x64.ActiveCfg = Debug|Any CPU
		{F4655ED1-1810-4F50-8317-CD46D41871DC}.Debug|x64.Build.0 = Debug|Any CPU
		{F4655ED1-1810-4F50-8317-CD46D41871DC}.Debug|x86.ActiveCfg = Debug|Any CPU
		{F4655ED1-1810-4F50-8317-CD46D41871DC}.Debug|x86.Build.0 = Debug|Any CPU
		{F4655ED1-1810-4F50-8317-CD46D41871DC}.Release|Any CPU.ActiveCfg = Release|Any CPU
		{F4655ED1-1810-4F50-8317-CD46D41871DC}.Release|Any CPU.Build.0 = Release|Any CPU
		{F4655ED1-1810-4F50-8317-CD46D41871DC}.Release|x64.ActiveCfg = Release|Any CPU
		{F4655ED1-1810-4F50-8317-CD46D41871DC}.Release|x64.Build.0 = Release|Any CPU
		{F4655ED1-1810-4F50-8317-CD46D41871DC}.Release|x86.ActiveCfg = Release|Any CPU
		{F4655ED1-1810-4F50-8317-CD46D41871DC}.Release|x86.Build.0 = Release|Any CPU
		{568568A0-6D66-45B0-B315-B84CDCCC56CA}.Debug|Any CPU.ActiveCfg = Debug|Any CPU
		{568568A0-6D66-45B0-B315-B84CDCCC56CA}.Debug|Any CPU.Build.0 = Debug|Any CPU
		{568568A0-6D66-45B0-B315-B84CDCCC56CA}.Debug|x64.ActiveCfg = Debug|Any CPU
		{568568A0-6D66-45B0-B315-B84CDCCC56CA}.Debug|x64.Build.0 = Debug|Any CPU
		{568568A0-6D66-45B0-B315-B84CDCCC56CA}.Debug|x86.ActiveCfg = Debug|Any CPU
		{568568A0-6D66-45B0-B315-B84CDCCC56CA}.Debug|x86.Build.0 = Debug|Any CPU
		{568568A0-6D66-45B0-B315-B84CDCCC56CA}.Release|Any CPU.ActiveCfg = Release|Any CPU
		{568568A0-6D66-45B0-B315-B84CDCCC56CA}.Release|Any CPU.Build.0 = Release|Any CPU
		{568568A0-6D66-45B0-B315-B84CDCCC56CA}.Release|x64.ActiveCfg = Release|Any CPU
		{568568A0-6D66-45B0-B315-B84CDCCC56CA}.Release|x64.Build.0 = Release|Any CPU
		{568568A0-6D66-45B0-B315-B84CDCCC56CA}.Release|x86.ActiveCfg = Release|Any CPU
		{568568A0-6D66-45B0-B315-B84CDCCC56CA}.Release|x86.Build.0 = Release|Any CPU
		{B9BD3EB8-674B-4D10-B06B-CDDE72F0E6B7}.Debug|Any CPU.ActiveCfg = Debug|Any CPU
		{B9BD3EB8-674B-4D10-B06B-CDDE72F0E6B7}.Debug|Any CPU.Build.0 = Debug|Any CPU
		{B9BD3EB8-674B-4D10-B06B-CDDE72F0E6B7}.Debug|x64.ActiveCfg = Debug|Any CPU
		{B9BD3EB8-674B-4D10-B06B-CDDE72F0E6B7}.Debug|x64.Build.0 = Debug|Any CPU
		{B9BD3EB8-674B-4D10-B06B-CDDE72F0E6B7}.Debug|x86.ActiveCfg = Debug|Any CPU
		{B9BD3EB8-674B-4D10-B06B-CDDE72F0E6B7}.Debug|x86.Build.0 = Debug|Any CPU
		{B9BD3EB8-674B-4D10-B06B-CDDE72F0E6B7}.Release|Any CPU.ActiveCfg = Release|Any CPU
		{B9BD3EB8-674B-4D10-B06B-CDDE72F0E6B7}.Release|Any CPU.Build.0 = Release|Any CPU
		{B9BD3EB8-674B-4D10-B06B-CDDE72F0E6B7}.Release|x64.ActiveCfg = Release|Any CPU
		{B9BD3EB8-674B-4D10-B06B-CDDE72F0E6B7}.Release|x64.Build.0 = Release|Any CPU
		{B9BD3EB8-674B-4D10-B06B-CDDE72F0E6B7}.Release|x86.ActiveCfg = Release|Any CPU
		{B9BD3EB8-674B-4D10-B06B-CDDE72F0E6B7}.Release|x86.Build.0 = Release|Any CPU
		{C1D2E3F4-A5B6-4789-CDEF-012345678901}.Debug|Any CPU.ActiveCfg = Debug|Any CPU
		{C1D2E3F4-A5B6-4789-CDEF-012345678901}.Debug|Any CPU.Build.0 = Debug|Any CPU
		{C1D2E3F4-A5B6-4789-CDEF-012345678901}.Debug|x64.ActiveCfg = Debug|Any CPU
		{C1D2E3F4-A5B6-4789-CDEF-012345678901}.Debug|x64.Build.0 = Debug|Any CPU
		{C1D2E3F4-A5B6-4789-CDEF-012345678901}.Debug|x86.ActiveCfg = Debug|Any CPU
		{C1D2E3F4-A5B6-4789-CDEF-012345678901}.Debug|x86.Build.0 = Debug|Any CPU
		{C1D2E3F4-A5B6-4789-CDEF-012345678901}.Release|Any CPU.ActiveCfg = Release|Any CPU
		{C1D2E3F4-A5B6-4789-CDEF-012345678901}.Release|Any CPU.Build.0 = Release|Any CPU
		{C1D2E3F4-A5B6-4789-CDEF-012345678901}.Release|x64.ActiveCfg = Release|Any CPU
		{C1D2E3F4-A5B6-4789-CDEF-012345678901}.Release|x64.Build.0 = Release|Any CPU
		{C1D2E3F4-A5B6-4789-CDEF-012345678901}.Release|x86.ActiveCfg = Release|Any CPU
		{C1D2E3F4-A5B6-4789-CDEF-012345678901}.Release|x86.Build.0 = Release|Any CPU
		{D7E8F9A0-B1C2-4D3E-AF56-789012345678}.Debug|Any CPU.ActiveCfg = Debug|Any CPU
		{D7E8F9A0-B1C2-4D3E-AF56-789012345678}.Debug|Any CPU.Build.0 = Debug|Any CPU
		{D7E8F9A0-B1C2-4D3E-AF56-789012345678}.Debug|x64.ActiveCfg = Debug|Any CPU
		{D7E8F9A0-B1C2-4D3E-AF56-789012345678}.Debug|x64.Build.0 = Debug|Any CPU
		{D7E8F9A0-B1C2-4D3E-AF56-789012345678}.Debug|x86.ActiveCfg = Debug|Any CPU
		{D7E8F9A0-B1C2-4D3E-AF56-789012345678}.Debug|x86.Build.0 = Debug|Any CPU
		{D7E8F9A0-B1C2-4D3E-AF56-789012345678}.Release|Any CPU.ActiveCfg = Release|Any CPU
		{D7E8F9A0-B1C2-4D3E-AF56-789012345678}.Release|Any CPU.Build.0 = Release|Any CPU
		{D7E8F9A0-B1C2-4D3E-AF56-789012345678}.Release|x64.ActiveCfg = Release|Any CPU
		{D7E8F9A0-B1C2-4D3E-AF56-789012345678}.Release|x64.Build.0 = Release|Any CPU
		{D7E8F9A0-B1C2-4D3E-AF56-789012345678}.Release|x86.ActiveCfg = Release|Any CPU
		{D7E8F9A0-B1C2-4D3E-AF56-789012345678}.Release|x86.Build.0 = Release|Any CPU
		{193CAB2F-98DA-460F-B3E3-37039682B91A}.Debug|Any CPU.ActiveCfg = Debug|Any CPU
		{193CAB2F-98DA-460F-B3E3-37039682B91A}.Debug|Any CPU.Build.0 = Debug|Any CPU
		{193CAB2F-98DA-460F-B3E3-37039682B91A}.Debug|x64.ActiveCfg = Debug|Any CPU
		{193CAB2F-98DA-460F-B3E3-37039682B91A}.Debug|x64.Build.0 = Debug|Any CPU
		{193CAB2F-98DA-460F-B3E3-37039682B91A}.Debug|x86.ActiveCfg = Debug|Any CPU
		{193CAB2F-98DA-460F-B3E3-37039682B91A}.Debug|x86.Build.0 = Debug|Any CPU
		{193CAB2F-98DA-460F-B3E3-37039682B91A}.Release|Any CPU.ActiveCfg = Release|Any CPU
		{193CAB2F-98DA-460F-B3E3-37039682B91A}.Release|Any CPU.Build.0 = Release|Any CPU
		{193CAB2F-98DA-460F-B3E3-37039682B91A}.Release|x64.ActiveCfg = Release|Any CPU
		{193CAB2F-98DA-460F-B3E3-37039682B91A}.Release|x64.Build.0 = Release|Any CPU
		{193CAB2F-98DA-460F-B3E3-37039682B91A}.Release|x86.ActiveCfg = Release|Any CPU
		{193CAB2F-98DA-460F-B3E3-37039682B91A}.Release|x86.Build.0 = Release|Any CPU
		{F3BBB7A9-9DD0-403B-B946-6FBCE9C22C52}.Debug|Any CPU.ActiveCfg = Debug|Any CPU
		{F3BBB7A9-9DD0-403B-B946-6FBCE9C22C52}.Debug|Any CPU.Build.0 = Debug|Any CPU
		{F3BBB7A9-9DD0-403B-B946-6FBCE9C22C52}.Debug|x64.ActiveCfg = Debug|Any CPU
		{F3BBB7A9-9DD0-403B-B946-6FBCE9C22C52}.Debug|x64.Build.0 = Debug|Any CPU
		{F3BBB7A9-9DD0-403B-B946-6FBCE9C22C52}.Debug|x86.ActiveCfg = Debug|Any CPU
		{F3BBB7A9-9DD0-403B-B946-6FBCE9C22C52}.Debug|x86.Build.0 = Debug|Any CPU
		{F3BBB7A9-9DD0-403B-B946-6FBCE9C22C52}.Release|Any CPU.ActiveCfg = Release|Any CPU
		{F3BBB7A9-9DD0-403B-B946-6FBCE9C22C52}.Release|Any CPU.Build.0 = Release|Any CPU
		{F3BBB7A9-9DD0-403B-B946-6FBCE9C22C52}.Release|x64.ActiveCfg = Release|Any CPU
		{F3BBB7A9-9DD0-403B-B946-6FBCE9C22C52}.Release|x64.Build.0 = Release|Any CPU
		{F3BBB7A9-9DD0-403B-B946-6FBCE9C22C52}.Release|x86.ActiveCfg = Release|Any CPU
		{F3BBB7A9-9DD0-403B-B946-6FBCE9C22C52}.Release|x86.Build.0 = Release|Any CPU
		{49DF2866-ED91-45B4-A9EA-B387FBD67ABA}.Debug|Any CPU.ActiveCfg = Debug|Any CPU
		{49DF2866-ED91-45B4-A9EA-B387FBD67ABA}.Debug|Any CPU.Build.0 = Debug|Any CPU
		{49DF2866-ED91-45B4-A9EA-B387FBD67ABA}.Debug|x64.ActiveCfg = Debug|Any CPU
		{49DF2866-ED91-45B4-A9EA-B387FBD67ABA}.Debug|x64.Build.0 = Debug|Any CPU
		{49DF2866-ED91-45B4-A9EA-B387FBD67ABA}.Debug|x86.ActiveCfg = Debug|Any CPU
		{49DF2866-ED91-45B4-A9EA-B387FBD67ABA}.Debug|x86.Build.0 = Debug|Any CPU
		{49DF2866-ED91-45B4-A9EA-B387FBD67ABA}.Release|Any CPU.ActiveCfg = Release|Any CPU
		{49DF2866-ED91-45B4-A9EA-B387FBD67ABA}.Release|Any CPU.Build.0 = Release|Any CPU
		{49DF2866-ED91-45B4-A9EA-B387FBD67ABA}.Release|x64.ActiveCfg = Release|Any CPU
		{49DF2866-ED91-45B4-A9EA-B387FBD67ABA}.Release|x64.Build.0 = Release|Any CPU
		{49DF2866-ED91-45B4-A9EA-B387FBD67ABA}.Release|x86.ActiveCfg = Release|Any CPU
		{49DF2866-ED91-45B4-A9EA-B387FBD67ABA}.Release|x86.Build.0 = Release|Any CPU
		{65A9613B-8780-4B00-8A5A-D08862AFA533}.Debug|Any CPU.ActiveCfg = Debug|Any CPU
		{65A9613B-8780-4B00-8A5A-D08862AFA533}.Debug|Any CPU.Build.0 = Debug|Any CPU
		{65A9613B-8780-4B00-8A5A-D08862AFA533}.Debug|x64.ActiveCfg = Debug|Any CPU
		{65A9613B-8780-4B00-8A5A-D08862AFA533}.Debug|x64.Build.0 = Debug|Any CPU
		{65A9613B-8780-4B00-8A5A-D08862AFA533}.Debug|x86.ActiveCfg = Debug|Any CPU
		{65A9613B-8780-4B00-8A5A-D08862AFA533}.Debug|x86.Build.0 = Debug|Any CPU
		{65A9613B-8780-4B00-8A5A-D08862AFA533}.Release|Any CPU.ActiveCfg = Release|Any CPU
		{65A9613B-8780-4B00-8A5A-D08862AFA533}.Release|Any CPU.Build.0 = Release|Any CPU
		{65A9613B-8780-4B00-8A5A-D08862AFA533}.Release|x64.ActiveCfg = Release|Any CPU
		{65A9613B-8780-4B00-8A5A-D08862AFA533}.Release|x64.Build.0 = Release|Any CPU
		{65A9613B-8780-4B00-8A5A-D08862AFA533}.Release|x86.ActiveCfg = Release|Any CPU
		{65A9613B-8780-4B00-8A5A-D08862AFA533}.Release|x86.Build.0 = Release|Any CPU
		{A14E2274-215B-4089-9BBE-732D42DD5216}.Debug|Any CPU.ActiveCfg = Debug|Any CPU
		{A14E2274-215B-4089-9BBE-732D42DD5216}.Debug|Any CPU.Build.0 = Debug|Any CPU
		{A14E2274-215B-4089-9BBE-732D42DD5216}.Debug|x64.ActiveCfg = Debug|Any CPU
		{A14E2274-215B-4089-9BBE-732D42DD5216}.Debug|x64.Build.0 = Debug|Any CPU
		{A14E2274-215B-4089-9BBE-732D42DD5216}.Debug|x86.ActiveCfg = Debug|Any CPU
		{A14E2274-215B-4089-9BBE-732D42DD5216}.Debug|x86.Build.0 = Debug|Any CPU
		{A14E2274-215B-4089-9BBE-732D42DD5216}.Release|Any CPU.ActiveCfg = Release|Any CPU
		{A14E2274-215B-4089-9BBE-732D42DD5216}.Release|Any CPU.Build.0 = Release|Any CPU
		{A14E2274-215B-4089-9BBE-732D42DD5216}.Release|x64.ActiveCfg = Release|Any CPU
		{A14E2274-215B-4089-9BBE-732D42DD5216}.Release|x64.Build.0 = Release|Any CPU
		{A14E2274-215B-4089-9BBE-732D42DD5216}.Release|x86.ActiveCfg = Release|Any CPU
		{A14E2274-215B-4089-9BBE-732D42DD5216}.Release|x86.Build.0 = Release|Any CPU
		{99860D42-4A59-4BB1-BDEF-5F4842345076}.Debug|Any CPU.ActiveCfg = Debug|Any CPU
		{99860D42-4A59-4BB1-BDEF-5F4842345076}.Debug|Any CPU.Build.0 = Debug|Any CPU
		{99860D42-4A59-4BB1-BDEF-5F4842345076}.Debug|x64.ActiveCfg = Debug|Any CPU
		{99860D42-4A59-4BB1-BDEF-5F4842345076}.Debug|x64.Build.0 = Debug|Any CPU
		{99860D42-4A59-4BB1-BDEF-5F4842345076}.Debug|x86.ActiveCfg = Debug|Any CPU
		{99860D42-4A59-4BB1-BDEF-5F4842345076}.Debug|x86.Build.0 = Debug|Any CPU
		{99860D42-4A59-4BB1-BDEF-5F4842345076}.Release|Any CPU.ActiveCfg = Release|Any CPU
		{99860D42-4A59-4BB1-BDEF-5F4842345076}.Release|Any CPU.Build.0 = Release|Any CPU
		{99860D42-4A59-4BB1-BDEF-5F4842345076}.Release|x64.ActiveCfg = Release|Any CPU
		{99860D42-4A59-4BB1-BDEF-5F4842345076}.Release|x64.Build.0 = Release|Any CPU
		{99860D42-4A59-4BB1-BDEF-5F4842345076}.Release|x86.ActiveCfg = Release|Any CPU
		{99860D42-4A59-4BB1-BDEF-5F4842345076}.Release|x86.Build.0 = Release|Any CPU
		{9D2D04FC-B0AA-4727-882E-262DF4E568FA}.Debug|Any CPU.ActiveCfg = Debug|Any CPU
		{9D2D04FC-B0AA-4727-882E-262DF4E568FA}.Debug|Any CPU.Build.0 = Debug|Any CPU
		{9D2D04FC-B0AA-4727-882E-262DF4E568FA}.Debug|x64.ActiveCfg = Debug|Any CPU
		{9D2D04FC-B0AA-4727-882E-262DF4E568FA}.Debug|x64.Build.0 = Debug|Any CPU
		{9D2D04FC-B0AA-4727-882E-262DF4E568FA}.Debug|x86.ActiveCfg = Debug|Any CPU
		{9D2D04FC-B0AA-4727-882E-262DF4E568FA}.Debug|x86.Build.0 = Debug|Any CPU
		{9D2D04FC-B0AA-4727-882E-262DF4E568FA}.Release|Any CPU.ActiveCfg = Release|Any CPU
		{9D2D04FC-B0AA-4727-882E-262DF4E568FA}.Release|Any CPU.Build.0 = Release|Any CPU
		{9D2D04FC-B0AA-4727-882E-262DF4E568FA}.Release|x64.ActiveCfg = Release|Any CPU
		{9D2D04FC-B0AA-4727-882E-262DF4E568FA}.Release|x64.Build.0 = Release|Any CPU
		{9D2D04FC-B0AA-4727-882E-262DF4E568FA}.Release|x86.ActiveCfg = Release|Any CPU
		{9D2D04FC-B0AA-4727-882E-262DF4E568FA}.Release|x86.Build.0 = Release|Any CPU
		{18A698CD-DFD8-45BD-9B2C-4C0C4547BB11}.Debug|Any CPU.ActiveCfg = Debug|Any CPU
		{18A698CD-DFD8-45BD-9B2C-4C0C4547BB11}.Debug|Any CPU.Build.0 = Debug|Any CPU
		{18A698CD-DFD8-45BD-9B2C-4C0C4547BB11}.Debug|x64.ActiveCfg = Debug|Any CPU
		{18A698CD-DFD8-45BD-9B2C-4C0C4547BB11}.Debug|x64.Build.0 = Debug|Any CPU
		{18A698CD-DFD8-45BD-9B2C-4C0C4547BB11}.Debug|x86.ActiveCfg = Debug|Any CPU
		{18A698CD-DFD8-45BD-9B2C-4C0C4547BB11}.Debug|x86.Build.0 = Debug|Any CPU
		{18A698CD-DFD8-45BD-9B2C-4C0C4547BB11}.Release|Any CPU.ActiveCfg = Release|Any CPU
		{18A698CD-DFD8-45BD-9B2C-4C0C4547BB11}.Release|Any CPU.Build.0 = Release|Any CPU
		{18A698CD-DFD8-45BD-9B2C-4C0C4547BB11}.Release|x64.ActiveCfg = Release|Any CPU
		{18A698CD-DFD8-45BD-9B2C-4C0C4547BB11}.Release|x64.Build.0 = Release|Any CPU
		{18A698CD-DFD8-45BD-9B2C-4C0C4547BB11}.Release|x86.ActiveCfg = Release|Any CPU
		{18A698CD-DFD8-45BD-9B2C-4C0C4547BB11}.Release|x86.Build.0 = Release|Any CPU
		{3BE561B6-C43C-4841-8307-C2D669C41527}.Debug|Any CPU.ActiveCfg = Debug|Any CPU
		{3BE561B6-C43C-4841-8307-C2D669C41527}.Debug|Any CPU.Build.0 = Debug|Any CPU
		{3BE561B6-C43C-4841-8307-C2D669C41527}.Debug|x64.ActiveCfg = Debug|Any CPU
		{3BE561B6-C43C-4841-8307-C2D669C41527}.Debug|x64.Build.0 = Debug|Any CPU
		{3BE561B6-C43C-4841-8307-C2D669C41527}.Debug|x86.ActiveCfg = Debug|Any CPU
		{3BE561B6-C43C-4841-8307-C2D669C41527}.Debug|x86.Build.0 = Debug|Any CPU
		{3BE561B6-C43C-4841-8307-C2D669C41527}.Release|Any CPU.ActiveCfg = Release|Any CPU
		{3BE561B6-C43C-4841-8307-C2D669C41527}.Release|Any CPU.Build.0 = Release|Any CPU
		{3BE561B6-C43C-4841-8307-C2D669C41527}.Release|x64.ActiveCfg = Release|Any CPU
		{3BE561B6-C43C-4841-8307-C2D669C41527}.Release|x64.Build.0 = Release|Any CPU
		{3BE561B6-C43C-4841-8307-C2D669C41527}.Release|x86.ActiveCfg = Release|Any CPU
		{3BE561B6-C43C-4841-8307-C2D669C41527}.Release|x86.Build.0 = Release|Any CPU
		{03A18657-8BF5-4E3A-BBE7-C96A0CE9AE11}.Debug|Any CPU.ActiveCfg = Debug|Any CPU
		{03A18657-8BF5-4E3A-BBE7-C96A0CE9AE11}.Debug|Any CPU.Build.0 = Debug|Any CPU
		{03A18657-8BF5-4E3A-BBE7-C96A0CE9AE11}.Debug|x64.ActiveCfg = Debug|Any CPU
		{03A18657-8BF5-4E3A-BBE7-C96A0CE9AE11}.Debug|x64.Build.0 = Debug|Any CPU
		{03A18657-8BF5-4E3A-BBE7-C96A0CE9AE11}.Debug|x86.ActiveCfg = Debug|Any CPU
		{03A18657-8BF5-4E3A-BBE7-C96A0CE9AE11}.Debug|x86.Build.0 = Debug|Any CPU
		{03A18657-8BF5-4E3A-BBE7-C96A0CE9AE11}.Release|Any CPU.ActiveCfg = Release|Any CPU
		{03A18657-8BF5-4E3A-BBE7-C96A0CE9AE11}.Release|Any CPU.Build.0 = Release|Any CPU
		{03A18657-8BF5-4E3A-BBE7-C96A0CE9AE11}.Release|x64.ActiveCfg = Release|Any CPU
		{03A18657-8BF5-4E3A-BBE7-C96A0CE9AE11}.Release|x64.Build.0 = Release|Any CPU
		{03A18657-8BF5-4E3A-BBE7-C96A0CE9AE11}.Release|x86.ActiveCfg = Release|Any CPU
		{03A18657-8BF5-4E3A-BBE7-C96A0CE9AE11}.Release|x86.Build.0 = Release|Any CPU
		{80ADD7FC-EC35-443C-BB97-74F90DFABFF9}.Debug|Any CPU.ActiveCfg = Debug|Any CPU
		{80ADD7FC-EC35-443C-BB97-74F90DFABFF9}.Debug|Any CPU.Build.0 = Debug|Any CPU
		{80ADD7FC-EC35-443C-BB97-74F90DFABFF9}.Debug|x64.ActiveCfg = Debug|Any CPU
		{80ADD7FC-EC35-443C-BB97-74F90DFABFF9}.Debug|x64.Build.0 = Debug|Any CPU
		{80ADD7FC-EC35-443C-BB97-74F90DFABFF9}.Debug|x86.ActiveCfg = Debug|Any CPU
		{80ADD7FC-EC35-443C-BB97-74F90DFABFF9}.Debug|x86.Build.0 = Debug|Any CPU
		{80ADD7FC-EC35-443C-BB97-74F90DFABFF9}.Release|Any CPU.ActiveCfg = Release|Any CPU
		{80ADD7FC-EC35-443C-BB97-74F90DFABFF9}.Release|Any CPU.Build.0 = Release|Any CPU
		{80ADD7FC-EC35-443C-BB97-74F90DFABFF9}.Release|x64.ActiveCfg = Release|Any CPU
		{80ADD7FC-EC35-443C-BB97-74F90DFABFF9}.Release|x64.Build.0 = Release|Any CPU
		{80ADD7FC-EC35-443C-BB97-74F90DFABFF9}.Release|x86.ActiveCfg = Release|Any CPU
		{80ADD7FC-EC35-443C-BB97-74F90DFABFF9}.Release|x86.Build.0 = Release|Any CPU
	EndGlobalSection
	GlobalSection(SolutionProperties) = preSolution
		HideSolutionNode = FALSE
	EndGlobalSection
	GlobalSection(NestedProjects) = preSolution
		{BFF82F62-49BB-4B0E-9237-45249A41E235} = {6FD506B3-14CF-45F3-A11F-EB8C831991E2}
		{364EB31E-C31B-4874-AA82-5524BA8D06B9} = {A60A708F-FB76-474D-BC78-75770742423D}
		{76DE0424-A676-4797-BE13-FF716C70296C} = {36B710DB-96D4-4B92-90BD-54636B2D48E1}
		{7817CECD-0755-423A-8196-1D34975018A7} = {486A1187-8515-43B7-8075-1DFC7B95B987}
		{A2B3C4D5-E6F7-4891-ABCD-EF0123456789} = {486A1187-8515-43B7-8075-1DFC7B95B987}
		{0048AB41-5654-47F0-ABD5-1646F7D7706D} = {776AE86F-6A81-4B69-A48A-88A9293EB425}
		{B4223D77-9668-414F-9611-18851DEDD898} = {486A1187-8515-43B7-8075-1DFC7B95B987}
		{14C618F6-70A2-4962-920C-29BA0F5B8A1B} = {A60A708F-FB76-474D-BC78-75770742423D}
		{AAE15C9D-D0A5-49AA-8A33-BBED07934B53} = {A60A708F-FB76-474D-BC78-75770742423D}
		{B7BDD4B6-5475-4746-8229-90BC0DCE9E90} = {776AE86F-6A81-4B69-A48A-88A9293EB425}
		{6200D10D-C996-4B83-855D-CD6605FA278C} = {776AE86F-6A81-4B69-A48A-88A9293EB425}
		{F4655ED1-1810-4F50-8317-CD46D41871DC} = {4FC3071A-F3AC-4D1F-8C73-FBD40A73FECE}
		{568568A0-6D66-45B0-B315-B84CDCCC56CA} = {4FC3071A-F3AC-4D1F-8C73-FBD40A73FECE}
		{B9BD3EB8-674B-4D10-B06B-CDDE72F0E6B7} = {4FC3071A-F3AC-4D1F-8C73-FBD40A73FECE}
		{C1D2E3F4-A5B6-4789-CDEF-012345678901} = {4FC3071A-F3AC-4D1F-8C73-FBD40A73FECE}
		{D7E8F9A0-B1C2-4D3E-AF56-789012345678} = {4FC3071A-F3AC-4D1F-8C73-FBD40A73FECE}
		{193CAB2F-98DA-460F-B3E3-37039682B91A} = {4FC3071A-F3AC-4D1F-8C73-FBD40A73FECE}
		{F3BBB7A9-9DD0-403B-B946-6FBCE9C22C52} = {3D3E8295-4C9B-1401-D762-8598E0F2F603}
		{49DF2866-ED91-45B4-A9EA-B387FBD67ABA} = {4FC3071A-F3AC-4D1F-8C73-FBD40A73FECE}
		{65A9613B-8780-4B00-8A5A-D08862AFA533} = {4FC3071A-F3AC-4D1F-8C73-FBD40A73FECE}
		{A14E2274-215B-4089-9BBE-732D42DD5216} = {3D3E8295-4C9B-1401-D762-8598E0F2F603}
		{99860D42-4A59-4BB1-BDEF-5F4842345076} = {4FC3071A-F3AC-4D1F-8C73-FBD40A73FECE}
		{9D2D04FC-B0AA-4727-882E-262DF4E568FA} = {4FC3071A-F3AC-4D1F-8C73-FBD40A73FECE}
		{18A698CD-DFD8-45BD-9B2C-4C0C4547BB11} = {4FC3071A-F3AC-4D1F-8C73-FBD40A73FECE}
		{2F8E4C91-5B3D-4A1E-9C7D-8E6F5A4B3C2D} = {C5A09A9C-9EB0-47AE-A212-5084CFA63CEC}
		{4FC3071A-F3AC-4D1F-8C73-FBD40A73FECE} = {5C4D3E2F-1A0B-4C8D-9E7F-403020105060}
		{4B0A6E13-7D5F-4C30-BE9F-A0816C5D4E2F} = {5C4D3E2F-1A0B-4C8D-9E7F-403020105060}
		{3A9F5D02-6C4E-4B2F-AD8E-9F705B4C3D1E} = {5C4D3E2F-1A0B-4C8D-9E7F-403020105060}
		{6FD506B3-14CF-45F3-A11F-EB8C831991E2} = {5C4D3E2F-1A0B-4C8D-9E7F-403020105060}
		{776AE86F-6A81-4B69-A48A-88A9293EB425} = {5C4D3E2F-1A0B-4C8D-9E7F-403020105060}
		{486A1187-8515-43B7-8075-1DFC7B95B987} = {5C4D3E2F-1A0B-4C8D-9E7F-403020105060}
		{36B710DB-96D4-4B92-90BD-54636B2D48E1} = {5C4D3E2F-1A0B-4C8D-9E7F-403020105060}
		{A60A708F-FB76-474D-BC78-75770742423D} = {5C4D3E2F-1A0B-4C8D-9E7F-403020105060}
		{3D3E8295-4C9B-1401-D762-8598E0F2F603} = {5C4D3E2F-1A0B-4C8D-9E7F-403020105060}
		{DEE5DD87-39C1-BF34-B639-A387DCCF972B} = {5C4D3E2F-1A0B-4C8D-9E7F-403020105060}
		{3BE561B6-C43C-4841-8307-C2D669C41527} = {DEE5DD87-39C1-BF34-B639-A387DCCF972B}
		{7C083C36-C87C-42A4-8C4A-EB02B0043D0D} = {7E6F5031-3C2D-6EA0-BF91-524253317172}
		{03A18657-8BF5-4E3A-BBE7-C96A0CE9AE11} = {7C083C36-C87C-42A4-8C4A-EB02B0043D0D}
		{80ADD7FC-EC35-443C-BB97-74F90DFABFF9} = {7C083C36-C87C-42A4-8C4A-EB02B0043D0D}
	EndGlobalSection
	GlobalSection(ExtensibilityGlobals) = postSolution
		SolutionGuid = {83CB65B8-011F-4ED7-BCD3-A6CFA935EF7E}
	EndGlobalSection
EndGlobal
