
Microsoft Visual Studio Solution File, Format Version 12.00
# Visual Studio Version 17
VisualStudioVersion = 17.0.31903.59
MinimumVisualStudioVersion = 10.0.40219.1
Project("{2150E333-8FDC-42A3-9474-1A3956D46DE8}") = "MediaFramework", "MediaFramework", "{751E1F2C-23FF-6FFB-A724-B65704312B1D}"
EndProject
Project("{2150E333-8FDC-42A3-9474-1A3956D46DE8}") = "Media", "Media", "{54D610C6-5177-A183-26B4-0AE8F32C66E1}"
EndProject
Project("{FAE04EC0-301F-11D3-BF4B-00C04F79EFBC}") = "S.Media.Session", "MediaFramework\Media\S.Media.Session\S.Media.Session.csproj", "{9C71CB82-11ED-44C2-875F-BD952E0E8EF7}"
EndProject
Project("{FAE04EC0-301F-11D3-BF4B-00C04F79EFBC}") = "S.Media.Core", "MediaFramework\Media\S.Media.Core\S.Media.Core.csproj", "{5190AB7A-FB8E-4B3C-864C-5CABE8692347}"
EndProject
Project("{FAE04EC0-301F-11D3-BF4B-00C04F79EFBC}") = "S.Media.Time", "MediaFramework\Media\S.Media.Time\S.Media.Time.csproj", "{640F76B4-8E57-48C5-AE0C-F8DF20C60104}"
EndProject
Project("{FAE04EC0-301F-11D3-BF4B-00C04F79EFBC}") = "S.Media.Routing", "MediaFramework\Media\S.Media.Routing\S.Media.Routing.csproj", "{1343789E-1227-4AE8-9032-5216FCE85C67}"
EndProject
Project("{FAE04EC0-301F-11D3-BF4B-00C04F79EFBC}") = "S.Media.Players", "MediaFramework\Media\S.Media.Players\S.Media.Players.csproj", "{F562AC83-17FE-48DF-9911-FAFAC618ED44}"
EndProject
Project("{FAE04EC0-301F-11D3-BF4B-00C04F79EFBC}") = "S.Media.Compositor", "MediaFramework\Media\S.Media.Compositor\S.Media.Compositor.csproj", "{B8FD1BDF-3EC2-4EB9-B381-148E19CF1B70}"
EndProject
Project("{FAE04EC0-301F-11D3-BF4B-00C04F79EFBC}") = "S.Media.Gpu", "MediaFramework\Media\S.Media.Gpu\S.Media.Gpu.csproj", "{F938400C-70B7-404E-B320-283FFD2E4030}"
EndProject
Project("{FAE04EC0-301F-11D3-BF4B-00C04F79EFBC}") = "S.Media.NDI", "MediaFramework\Media\S.Media.NDI\S.Media.NDI.csproj", "{6DC7FAB9-5D51-4BF5-8DEA-29D9EC7437B4}"
EndProject
Project("{FAE04EC0-301F-11D3-BF4B-00C04F79EFBC}") = "S.Media.Present.SDL3", "MediaFramework\Media\S.Media.Present.SDL3\S.Media.Present.SDL3.csproj", "{1C1BEBEC-45FA-4556-99DD-98F3D2C35CB5}"
EndProject
Project("{FAE04EC0-301F-11D3-BF4B-00C04F79EFBC}") = "S.Media.Present.Avalonia", "MediaFramework\Media\S.Media.Present.Avalonia\S.Media.Present.Avalonia.csproj", "{76F189A5-A080-4D17-BB8F-30CD449C274F}"
EndProject
Project("{FAE04EC0-301F-11D3-BF4B-00C04F79EFBC}") = "S.Media.FFmpeg.Common", "MediaFramework\Media\S.Media.FFmpeg.Common\S.Media.FFmpeg.Common.csproj", "{01E35130-3270-40E5-AA9B-1FB85F879BF5}"
EndProject
Project("{FAE04EC0-301F-11D3-BF4B-00C04F79EFBC}") = "S.Media.Audio.MiniAudio", "MediaFramework\Media\S.Media.Audio.MiniAudio\S.Media.Audio.MiniAudio.csproj", "{25821DD6-9DB6-42B8-9CF6-08C9AE7D7302}"
EndProject
Project("{FAE04EC0-301F-11D3-BF4B-00C04F79EFBC}") = "S.Media.Audio.PortAudio", "MediaFramework\Media\S.Media.Audio.PortAudio\S.Media.Audio.PortAudio.csproj", "{5BBD1AC4-B40E-42AB-AC7B-4F99E54B8065}"
EndProject
Project("{FAE04EC0-301F-11D3-BF4B-00C04F79EFBC}") = "S.Media.Subtitles", "MediaFramework\Media\S.Media.Subtitles\S.Media.Subtitles.csproj", "{6F0A96C8-3B29-4BE3-9F59-3CE1ACEB1733}"
EndProject
Project("{FAE04EC0-301F-11D3-BF4B-00C04F79EFBC}") = "S.Media.Decode.FFmpeg", "MediaFramework\Media\S.Media.Decode.FFmpeg\S.Media.Decode.FFmpeg.csproj", "{13AD9810-5D1B-4D19-A13D-2C2F645B6CBE}"
EndProject
Project("{2150E333-8FDC-42A3-9474-1A3956D46DE8}") = "Interop", "Interop", "{8F4A215E-4BBC-714F-F4EF-EE7C994F5D89}"
EndProject
Project("{FAE04EC0-301F-11D3-BF4B-00C04F79EFBC}") = "S.Abi", "MediaFramework\Interop\S.Abi\S.Abi.csproj", "{9AB7F55A-1A41-4647-8FB7-A631536E2E09}"
EndProject
Project("{FAE04EC0-301F-11D3-BF4B-00C04F79EFBC}") = "S.Media.Interop", "MediaFramework\Interop\S.Media.Interop\S.Media.Interop.csproj", "{E1FB6467-E711-4768-9FB6-2B75B953A2AC}"
EndProject
Project("{2150E333-8FDC-42A3-9474-1A3956D46DE8}") = "Control", "Control", "{6FA04593-616B-AEB6-4C9D-4B01C9C63251}"
EndProject
Project("{FAE04EC0-301F-11D3-BF4B-00C04F79EFBC}") = "S.Control", "MediaFramework\Control\S.Control\S.Control.csproj", "{5551EF5A-0E6C-4F6E-820B-94FE6D9D14A4}"
EndProject
Project("{2150E333-8FDC-42A3-9474-1A3956D46DE8}") = "Test", "Test", "{411B656F-23C7-D328-05DC-3A2D6F5BEABE}"
EndProject
Project("{FAE04EC0-301F-11D3-BF4B-00C04F79EFBC}") = "S.Media.Arch.Tests", "MediaFramework\Test\S.Media.Arch.Tests\S.Media.Arch.Tests.csproj", "{6A052625-5B5D-46C6-BFC7-43E1DF673508}"
EndProject
Project("{2150E333-8FDC-42A3-9474-1A3956D46DE8}") = "Tools", "Tools", "{7ABDDB3F-50EC-7ED0-BC8B-1C1A33655ACB}"
EndProject
Project("{FAE04EC0-301F-11D3-BF4B-00C04F79EFBC}") = "AotSmoke", "MediaFramework\Tools\AotSmoke\AotSmoke.csproj", "{09581658-1CBA-4174-BCDD-DFA6DEC7584F}"
EndProject
Project("{FAE04EC0-301F-11D3-BF4B-00C04F79EFBC}") = "S.Media.Core.Tests", "MediaFramework\Test\S.Media.Core.Tests\S.Media.Core.Tests.csproj", "{37C19F2A-7F36-4D76-A511-937FBE20CF7D}"
EndProject
Project("{2150E333-8FDC-42A3-9474-1A3956D46DE8}") = "Audio", "Audio", "{8E68166C-C038-30CC-871B-970EB8BFA1E0}"
EndProject
Project("{FAE04EC0-301F-11D3-BF4B-00C04F79EFBC}") = "PALib", "MediaFramework\Audio\PALib\PALib.csproj", "{3941341D-3911-4D0F-822D-0332BA4E1966}"
EndProject
Project("{FAE04EC0-301F-11D3-BF4B-00C04F79EFBC}") = "PlaybackSmoke", "MediaFramework\Tools\PlaybackSmoke\PlaybackSmoke.csproj", "{38AB7E99-FE32-45BA-9EF7-005A843DE2C8}"
EndProject
Project("{FAE04EC0-301F-11D3-BF4B-00C04F79EFBC}") = "FrameDump", "MediaFramework\Tools\FrameDump\FrameDump.csproj", "{AD82618C-634C-4041-BF5A-EC3904361718}"
EndProject
Project("{FAE04EC0-301F-11D3-BF4B-00C04F79EFBC}") = "S.Media.Players.Tests", "MediaFramework\Test\S.Media.Players.Tests\S.Media.Players.Tests.csproj", "{F313296B-E0A2-4E02-AF6C-BDB6B9B3F70A}"
EndProject
Project("{FAE04EC0-301F-11D3-BF4B-00C04F79EFBC}") = "S.Media.Decode.FFmpeg.Tests", "MediaFramework\Test\S.Media.Decode.FFmpeg.Tests\S.Media.Decode.FFmpeg.Tests.csproj", "{EFB1D67E-AA56-4817-AE22-0963525D630E}"
EndProject
Project("{FAE04EC0-301F-11D3-BF4B-00C04F79EFBC}") = "S.Media.Present.SDL3.Compositor", "MediaFramework\Media\S.Media.Present.SDL3.Compositor\S.Media.Present.SDL3.Compositor.csproj", "{F9BEE0E0-7FA0-441C-B79E-BC606ECE47D9}"
EndProject
Project("{FAE04EC0-301F-11D3-BF4B-00C04F79EFBC}") = "GlProbe", "MediaFramework\Tools\GlProbe\GlProbe.csproj", "{5B681620-E80D-4159-9E67-69B0F4D57F24}"
EndProject
Project("{FAE04EC0-301F-11D3-BF4B-00C04F79EFBC}") = "CompositorSmoke", "MediaFramework\Tools\CompositorSmoke\CompositorSmoke.csproj", "{0C7538AC-FB67-4EAF-986F-1EA6AEA0AC5D}"
EndProject
Project("{FAE04EC0-301F-11D3-BF4B-00C04F79EFBC}") = "VideoPlaybackSmoke", "MediaFramework\Tools\VideoPlaybackSmoke\VideoPlaybackSmoke.csproj", "{8036DD8A-498F-4B53-8429-48D6F85406EE}"
EndProject
Project("{FAE04EC0-301F-11D3-BF4B-00C04F79EFBC}") = "S.Media.Gpu.Tests", "MediaFramework\Test\S.Media.Gpu.Tests\S.Media.Gpu.Tests.csproj", "{525DFDFE-6538-4846-8E8C-050FF9D7347D}"
EndProject
Project("{FAE04EC0-301F-11D3-BF4B-00C04F79EFBC}") = "FormatSwitchProbe", "MediaFramework\Tools\FormatSwitchProbe\FormatSwitchProbe.csproj", "{17705E52-E6A3-4356-A65D-2B9EF8018AEF}"
EndProject
Project("{FAE04EC0-301F-11D3-BF4B-00C04F79EFBC}") = "S.Media.Compositor.Tests", "MediaFramework\Test\S.Media.Compositor.Tests\S.Media.Compositor.Tests.csproj", "{5319FC37-3E9C-4ACE-83EB-F2E44366AF7E}"
EndProject
Project("{FAE04EC0-301F-11D3-BF4B-00C04F79EFBC}") = "CompositeTargetsSmoke", "MediaFramework\Tools\CompositeTargetsSmoke\CompositeTargetsSmoke.csproj", "{2A9AB940-787F-479C-BD30-9C2C07FAFBDB}"
EndProject
Project("{FAE04EC0-301F-11D3-BF4B-00C04F79EFBC}") = "SoundboardSmoke", "MediaFramework\Tools\SoundboardSmoke\SoundboardSmoke.csproj", "{C733F735-42C9-4FEE-8DAD-2DCDCCA9FF9B}"
EndProject
Project("{FAE04EC0-301F-11D3-BF4B-00C04F79EFBC}") = "SessionSmoke", "MediaFramework\Tools\SessionSmoke\SessionSmoke.csproj", "{A87E5353-3512-4A00-B28A-3DA00A9E44E1}"
EndProject
Project("{FAE04EC0-301F-11D3-BF4B-00C04F79EFBC}") = "S.Media.Session.Tests", "MediaFramework\Test\S.Media.Session.Tests\S.Media.Session.Tests.csproj", "{F36EE7E9-C568-4C2F-8E7B-AB87E10B49CA}"
EndProject
Project("{FAE04EC0-301F-11D3-BF4B-00C04F79EFBC}") = "MALib", "MediaFramework\Audio\MALib\MALib.csproj", "{C3622994-9C76-49A5-95B0-84510785C187}"
EndProject
Project("{2150E333-8FDC-42A3-9474-1A3956D46DE8}") = "NDI", "NDI", "{898C19A0-D958-A9B5-739D-1AAE18A6C88B}"
EndProject
Project("{FAE04EC0-301F-11D3-BF4B-00C04F79EFBC}") = "NDILib", "MediaFramework\NDI\NDILib\NDILib.csproj", "{ADD87927-5BBE-4D93-A7BD-EF73034F723E}"
EndProject
Project("{FAE04EC0-301F-11D3-BF4B-00C04F79EFBC}") = "BackendsSmoke", "MediaFramework\Tools\BackendsSmoke\BackendsSmoke.csproj", "{750108C9-9E92-455A-AF07-C80E4E8732CE}"
EndProject
Project("{FAE04EC0-301F-11D3-BF4B-00C04F79EFBC}") = "LiveReceiveProbe", "MediaFramework\Tools\LiveReceiveProbe\LiveReceiveProbe.csproj", "{F9F51543-9E19-4016-B777-B97CA0858A2D}"
EndProject
Project("{FAE04EC0-301F-11D3-BF4B-00C04F79EFBC}") = "LivePlaybackSmoke", "MediaFramework\Tools\LivePlaybackSmoke\LivePlaybackSmoke.csproj", "{01CA9B09-60E3-42E6-B1A9-CCE57D57F12E}"
EndProject
Project("{FAE04EC0-301F-11D3-BF4B-00C04F79EFBC}") = "MultiOutputSmoke", "MediaFramework\Tools\MultiOutputSmoke\MultiOutputSmoke.csproj", "{5F06F63A-5EB3-4080-9446-FFE110E60D01}"
EndProject
Project("{FAE04EC0-301F-11D3-BF4B-00C04F79EFBC}") = "NDILoopbackSmoke", "MediaFramework\Tools\NDILoopbackSmoke\NDILoopbackSmoke.csproj", "{109E96EE-5B70-4B19-A855-E4CEB4063999}"
EndProject
Project("{FAE04EC0-301F-11D3-BF4B-00C04F79EFBC}") = "MicCaptureSmoke", "MediaFramework\Tools\MicCaptureSmoke\MicCaptureSmoke.csproj", "{BD8EFF5A-F2A7-4D01-B282-0FCB2E8A083A}"
EndProject
Project("{FAE04EC0-301F-11D3-BF4B-00C04F79EFBC}") = "NDIAVCorrelationProbe", "MediaFramework\Tools\NDIAVCorrelationProbe\NDIAVCorrelationProbe.csproj", "{FB22E1C8-BCF6-4F3C-99CF-465C2B7D0E32}"
EndProject
Project("{FAE04EC0-301F-11D3-BF4B-00C04F79EFBC}") = "CompositeToNdiSmoke", "MediaFramework\Tools\CompositeToNdiSmoke\CompositeToNdiSmoke.csproj", "{CF729E2E-9333-415E-9276-0DDC77E1BDA1}"
EndProject
Project("{FAE04EC0-301F-11D3-BF4B-00C04F79EFBC}") = "AvaloniaVideoSmoke", "MediaFramework\Tools\AvaloniaVideoSmoke\AvaloniaVideoSmoke.csproj", "{ED13617B-72CA-4AAD-8A62-8B338D8158C1}"
EndProject
Project("{FAE04EC0-301F-11D3-BF4B-00C04F79EFBC}") = "S.Media.Subtitles.Tests", "MediaFramework\Test\S.Media.Subtitles.Tests\S.Media.Subtitles.Tests.csproj", "{E4E2D2BB-55FA-4743-BFAC-CF0439D74AFA}"
EndProject
Project("{2150E333-8FDC-42A3-9474-1A3956D46DE8}") = "Subtitles", "Subtitles", "{FFCFBE13-3F63-4D49-08DD-0ED90951C3BE}"
EndProject
Project("{FAE04EC0-301F-11D3-BF4B-00C04F79EFBC}") = "LibAssLib", "MediaFramework\Subtitles\LibAssLib\LibAssLib.csproj", "{710B78C7-1742-4AD5-854F-0D4018DA3AF2}"
EndProject
Project("{FAE04EC0-301F-11D3-BF4B-00C04F79EFBC}") = "LibAssLib.Tests", "MediaFramework\Test\LibAssLib.Tests\LibAssLib.Tests.csproj", "{79567767-2A51-4DCB-BFCE-46849B5BED76}"
EndProject
Project("{FAE04EC0-301F-11D3-BF4B-00C04F79EFBC}") = "SubtitleDecodeSmoke", "MediaFramework\Tools\SubtitleDecodeSmoke\SubtitleDecodeSmoke.csproj", "{1ADB3368-7730-4282-BB8F-6F8CE3F61BD7}"
EndProject
Project("{FAE04EC0-301F-11D3-BF4B-00C04F79EFBC}") = "OSCLib.Tests", "MediaFramework\Test\OSCLib.Tests\OSCLib.Tests.csproj", "{B5958E6F-A854-4CDA-BFB0-FB1F7D5652A9}"
EndProject
Project("{FAE04EC0-301F-11D3-BF4B-00C04F79EFBC}") = "PMLib.Tests", "MediaFramework\Test\PMLib.Tests\PMLib.Tests.csproj", "{EA416A83-3C65-458E-8CAC-04C8D90A7F78}"
EndProject
Project("{2150E333-8FDC-42A3-9474-1A3956D46DE8}") = "OSC", "OSC", "{E4AFC195-C9E1-2CC1-DC90-446B960FE393}"
EndProject
Project("{FAE04EC0-301F-11D3-BF4B-00C04F79EFBC}") = "OSCLib", "MediaFramework\OSC\OSCLib\OSCLib.csproj", "{3CBE4264-9A4D-43D3-AA17-3405BBBC16E9}"
EndProject
Project("{2150E333-8FDC-42A3-9474-1A3956D46DE8}") = "MIDI", "MIDI", "{0918D681-98C8-1160-A48A-2D6733463222}"
EndProject
Project("{FAE04EC0-301F-11D3-BF4B-00C04F79EFBC}") = "PMLib", "MediaFramework\MIDI\PMLib\PMLib.csproj", "{5D315696-251C-4176-9162-BC71608E8938}"
EndProject
Project("{FAE04EC0-301F-11D3-BF4B-00C04F79EFBC}") = "S.Control.Tests", "MediaFramework\Test\S.Control.Tests\S.Control.Tests.csproj", "{E58FA897-21DD-47EC-BC2D-C23916242C89}"
EndProject
Project("{FAE04EC0-301F-11D3-BF4B-00C04F79EFBC}") = "AbiSmoke", "MediaFramework\Tools\AbiSmoke\AbiSmoke.csproj", "{1FE1B82C-F584-449A-9A06-0E8BF8DB0C9B}"
EndProject
Project("{FAE04EC0-301F-11D3-BF4B-00C04F79EFBC}") = "AbiGlSmoke", "MediaFramework\Tools\AbiGlSmoke\AbiGlSmoke.csproj", "{DCC8602A-54E8-4C85-8865-727559434372}"
EndProject
Project("{FAE04EC0-301F-11D3-BF4B-00C04F79EFBC}") = "S.Control.Abstractions", "MediaFramework\Control\S.Control.Abstractions\S.Control.Abstractions.csproj", "{FB140C82-6898-4303-9AE6-99440E27883B}"
EndProject
Project("{2150E333-8FDC-42A3-9474-1A3956D46DE8}") = "UI", "UI", "{FA674B5A-3394-926C-2B1E-70E5B00E4A5C}"
EndProject
Project("{FAE04EC0-301F-11D3-BF4B-00C04F79EFBC}") = "HaPlay", "UI\HaPlay\HaPlay.csproj", "{BA845D4C-9425-40B8-94F0-7255FFF4C470}"
EndProject
Project("{FAE04EC0-301F-11D3-BF4B-00C04F79EFBC}") = "HaPlay.Desktop", "UI\HaPlay.Desktop\HaPlay.Desktop.csproj", "{87121DAB-D446-45B9-B747-00C6C0F4FDEA}"
EndProject
Project("{FAE04EC0-301F-11D3-BF4B-00C04F79EFBC}") = "HaPlay.Tests", "UI\HaPlay.Tests\HaPlay.Tests.csproj", "{2BE12521-958D-4CFF-8CF1-663D66A3A449}"
EndProject
Project("{FAE04EC0-301F-11D3-BF4B-00C04F79EFBC}") = "S.Media.PortAudio.Tests", "MediaFramework\Test\S.Media.PortAudio.Tests\S.Media.PortAudio.Tests.csproj", "{1A00636C-B7D6-434B-9A87-634FCF996705}"
EndProject
Project("{FAE04EC0-301F-11D3-BF4B-00C04F79EFBC}") = "S.Media.Source.YouTube", "MediaFramework\Media\S.Media.Source.YouTube\S.Media.Source.YouTube.csproj", "{0DAC9008-F037-4A19-8AC6-DF899CF239CB}"
EndProject
Project("{FAE04EC0-301F-11D3-BF4B-00C04F79EFBC}") = "YoutubeExplode", "..\Reference\YoutubeExplode-6.6\YoutubeExplode\YoutubeExplode.csproj", "{DC0B09CF-77FD-4560-8082-F364C0FD938D}"
EndProject
Project("{FAE04EC0-301F-11D3-BF4B-00C04F79EFBC}") = "S.Media.Source.YouTube.Tests", "MediaFramework\Test\S.Media.Source.YouTube.Tests\S.Media.Source.YouTube.Tests.csproj", "{25D147C0-4084-4503-8B8E-0D8A1ED3994D}"
EndProject
Project("{FAE04EC0-301F-11D3-BF4B-00C04F79EFBC}") = "S.Media.Source.MMD", "MediaFramework\Media\S.Media.Source.MMD\S.Media.Source.MMD.csproj", "{1C3DF907-89EB-4131-A755-8E22781BA3AA}"
EndProject
Project("{FAE04EC0-301F-11D3-BF4B-00C04F79EFBC}") = "S.Media.Source.MMD.Tests", "MediaFramework\Test\S.Media.Source.MMD.Tests\S.Media.Source.MMD.Tests.csproj", "{4CAF4E2D-967F-412E-A320-BE8DE5080E0B}"
EndProject
Global
	GlobalSection(SolutionConfigurationPlatforms) = preSolution
		Debug|Any CPU = Debug|Any CPU
		Debug|x64 = Debug|x64
		Debug|x86 = Debug|x86
		Release|Any CPU = Release|Any CPU
		Release|x64 = Release|x64
		Release|x86 = Release|x86
	EndGlobalSection
	GlobalSection(ProjectConfigurationPlatforms) = postSolution
		{9C71CB82-11ED-44C2-875F-BD952E0E8EF7}.Debug|Any CPU.ActiveCfg = Debug|Any CPU
		{9C71CB82-11ED-44C2-875F-BD952E0E8EF7}.Debug|Any CPU.Build.0 = Debug|Any CPU
		{9C71CB82-11ED-44C2-875F-BD952E0E8EF7}.Debug|x64.ActiveCfg = Debug|Any CPU
		{9C71CB82-11ED-44C2-875F-BD952E0E8EF7}.Debug|x64.Build.0 = Debug|Any CPU
		{9C71CB82-11ED-44C2-875F-BD952E0E8EF7}.Debug|x86.ActiveCfg = Debug|Any CPU
		{9C71CB82-11ED-44C2-875F-BD952E0E8EF7}.Debug|x86.Build.0 = Debug|Any CPU
		{9C71CB82-11ED-44C2-875F-BD952E0E8EF7}.Release|Any CPU.ActiveCfg = Release|Any CPU
		{9C71CB82-11ED-44C2-875F-BD952E0E8EF7}.Release|Any CPU.Build.0 = Release|Any CPU
		{9C71CB82-11ED-44C2-875F-BD952E0E8EF7}.Release|x64.ActiveCfg = Release|Any CPU
		{9C71CB82-11ED-44C2-875F-BD952E0E8EF7}.Release|x64.Build.0 = Release|Any CPU
		{9C71CB82-11ED-44C2-875F-BD952E0E8EF7}.Release|x86.ActiveCfg = Release|Any CPU
		{9C71CB82-11ED-44C2-875F-BD952E0E8EF7}.Release|x86.Build.0 = Release|Any CPU
		{5190AB7A-FB8E-4B3C-864C-5CABE8692347}.Debug|Any CPU.ActiveCfg = Debug|Any CPU
		{5190AB7A-FB8E-4B3C-864C-5CABE8692347}.Debug|Any CPU.Build.0 = Debug|Any CPU
		{5190AB7A-FB8E-4B3C-864C-5CABE8692347}.Debug|x64.ActiveCfg = Debug|Any CPU
		{5190AB7A-FB8E-4B3C-864C-5CABE8692347}.Debug|x64.Build.0 = Debug|Any CPU
		{5190AB7A-FB8E-4B3C-864C-5CABE8692347}.Debug|x86.ActiveCfg = Debug|Any CPU
		{5190AB7A-FB8E-4B3C-864C-5CABE8692347}.Debug|x86.Build.0 = Debug|Any CPU
		{5190AB7A-FB8E-4B3C-864C-5CABE8692347}.Release|Any CPU.ActiveCfg = Release|Any CPU
		{5190AB7A-FB8E-4B3C-864C-5CABE8692347}.Release|Any CPU.Build.0 = Release|Any CPU
		{5190AB7A-FB8E-4B3C-864C-5CABE8692347}.Release|x64.ActiveCfg = Release|Any CPU
		{5190AB7A-FB8E-4B3C-864C-5CABE8692347}.Release|x64.Build.0 = Release|Any CPU
		{5190AB7A-FB8E-4B3C-864C-5CABE8692347}.Release|x86.ActiveCfg = Release|Any CPU
		{5190AB7A-FB8E-4B3C-864C-5CABE8692347}.Release|x86.Build.0 = Release|Any CPU
		{640F76B4-8E57-48C5-AE0C-F8DF20C60104}.Debug|Any CPU.ActiveCfg = Debug|Any CPU
		{640F76B4-8E57-48C5-AE0C-F8DF20C60104}.Debug|Any CPU.Build.0 = Debug|Any CPU
		{640F76B4-8E57-48C5-AE0C-F8DF20C60104}.Debug|x64.ActiveCfg = Debug|Any CPU
		{640F76B4-8E57-48C5-AE0C-F8DF20C60104}.Debug|x64.Build.0 = Debug|Any CPU
		{640F76B4-8E57-48C5-AE0C-F8DF20C60104}.Debug|x86.ActiveCfg = Debug|Any CPU
		{640F76B4-8E57-48C5-AE0C-F8DF20C60104}.Debug|x86.Build.0 = Debug|Any CPU
		{640F76B4-8E57-48C5-AE0C-F8DF20C60104}.Release|Any CPU.ActiveCfg = Release|Any CPU
		{640F76B4-8E57-48C5-AE0C-F8DF20C60104}.Release|Any CPU.Build.0 = Release|Any CPU
		{640F76B4-8E57-48C5-AE0C-F8DF20C60104}.Release|x64.ActiveCfg = Release|Any CPU
		{640F76B4-8E57-48C5-AE0C-F8DF20C60104}.Release|x64.Build.0 = Release|Any CPU
		{640F76B4-8E57-48C5-AE0C-F8DF20C60104}.Release|x86.ActiveCfg = Release|Any CPU
		{640F76B4-8E57-48C5-AE0C-F8DF20C60104}.Release|x86.Build.0 = Release|Any CPU
		{1343789E-1227-4AE8-9032-5216FCE85C67}.Debug|Any CPU.ActiveCfg = Debug|Any CPU
		{1343789E-1227-4AE8-9032-5216FCE85C67}.Debug|Any CPU.Build.0 = Debug|Any CPU
		{1343789E-1227-4AE8-9032-5216FCE85C67}.Debug|x64.ActiveCfg = Debug|Any CPU
		{1343789E-1227-4AE8-9032-5216FCE85C67}.Debug|x64.Build.0 = Debug|Any CPU
		{1343789E-1227-4AE8-9032-5216FCE85C67}.Debug|x86.ActiveCfg = Debug|Any CPU
		{1343789E-1227-4AE8-9032-5216FCE85C67}.Debug|x86.Build.0 = Debug|Any CPU
		{1343789E-1227-4AE8-9032-5216FCE85C67}.Release|Any CPU.ActiveCfg = Release|Any CPU
		{1343789E-1227-4AE8-9032-5216FCE85C67}.Release|Any CPU.Build.0 = Release|Any CPU
		{1343789E-1227-4AE8-9032-5216FCE85C67}.Release|x64.ActiveCfg = Release|Any CPU
		{1343789E-1227-4AE8-9032-5216FCE85C67}.Release|x64.Build.0 = Release|Any CPU
		{1343789E-1227-4AE8-9032-5216FCE85C67}.Release|x86.ActiveCfg = Release|Any CPU
		{1343789E-1227-4AE8-9032-5216FCE85C67}.Release|x86.Build.0 = Release|Any CPU
		{F562AC83-17FE-48DF-9911-FAFAC618ED44}.Debug|Any CPU.ActiveCfg = Debug|Any CPU
		{F562AC83-17FE-48DF-9911-FAFAC618ED44}.Debug|Any CPU.Build.0 = Debug|Any CPU
		{F562AC83-17FE-48DF-9911-FAFAC618ED44}.Debug|x64.ActiveCfg = Debug|Any CPU
		{F562AC83-17FE-48DF-9911-FAFAC618ED44}.Debug|x64.Build.0 = Debug|Any CPU
		{F562AC83-17FE-48DF-9911-FAFAC618ED44}.Debug|x86.ActiveCfg = Debug|Any CPU
		{F562AC83-17FE-48DF-9911-FAFAC618ED44}.Debug|x86.Build.0 = Debug|Any CPU
		{F562AC83-17FE-48DF-9911-FAFAC618ED44}.Release|Any CPU.ActiveCfg = Release|Any CPU
		{F562AC83-17FE-48DF-9911-FAFAC618ED44}.Release|Any CPU.Build.0 = Release|Any CPU
		{F562AC83-17FE-48DF-9911-FAFAC618ED44}.Release|x64.ActiveCfg = Release|Any CPU
		{F562AC83-17FE-48DF-9911-FAFAC618ED44}.Release|x64.Build.0 = Release|Any CPU
		{F562AC83-17FE-48DF-9911-FAFAC618ED44}.Release|x86.ActiveCfg = Release|Any CPU
		{F562AC83-17FE-48DF-9911-FAFAC618ED44}.Release|x86.Build.0 = Release|Any CPU
		{B8FD1BDF-3EC2-4EB9-B381-148E19CF1B70}.Debug|Any CPU.ActiveCfg = Debug|Any CPU
		{B8FD1BDF-3EC2-4EB9-B381-148E19CF1B70}.Debug|Any CPU.Build.0 = Debug|Any CPU
		{B8FD1BDF-3EC2-4EB9-B381-148E19CF1B70}.Debug|x64.ActiveCfg = Debug|Any CPU
		{B8FD1BDF-3EC2-4EB9-B381-148E19CF1B70}.Debug|x64.Build.0 = Debug|Any CPU
		{B8FD1BDF-3EC2-4EB9-B381-148E19CF1B70}.Debug|x86.ActiveCfg = Debug|Any CPU
		{B8FD1BDF-3EC2-4EB9-B381-148E19CF1B70}.Debug|x86.Build.0 = Debug|Any CPU
		{B8FD1BDF-3EC2-4EB9-B381-148E19CF1B70}.Release|Any CPU.ActiveCfg = Release|Any CPU
		{B8FD1BDF-3EC2-4EB9-B381-148E19CF1B70}.Release|Any CPU.Build.0 = Release|Any CPU
		{B8FD1BDF-3EC2-4EB9-B381-148E19CF1B70}.Release|x64.ActiveCfg = Release|Any CPU
		{B8FD1BDF-3EC2-4EB9-B381-148E19CF1B70}.Release|x64.Build.0 = Release|Any CPU
		{B8FD1BDF-3EC2-4EB9-B381-148E19CF1B70}.Release|x86.ActiveCfg = Release|Any CPU
		{B8FD1BDF-3EC2-4EB9-B381-148E19CF1B70}.Release|x86.Build.0 = Release|Any CPU
		{F938400C-70B7-404E-B320-283FFD2E4030}.Debug|Any CPU.ActiveCfg = Debug|Any CPU
		{F938400C-70B7-404E-B320-283FFD2E4030}.Debug|Any CPU.Build.0 = Debug|Any CPU
		{F938400C-70B7-404E-B320-283FFD2E4030}.Debug|x64.ActiveCfg = Debug|Any CPU
		{F938400C-70B7-404E-B320-283FFD2E4030}.Debug|x64.Build.0 = Debug|Any CPU
		{F938400C-70B7-404E-B320-283FFD2E4030}.Debug|x86.ActiveCfg = Debug|Any CPU
		{F938400C-70B7-404E-B320-283FFD2E4030}.Debug|x86.Build.0 = Debug|Any CPU
		{F938400C-70B7-404E-B320-283FFD2E4030}.Release|Any CPU.ActiveCfg = Release|Any CPU
		{F938400C-70B7-404E-B320-283FFD2E4030}.Release|Any CPU.Build.0 = Release|Any CPU
		{F938400C-70B7-404E-B320-283FFD2E4030}.Release|x64.ActiveCfg = Release|Any CPU
		{F938400C-70B7-404E-B320-283FFD2E4030}.Release|x64.Build.0 = Release|Any CPU
		{F938400C-70B7-404E-B320-283FFD2E4030}.Release|x86.ActiveCfg = Release|Any CPU
		{F938400C-70B7-404E-B320-283FFD2E4030}.Release|x86.Build.0 = Release|Any CPU
		{6DC7FAB9-5D51-4BF5-8DEA-29D9EC7437B4}.Debug|Any CPU.ActiveCfg = Debug|Any CPU
		{6DC7FAB9-5D51-4BF5-8DEA-29D9EC7437B4}.Debug|Any CPU.Build.0 = Debug|Any CPU
		{6DC7FAB9-5D51-4BF5-8DEA-29D9EC7437B4}.Debug|x64.ActiveCfg = Debug|Any CPU
		{6DC7FAB9-5D51-4BF5-8DEA-29D9EC7437B4}.Debug|x64.Build.0 = Debug|Any CPU
		{6DC7FAB9-5D51-4BF5-8DEA-29D9EC7437B4}.Debug|x86.ActiveCfg = Debug|Any CPU
		{6DC7FAB9-5D51-4BF5-8DEA-29D9EC7437B4}.Debug|x86.Build.0 = Debug|Any CPU
		{6DC7FAB9-5D51-4BF5-8DEA-29D9EC7437B4}.Release|Any CPU.ActiveCfg = Release|Any CPU
		{6DC7FAB9-5D51-4BF5-8DEA-29D9EC7437B4}.Release|Any CPU.Build.0 = Release|Any CPU
		{6DC7FAB9-5D51-4BF5-8DEA-29D9EC7437B4}.Release|x64.ActiveCfg = Release|Any CPU
		{6DC7FAB9-5D51-4BF5-8DEA-29D9EC7437B4}.Release|x64.Build.0 = Release|Any CPU
		{6DC7FAB9-5D51-4BF5-8DEA-29D9EC7437B4}.Release|x86.ActiveCfg = Release|Any CPU
		{6DC7FAB9-5D51-4BF5-8DEA-29D9EC7437B4}.Release|x86.Build.0 = Release|Any CPU
		{1C1BEBEC-45FA-4556-99DD-98F3D2C35CB5}.Debug|Any CPU.ActiveCfg = Debug|Any CPU
		{1C1BEBEC-45FA-4556-99DD-98F3D2C35CB5}.Debug|Any CPU.Build.0 = Debug|Any CPU
		{1C1BEBEC-45FA-4556-99DD-98F3D2C35CB5}.Debug|x64.ActiveCfg = Debug|Any CPU
		{1C1BEBEC-45FA-4556-99DD-98F3D2C35CB5}.Debug|x64.Build.0 = Debug|Any CPU
		{1C1BEBEC-45FA-4556-99DD-98F3D2C35CB5}.Debug|x86.ActiveCfg = Debug|Any CPU
		{1C1BEBEC-45FA-4556-99DD-98F3D2C35CB5}.Debug|x86.Build.0 = Debug|Any CPU
		{1C1BEBEC-45FA-4556-99DD-98F3D2C35CB5}.Release|Any CPU.ActiveCfg = Release|Any CPU
		{1C1BEBEC-45FA-4556-99DD-98F3D2C35CB5}.Release|Any CPU.Build.0 = Release|Any CPU
		{1C1BEBEC-45FA-4556-99DD-98F3D2C35CB5}.Release|x64.ActiveCfg = Release|Any CPU
		{1C1BEBEC-45FA-4556-99DD-98F3D2C35CB5}.Release|x64.Build.0 = Release|Any CPU
		{1C1BEBEC-45FA-4556-99DD-98F3D2C35CB5}.Release|x86.ActiveCfg = Release|Any CPU
		{1C1BEBEC-45FA-4556-99DD-98F3D2C35CB5}.Release|x86.Build.0 = Release|Any CPU
		{76F189A5-A080-4D17-BB8F-30CD449C274F}.Debug|Any CPU.ActiveCfg = Debug|Any CPU
		{76F189A5-A080-4D17-BB8F-30CD449C274F}.Debug|Any CPU.Build.0 = Debug|Any CPU
		{76F189A5-A080-4D17-BB8F-30CD449C274F}.Debug|x64.ActiveCfg = Debug|Any CPU
		{76F189A5-A080-4D17-BB8F-30CD449C274F}.Debug|x64.Build.0 = Debug|Any CPU
		{76F189A5-A080-4D17-BB8F-30CD449C274F}.Debug|x86.ActiveCfg = Debug|Any CPU
		{76F189A5-A080-4D17-BB8F-30CD449C274F}.Debug|x86.Build.0 = Debug|Any CPU
		{76F189A5-A080-4D17-BB8F-30CD449C274F}.Release|Any CPU.ActiveCfg = Release|Any CPU
		{76F189A5-A080-4D17-BB8F-30CD449C274F}.Release|Any CPU.Build.0 = Release|Any CPU
		{76F189A5-A080-4D17-BB8F-30CD449C274F}.Release|x64.ActiveCfg = Release|Any CPU
		{76F189A5-A080-4D17-BB8F-30CD449C274F}.Release|x64.Build.0 = Release|Any CPU
		{76F189A5-A080-4D17-BB8F-30CD449C274F}.Release|x86.ActiveCfg = Release|Any CPU
		{76F189A5-A080-4D17-BB8F-30CD449C274F}.Release|x86.Build.0 = Release|Any CPU
		{01E35130-3270-40E5-AA9B-1FB85F879BF5}.Debug|Any CPU.ActiveCfg = Debug|Any CPU
		{01E35130-3270-40E5-AA9B-1FB85F879BF5}.Debug|Any CPU.Build.0 = Debug|Any CPU
		{01E35130-3270-40E5-AA9B-1FB85F879BF5}.Debug|x64.ActiveCfg = Debug|Any CPU
		{01E35130-3270-40E5-AA9B-1FB85F879BF5}.Debug|x64.Build.0 = Debug|Any CPU
		{01E35130-3270-40E5-AA9B-1FB85F879BF5}.Debug|x86.ActiveCfg = Debug|Any CPU
		{01E35130-3270-40E5-AA9B-1FB85F879BF5}.Debug|x86.Build.0 = Debug|Any CPU
		{01E35130-3270-40E5-AA9B-1FB85F879BF5}.Release|Any CPU.ActiveCfg = Release|Any CPU
		{01E35130-3270-40E5-AA9B-1FB85F879BF5}.Release|Any CPU.Build.0 = Release|Any CPU
		{01E35130-3270-40E5-AA9B-1FB85F879BF5}.Release|x64.ActiveCfg = Release|Any CPU
		{01E35130-3270-40E5-AA9B-1FB85F879BF5}.Release|x64.Build.0 = Release|Any CPU
		{01E35130-3270-40E5-AA9B-1FB85F879BF5}.Release|x86.ActiveCfg = Release|Any CPU
		{01E35130-3270-40E5-AA9B-1FB85F879BF5}.Release|x86.Build.0 = Release|Any CPU
		{25821DD6-9DB6-42B8-9CF6-08C9AE7D7302}.Debug|Any CPU.ActiveCfg = Debug|Any CPU
		{25821DD6-9DB6-42B8-9CF6-08C9AE7D7302}.Debug|Any CPU.Build.0 = Debug|Any CPU
		{25821DD6-9DB6-42B8-9CF6-08C9AE7D7302}.Debug|x64.ActiveCfg = Debug|Any CPU
		{25821DD6-9DB6-42B8-9CF6-08C9AE7D7302}.Debug|x64.Build.0 = Debug|Any CPU
		{25821DD6-9DB6-42B8-9CF6-08C9AE7D7302}.Debug|x86.ActiveCfg = Debug|Any CPU
		{25821DD6-9DB6-42B8-9CF6-08C9AE7D7302}.Debug|x86.Build.0 = Debug|Any CPU
		{25821DD6-9DB6-42B8-9CF6-08C9AE7D7302}.Release|Any CPU.ActiveCfg = Release|Any CPU
		{25821DD6-9DB6-42B8-9CF6-08C9AE7D7302}.Release|Any CPU.Build.0 = Release|Any CPU
		{25821DD6-9DB6-42B8-9CF6-08C9AE7D7302}.Release|x64.ActiveCfg = Release|Any CPU
		{25821DD6-9DB6-42B8-9CF6-08C9AE7D7302}.Release|x64.Build.0 = Release|Any CPU
		{25821DD6-9DB6-42B8-9CF6-08C9AE7D7302}.Release|x86.ActiveCfg = Release|Any CPU
		{25821DD6-9DB6-42B8-9CF6-08C9AE7D7302}.Release|x86.Build.0 = Release|Any CPU
		{5BBD1AC4-B40E-42AB-AC7B-4F99E54B8065}.Debug|Any CPU.ActiveCfg = Debug|Any CPU
		{5BBD1AC4-B40E-42AB-AC7B-4F99E54B8065}.Debug|Any CPU.Build.0 = Debug|Any CPU
		{5BBD1AC4-B40E-42AB-AC7B-4F99E54B8065}.Debug|x64.ActiveCfg = Debug|Any CPU
		{5BBD1AC4-B40E-42AB-AC7B-4F99E54B8065}.Debug|x64.Build.0 = Debug|Any CPU
		{5BBD1AC4-B40E-42AB-AC7B-4F99E54B8065}.Debug|x86.ActiveCfg = Debug|Any CPU
		{5BBD1AC4-B40E-42AB-AC7B-4F99E54B8065}.Debug|x86.Build.0 = Debug|Any CPU
		{5BBD1AC4-B40E-42AB-AC7B-4F99E54B8065}.Release|Any CPU.ActiveCfg = Release|Any CPU
		{5BBD1AC4-B40E-42AB-AC7B-4F99E54B8065}.Release|Any CPU.Build.0 = Release|Any CPU
		{5BBD1AC4-B40E-42AB-AC7B-4F99E54B8065}.Release|x64.ActiveCfg = Release|Any CPU
		{5BBD1AC4-B40E-42AB-AC7B-4F99E54B8065}.Release|x64.Build.0 = Release|Any CPU
		{5BBD1AC4-B40E-42AB-AC7B-4F99E54B8065}.Release|x86.ActiveCfg = Release|Any CPU
		{5BBD1AC4-B40E-42AB-AC7B-4F99E54B8065}.Release|x86.Build.0 = Release|Any CPU
		{6F0A96C8-3B29-4BE3-9F59-3CE1ACEB1733}.Debug|Any CPU.ActiveCfg = Debug|Any CPU
		{6F0A96C8-3B29-4BE3-9F59-3CE1ACEB1733}.Debug|Any CPU.Build.0 = Debug|Any CPU
		{6F0A96C8-3B29-4BE3-9F59-3CE1ACEB1733}.Debug|x64.ActiveCfg = Debug|Any CPU
		{6F0A96C8-3B29-4BE3-9F59-3CE1ACEB1733}.Debug|x64.Build.0 = Debug|Any CPU
		{6F0A96C8-3B29-4BE3-9F59-3CE1ACEB1733}.Debug|x86.ActiveCfg = Debug|Any CPU
		{6F0A96C8-3B29-4BE3-9F59-3CE1ACEB1733}.Debug|x86.Build.0 = Debug|Any CPU
		{6F0A96C8-3B29-4BE3-9F59-3CE1ACEB1733}.Release|Any CPU.ActiveCfg = Release|Any CPU
		{6F0A96C8-3B29-4BE3-9F59-3CE1ACEB1733}.Release|Any CPU.Build.0 = Release|Any CPU
		{6F0A96C8-3B29-4BE3-9F59-3CE1ACEB1733}.Release|x64.ActiveCfg = Release|Any CPU
		{6F0A96C8-3B29-4BE3-9F59-3CE1ACEB1733}.Release|x64.Build.0 = Release|Any CPU
		{6F0A96C8-3B29-4BE3-9F59-3CE1ACEB1733}.Release|x86.ActiveCfg = Release|Any CPU
		{6F0A96C8-3B29-4BE3-9F59-3CE1ACEB1733}.Release|x86.Build.0 = Release|Any CPU
		{13AD9810-5D1B-4D19-A13D-2C2F645B6CBE}.Debug|Any CPU.ActiveCfg = Debug|Any CPU
		{13AD9810-5D1B-4D19-A13D-2C2F645B6CBE}.Debug|Any CPU.Build.0 = Debug|Any CPU
		{13AD9810-5D1B-4D19-A13D-2C2F645B6CBE}.Debug|x64.ActiveCfg = Debug|Any CPU
		{13AD9810-5D1B-4D19-A13D-2C2F645B6CBE}.Debug|x64.Build.0 = Debug|Any CPU
		{13AD9810-5D1B-4D19-A13D-2C2F645B6CBE}.Debug|x86.ActiveCfg = Debug|Any CPU
		{13AD9810-5D1B-4D19-A13D-2C2F645B6CBE}.Debug|x86.Build.0 = Debug|Any CPU
		{13AD9810-5D1B-4D19-A13D-2C2F645B6CBE}.Release|Any CPU.ActiveCfg = Release|Any CPU
		{13AD9810-5D1B-4D19-A13D-2C2F645B6CBE}.Release|Any CPU.Build.0 = Release|Any CPU
		{13AD9810-5D1B-4D19-A13D-2C2F645B6CBE}.Release|x64.ActiveCfg = Release|Any CPU
		{13AD9810-5D1B-4D19-A13D-2C2F645B6CBE}.Release|x64.Build.0 = Release|Any CPU
		{13AD9810-5D1B-4D19-A13D-2C2F645B6CBE}.Release|x86.ActiveCfg = Release|Any CPU
		{13AD9810-5D1B-4D19-A13D-2C2F645B6CBE}.Release|x86.Build.0 = Release|Any CPU
		{9AB7F55A-1A41-4647-8FB7-A631536E2E09}.Debug|Any CPU.ActiveCfg = Debug|Any CPU
		{9AB7F55A-1A41-4647-8FB7-A631536E2E09}.Debug|Any CPU.Build.0 = Debug|Any CPU
		{9AB7F55A-1A41-4647-8FB7-A631536E2E09}.Debug|x64.ActiveCfg = Debug|Any CPU
		{9AB7F55A-1A41-4647-8FB7-A631536E2E09}.Debug|x64.Build.0 = Debug|Any CPU
		{9AB7F55A-1A41-4647-8FB7-A631536E2E09}.Debug|x86.ActiveCfg = Debug|Any CPU
		{9AB7F55A-1A41-4647-8FB7-A631536E2E09}.Debug|x86.Build.0 = Debug|Any CPU
		{9AB7F55A-1A41-4647-8FB7-A631536E2E09}.Release|Any CPU.ActiveCfg = Release|Any CPU
		{9AB7F55A-1A41-4647-8FB7-A631536E2E09}.Release|Any CPU.Build.0 = Release|Any CPU
		{9AB7F55A-1A41-4647-8FB7-A631536E2E09}.Release|x64.ActiveCfg = Release|Any CPU
		{9AB7F55A-1A41-4647-8FB7-A631536E2E09}.Release|x64.Build.0 = Release|Any CPU
		{9AB7F55A-1A41-4647-8FB7-A631536E2E09}.Release|x86.ActiveCfg = Release|Any CPU
		{9AB7F55A-1A41-4647-8FB7-A631536E2E09}.Release|x86.Build.0 = Release|Any CPU
		{E1FB6467-E711-4768-9FB6-2B75B953A2AC}.Debug|Any CPU.ActiveCfg = Debug|Any CPU
		{E1FB6467-E711-4768-9FB6-2B75B953A2AC}.Debug|Any CPU.Build.0 = Debug|Any CPU
		{E1FB6467-E711-4768-9FB6-2B75B953A2AC}.Debug|x64.ActiveCfg = Debug|Any CPU
		{E1FB6467-E711-4768-9FB6-2B75B953A2AC}.Debug|x64.Build.0 = Debug|Any CPU
		{E1FB6467-E711-4768-9FB6-2B75B953A2AC}.Debug|x86.ActiveCfg = Debug|Any CPU
		{E1FB6467-E711-4768-9FB6-2B75B953A2AC}.Debug|x86.Build.0 = Debug|Any CPU
		{E1FB6467-E711-4768-9FB6-2B75B953A2AC}.Release|Any CPU.ActiveCfg = Release|Any CPU
		{E1FB6467-E711-4768-9FB6-2B75B953A2AC}.Release|Any CPU.Build.0 = Release|Any CPU
		{E1FB6467-E711-4768-9FB6-2B75B953A2AC}.Release|x64.ActiveCfg = Release|Any CPU
		{E1FB6467-E711-4768-9FB6-2B75B953A2AC}.Release|x64.Build.0 = Release|Any CPU
		{E1FB6467-E711-4768-9FB6-2B75B953A2AC}.Release|x86.ActiveCfg = Release|Any CPU
		{E1FB6467-E711-4768-9FB6-2B75B953A2AC}.Release|x86.Build.0 = Release|Any CPU
		{5551EF5A-0E6C-4F6E-820B-94FE6D9D14A4}.Debug|Any CPU.ActiveCfg = Debug|Any CPU
		{5551EF5A-0E6C-4F6E-820B-94FE6D9D14A4}.Debug|Any CPU.Build.0 = Debug|Any CPU
		{5551EF5A-0E6C-4F6E-820B-94FE6D9D14A4}.Debug|x64.ActiveCfg = Debug|Any CPU
		{5551EF5A-0E6C-4F6E-820B-94FE6D9D14A4}.Debug|x64.Build.0 = Debug|Any CPU
		{5551EF5A-0E6C-4F6E-820B-94FE6D9D14A4}.Debug|x86.ActiveCfg = Debug|Any CPU
		{5551EF5A-0E6C-4F6E-820B-94FE6D9D14A4}.Debug|x86.Build.0 = Debug|Any CPU
		{5551EF5A-0E6C-4F6E-820B-94FE6D9D14A4}.Release|Any CPU.ActiveCfg = Release|Any CPU
		{5551EF5A-0E6C-4F6E-820B-94FE6D9D14A4}.Release|Any CPU.Build.0 = Release|Any CPU
		{5551EF5A-0E6C-4F6E-820B-94FE6D9D14A4}.Release|x64.ActiveCfg = Release|Any CPU
		{5551EF5A-0E6C-4F6E-820B-94FE6D9D14A4}.Release|x64.Build.0 = Release|Any CPU
		{5551EF5A-0E6C-4F6E-820B-94FE6D9D14A4}.Release|x86.ActiveCfg = Release|Any CPU
		{5551EF5A-0E6C-4F6E-820B-94FE6D9D14A4}.Release|x86.Build.0 = Release|Any CPU
		{6A052625-5B5D-46C6-BFC7-43E1DF673508}.Debug|Any CPU.ActiveCfg = Debug|Any CPU
		{6A052625-5B5D-46C6-BFC7-43E1DF673508}.Debug|Any CPU.Build.0 = Debug|Any CPU
		{6A052625-5B5D-46C6-BFC7-43E1DF673508}.Debug|x64.ActiveCfg = Debug|Any CPU
		{6A052625-5B5D-46C6-BFC7-43E1DF673508}.Debug|x64.Build.0 = Debug|Any CPU
		{6A052625-5B5D-46C6-BFC7-43E1DF673508}.Debug|x86.ActiveCfg = Debug|Any CPU
		{6A052625-5B5D-46C6-BFC7-43E1DF673508}.Debug|x86.Build.0 = Debug|Any CPU
		{6A052625-5B5D-46C6-BFC7-43E1DF673508}.Release|Any CPU.ActiveCfg = Release|Any CPU
		{6A052625-5B5D-46C6-BFC7-43E1DF673508}.Release|Any CPU.Build.0 = Release|Any CPU
		{6A052625-5B5D-46C6-BFC7-43E1DF673508}.Release|x64.ActiveCfg = Release|Any CPU
		{6A052625-5B5D-46C6-BFC7-43E1DF673508}.Release|x64.Build.0 = Release|Any CPU
		{6A052625-5B5D-46C6-BFC7-43E1DF673508}.Release|x86.ActiveCfg = Release|Any CPU
		{6A052625-5B5D-46C6-BFC7-43E1DF673508}.Release|x86.Build.0 = Release|Any CPU
		{09581658-1CBA-4174-BCDD-DFA6DEC7584F}.Debug|Any CPU.ActiveCfg = Debug|Any CPU
		{09581658-1CBA-4174-BCDD-DFA6DEC7584F}.Debug|Any CPU.Build.0 = Debug|Any CPU
		{09581658-1CBA-4174-BCDD-DFA6DEC7584F}.Debug|x64.ActiveCfg = Debug|Any CPU
		{09581658-1CBA-4174-BCDD-DFA6DEC7584F}.Debug|x64.Build.0 = Debug|Any CPU
		{09581658-1CBA-4174-BCDD-DFA6DEC7584F}.Debug|x86.ActiveCfg = Debug|Any CPU
		{09581658-1CBA-4174-BCDD-DFA6DEC7584F}.Debug|x86.Build.0 = Debug|Any CPU
		{09581658-1CBA-4174-BCDD-DFA6DEC7584F}.Release|Any CPU.ActiveCfg = Release|Any CPU
		{09581658-1CBA-4174-BCDD-DFA6DEC7584F}.Release|Any CPU.Build.0 = Release|Any CPU
		{09581658-1CBA-4174-BCDD-DFA6DEC7584F}.Release|x64.ActiveCfg = Release|Any CPU
		{09581658-1CBA-4174-BCDD-DFA6DEC7584F}.Release|x64.Build.0 = Release|Any CPU
		{09581658-1CBA-4174-BCDD-DFA6DEC7584F}.Release|x86.ActiveCfg = Release|Any CPU
		{09581658-1CBA-4174-BCDD-DFA6DEC7584F}.Release|x86.Build.0 = Release|Any CPU
		{37C19F2A-7F36-4D76-A511-937FBE20CF7D}.Debug|Any CPU.ActiveCfg = Debug|Any CPU
		{37C19F2A-7F36-4D76-A511-937FBE20CF7D}.Debug|Any CPU.Build.0 = Debug|Any CPU
		{37C19F2A-7F36-4D76-A511-937FBE20CF7D}.Debug|x64.ActiveCfg = Debug|Any CPU
		{37C19F2A-7F36-4D76-A511-937FBE20CF7D}.Debug|x64.Build.0 = Debug|Any CPU
		{37C19F2A-7F36-4D76-A511-937FBE20CF7D}.Debug|x86.ActiveCfg = Debug|Any CPU
		{37C19F2A-7F36-4D76-A511-937FBE20CF7D}.Debug|x86.Build.0 = Debug|Any CPU
		{37C19F2A-7F36-4D76-A511-937FBE20CF7D}.Release|Any CPU.ActiveCfg = Release|Any CPU
		{37C19F2A-7F36-4D76-A511-937FBE20CF7D}.Release|Any CPU.Build.0 = Release|Any CPU
		{37C19F2A-7F36-4D76-A511-937FBE20CF7D}.Release|x64.ActiveCfg = Release|Any CPU
		{37C19F2A-7F36-4D76-A511-937FBE20CF7D}.Release|x64.Build.0 = Release|Any CPU
		{37C19F2A-7F36-4D76-A511-937FBE20CF7D}.Release|x86.ActiveCfg = Release|Any CPU
		{37C19F2A-7F36-4D76-A511-937FBE20CF7D}.Release|x86.Build.0 = Release|Any CPU
		{3941341D-3911-4D0F-822D-0332BA4E1966}.Debug|Any CPU.ActiveCfg = Debug|Any CPU
		{3941341D-3911-4D0F-822D-0332BA4E1966}.Debug|Any CPU.Build.0 = Debug|Any CPU
		{3941341D-3911-4D0F-822D-0332BA4E1966}.Debug|x64.ActiveCfg = Debug|Any CPU
		{3941341D-3911-4D0F-822D-0332BA4E1966}.Debug|x64.Build.0 = Debug|Any CPU
		{3941341D-3911-4D0F-822D-0332BA4E1966}.Debug|x86.ActiveCfg = Debug|Any CPU
		{3941341D-3911-4D0F-822D-0332BA4E1966}.Debug|x86.Build.0 = Debug|Any CPU
		{3941341D-3911-4D0F-822D-0332BA4E1966}.Release|Any CPU.ActiveCfg = Release|Any CPU
		{3941341D-3911-4D0F-822D-0332BA4E1966}.Release|Any CPU.Build.0 = Release|Any CPU
		{3941341D-3911-4D0F-822D-0332BA4E1966}.Release|x64.ActiveCfg = Release|Any CPU
		{3941341D-3911-4D0F-822D-0332BA4E1966}.Release|x64.Build.0 = Release|Any CPU
		{3941341D-3911-4D0F-822D-0332BA4E1966}.Release|x86.ActiveCfg = Release|Any CPU
		{3941341D-3911-4D0F-822D-0332BA4E1966}.Release|x86.Build.0 = Release|Any CPU
		{38AB7E99-FE32-45BA-9EF7-005A843DE2C8}.Debug|Any CPU.ActiveCfg = Debug|Any CPU
		{38AB7E99-FE32-45BA-9EF7-005A843DE2C8}.Debug|Any CPU.Build.0 = Debug|Any CPU
		{38AB7E99-FE32-45BA-9EF7-005A843DE2C8}.Debug|x64.ActiveCfg = Debug|Any CPU
		{38AB7E99-FE32-45BA-9EF7-005A843DE2C8}.Debug|x64.Build.0 = Debug|Any CPU
		{38AB7E99-FE32-45BA-9EF7-005A843DE2C8}.Debug|x86.ActiveCfg = Debug|Any CPU
		{38AB7E99-FE32-45BA-9EF7-005A843DE2C8}.Debug|x86.Build.0 = Debug|Any CPU
		{38AB7E99-FE32-45BA-9EF7-005A843DE2C8}.Release|Any CPU.ActiveCfg = Release|Any CPU
		{38AB7E99-FE32-45BA-9EF7-005A843DE2C8}.Release|Any CPU.Build.0 = Release|Any CPU
		{38AB7E99-FE32-45BA-9EF7-005A843DE2C8}.Release|x64.ActiveCfg = Release|Any CPU
		{38AB7E99-FE32-45BA-9EF7-005A843DE2C8}.Release|x64.Build.0 = Release|Any CPU
		{38AB7E99-FE32-45BA-9EF7-005A843DE2C8}.Release|x86.ActiveCfg = Release|Any CPU
		{38AB7E99-FE32-45BA-9EF7-005A843DE2C8}.Release|x86.Build.0 = Release|Any CPU
		{AD82618C-634C-4041-BF5A-EC3904361718}.Debug|Any CPU.ActiveCfg = Debug|Any CPU
		{AD82618C-634C-4041-BF5A-EC3904361718}.Debug|Any CPU.Build.0 = Debug|Any CPU
		{AD82618C-634C-4041-BF5A-EC3904361718}.Debug|x64.ActiveCfg = Debug|Any CPU
		{AD82618C-634C-4041-BF5A-EC3904361718}.Debug|x64.Build.0 = Debug|Any CPU
		{AD82618C-634C-4041-BF5A-EC3904361718}.Debug|x86.ActiveCfg = Debug|Any CPU
		{AD82618C-634C-4041-BF5A-EC3904361718}.Debug|x86.Build.0 = Debug|Any CPU
		{AD82618C-634C-4041-BF5A-EC3904361718}.Release|Any CPU.ActiveCfg = Release|Any CPU
		{AD82618C-634C-4041-BF5A-EC3904361718}.Release|Any CPU.Build.0 = Release|Any CPU
		{AD82618C-634C-4041-BF5A-EC3904361718}.Release|x64.ActiveCfg = Release|Any CPU
		{AD82618C-634C-4041-BF5A-EC3904361718}.Release|x64.Build.0 = Release|Any CPU
		{AD82618C-634C-4041-BF5A-EC3904361718}.Release|x86.ActiveCfg = Release|Any CPU
		{AD82618C-634C-4041-BF5A-EC3904361718}.Release|x86.Build.0 = Release|Any CPU
		{F313296B-E0A2-4E02-AF6C-BDB6B9B3F70A}.Debug|Any CPU.ActiveCfg = Debug|Any CPU
		{F313296B-E0A2-4E02-AF6C-BDB6B9B3F70A}.Debug|Any CPU.Build.0 = Debug|Any CPU
		{F313296B-E0A2-4E02-AF6C-BDB6B9B3F70A}.Debug|x64.ActiveCfg = Debug|Any CPU
		{F313296B-E0A2-4E02-AF6C-BDB6B9B3F70A}.Debug|x64.Build.0 = Debug|Any CPU
		{F313296B-E0A2-4E02-AF6C-BDB6B9B3F70A}.Debug|x86.ActiveCfg = Debug|Any CPU
		{F313296B-E0A2-4E02-AF6C-BDB6B9B3F70A}.Debug|x86.Build.0 = Debug|Any CPU
		{F313296B-E0A2-4E02-AF6C-BDB6B9B3F70A}.Release|Any CPU.ActiveCfg = Release|Any CPU
		{F313296B-E0A2-4E02-AF6C-BDB6B9B3F70A}.Release|Any CPU.Build.0 = Release|Any CPU
		{F313296B-E0A2-4E02-AF6C-BDB6B9B3F70A}.Release|x64.ActiveCfg = Release|Any CPU
		{F313296B-E0A2-4E02-AF6C-BDB6B9B3F70A}.Release|x64.Build.0 = Release|Any CPU
		{F313296B-E0A2-4E02-AF6C-BDB6B9B3F70A}.Release|x86.ActiveCfg = Release|Any CPU
		{F313296B-E0A2-4E02-AF6C-BDB6B9B3F70A}.Release|x86.Build.0 = Release|Any CPU
		{EFB1D67E-AA56-4817-AE22-0963525D630E}.Debug|Any CPU.ActiveCfg = Debug|Any CPU
		{EFB1D67E-AA56-4817-AE22-0963525D630E}.Debug|Any CPU.Build.0 = Debug|Any CPU
		{EFB1D67E-AA56-4817-AE22-0963525D630E}.Debug|x64.ActiveCfg = Debug|Any CPU
		{EFB1D67E-AA56-4817-AE22-0963525D630E}.Debug|x64.Build.0 = Debug|Any CPU
		{EFB1D67E-AA56-4817-AE22-0963525D630E}.Debug|x86.ActiveCfg = Debug|Any CPU
		{EFB1D67E-AA56-4817-AE22-0963525D630E}.Debug|x86.Build.0 = Debug|Any CPU
		{EFB1D67E-AA56-4817-AE22-0963525D630E}.Release|Any CPU.ActiveCfg = Release|Any CPU
		{EFB1D67E-AA56-4817-AE22-0963525D630E}.Release|Any CPU.Build.0 = Release|Any CPU
		{EFB1D67E-AA56-4817-AE22-0963525D630E}.Release|x64.ActiveCfg = Release|Any CPU
		{EFB1D67E-AA56-4817-AE22-0963525D630E}.Release|x64.Build.0 = Release|Any CPU
		{EFB1D67E-AA56-4817-AE22-0963525D630E}.Release|x86.ActiveCfg = Release|Any CPU
		{EFB1D67E-AA56-4817-AE22-0963525D630E}.Release|x86.Build.0 = Release|Any CPU
		{F9BEE0E0-7FA0-441C-B79E-BC606ECE47D9}.Debug|Any CPU.ActiveCfg = Debug|Any CPU
		{F9BEE0E0-7FA0-441C-B79E-BC606ECE47D9}.Debug|Any CPU.Build.0 = Debug|Any CPU
		{F9BEE0E0-7FA0-441C-B79E-BC606ECE47D9}.Debug|x64.ActiveCfg = Debug|Any CPU
		{F9BEE0E0-7FA0-441C-B79E-BC606ECE47D9}.Debug|x64.Build.0 = Debug|Any CPU
		{F9BEE0E0-7FA0-441C-B79E-BC606ECE47D9}.Debug|x86.ActiveCfg = Debug|Any CPU
		{F9BEE0E0-7FA0-441C-B79E-BC606ECE47D9}.Debug|x86.Build.0 = Debug|Any CPU
		{F9BEE0E0-7FA0-441C-B79E-BC606ECE47D9}.Release|Any CPU.ActiveCfg = Release|Any CPU
		{F9BEE0E0-7FA0-441C-B79E-BC606ECE47D9}.Release|Any CPU.Build.0 = Release|Any CPU
		{F9BEE0E0-7FA0-441C-B79E-BC606ECE47D9}.Release|x64.ActiveCfg = Release|Any CPU
		{F9BEE0E0-7FA0-441C-B79E-BC606ECE47D9}.Release|x64.Build.0 = Release|Any CPU
		{F9BEE0E0-7FA0-441C-B79E-BC606ECE47D9}.Release|x86.ActiveCfg = Release|Any CPU
		{F9BEE0E0-7FA0-441C-B79E-BC606ECE47D9}.Release|x86.Build.0 = Release|Any CPU
		{5B681620-E80D-4159-9E67-69B0F4D57F24}.Debug|Any CPU.ActiveCfg = Debug|Any CPU
		{5B681620-E80D-4159-9E67-69B0F4D57F24}.Debug|Any CPU.Build.0 = Debug|Any CPU
		{5B681620-E80D-4159-9E67-69B0F4D57F24}.Debug|x64.ActiveCfg = Debug|Any CPU
		{5B681620-E80D-4159-9E67-69B0F4D57F24}.Debug|x64.Build.0 = Debug|Any CPU
		{5B681620-E80D-4159-9E67-69B0F4D57F24}.Debug|x86.ActiveCfg = Debug|Any CPU
		{5B681620-E80D-4159-9E67-69B0F4D57F24}.Debug|x86.Build.0 = Debug|Any CPU
		{5B681620-E80D-4159-9E67-69B0F4D57F24}.Release|Any CPU.ActiveCfg = Release|Any CPU
		{5B681620-E80D-4159-9E67-69B0F4D57F24}.Release|Any CPU.Build.0 = Release|Any CPU
		{5B681620-E80D-4159-9E67-69B0F4D57F24}.Release|x64.ActiveCfg = Release|Any CPU
		{5B681620-E80D-4159-9E67-69B0F4D57F24}.Release|x64.Build.0 = Release|Any CPU
		{5B681620-E80D-4159-9E67-69B0F4D57F24}.Release|x86.ActiveCfg = Release|Any CPU
		{5B681620-E80D-4159-9E67-69B0F4D57F24}.Release|x86.Build.0 = Release|Any CPU
		{0C7538AC-FB67-4EAF-986F-1EA6AEA0AC5D}.Debug|Any CPU.ActiveCfg = Debug|Any CPU
		{0C7538AC-FB67-4EAF-986F-1EA6AEA0AC5D}.Debug|Any CPU.Build.0 = Debug|Any CPU
		{0C7538AC-FB67-4EAF-986F-1EA6AEA0AC5D}.Debug|x64.ActiveCfg = Debug|Any CPU
		{0C7538AC-FB67-4EAF-986F-1EA6AEA0AC5D}.Debug|x64.Build.0 = Debug|Any CPU
		{0C7538AC-FB67-4EAF-986F-1EA6AEA0AC5D}.Debug|x86.ActiveCfg = Debug|Any CPU
		{0C7538AC-FB67-4EAF-986F-1EA6AEA0AC5D}.Debug|x86.Build.0 = Debug|Any CPU
		{0C7538AC-FB67-4EAF-986F-1EA6AEA0AC5D}.Release|Any CPU.ActiveCfg = Release|Any CPU
		{0C7538AC-FB67-4EAF-986F-1EA6AEA0AC5D}.Release|Any CPU.Build.0 = Release|Any CPU
		{0C7538AC-FB67-4EAF-986F-1EA6AEA0AC5D}.Release|x64.ActiveCfg = Release|Any CPU
		{0C7538AC-FB67-4EAF-986F-1EA6AEA0AC5D}.Release|x64.Build.0 = Release|Any CPU
		{0C7538AC-FB67-4EAF-986F-1EA6AEA0AC5D}.Release|x86.ActiveCfg = Release|Any CPU
		{0C7538AC-FB67-4EAF-986F-1EA6AEA0AC5D}.Release|x86.Build.0 = Release|Any CPU
		{8036DD8A-498F-4B53-8429-48D6F85406EE}.Debug|Any CPU.ActiveCfg = Debug|Any CPU
		{8036DD8A-498F-4B53-8429-48D6F85406EE}.Debug|Any CPU.Build.0 = Debug|Any CPU
		{8036DD8A-498F-4B53-8429-48D6F85406EE}.Debug|x64.ActiveCfg = Debug|Any CPU
		{8036DD8A-498F-4B53-8429-48D6F85406EE}.Debug|x64.Build.0 = Debug|Any CPU
		{8036DD8A-498F-4B53-8429-48D6F85406EE}.Debug|x86.ActiveCfg = Debug|Any CPU
		{8036DD8A-498F-4B53-8429-48D6F85406EE}.Debug|x86.Build.0 = Debug|Any CPU
		{8036DD8A-498F-4B53-8429-48D6F85406EE}.Release|Any CPU.ActiveCfg = Release|Any CPU
		{8036DD8A-498F-4B53-8429-48D6F85406EE}.Release|Any CPU.Build.0 = Release|Any CPU
		{8036DD8A-498F-4B53-8429-48D6F85406EE}.Release|x64.ActiveCfg = Release|Any CPU
		{8036DD8A-498F-4B53-8429-48D6F85406EE}.Release|x64.Build.0 = Release|Any CPU
		{8036DD8A-498F-4B53-8429-48D6F85406EE}.Release|x86.ActiveCfg = Release|Any CPU
		{8036DD8A-498F-4B53-8429-48D6F85406EE}.Release|x86.Build.0 = Release|Any CPU
		{525DFDFE-6538-4846-8E8C-050FF9D7347D}.Debug|Any CPU.ActiveCfg = Debug|Any CPU
		{525DFDFE-6538-4846-8E8C-050FF9D7347D}.Debug|Any CPU.Build.0 = Debug|Any CPU
		{525DFDFE-6538-4846-8E8C-050FF9D7347D}.Debug|x64.ActiveCfg = Debug|Any CPU
		{525DFDFE-6538-4846-8E8C-050FF9D7347D}.Debug|x64.Build.0 = Debug|Any CPU
		{525DFDFE-6538-4846-8E8C-050FF9D7347D}.Debug|x86.ActiveCfg = Debug|Any CPU
		{525DFDFE-6538-4846-8E8C-050FF9D7347D}.Debug|x86.Build.0 = Debug|Any CPU
		{525DFDFE-6538-4846-8E8C-050FF9D7347D}.Release|Any CPU.ActiveCfg = Release|Any CPU
		{525DFDFE-6538-4846-8E8C-050FF9D7347D}.Release|Any CPU.Build.0 = Release|Any CPU
		{525DFDFE-6538-4846-8E8C-050FF9D7347D}.Release|x64.ActiveCfg = Release|Any CPU
		{525DFDFE-6538-4846-8E8C-050FF9D7347D}.Release|x64.Build.0 = Release|Any CPU
		{525DFDFE-6538-4846-8E8C-050FF9D7347D}.Release|x86.ActiveCfg = Release|Any CPU
		{525DFDFE-6538-4846-8E8C-050FF9D7347D}.Release|x86.Build.0 = Release|Any CPU
		{17705E52-E6A3-4356-A65D-2B9EF8018AEF}.Debug|Any CPU.ActiveCfg = Debug|Any CPU
		{17705E52-E6A3-4356-A65D-2B9EF8018AEF}.Debug|Any CPU.Build.0 = Debug|Any CPU
		{17705E52-E6A3-4356-A65D-2B9EF8018AEF}.Debug|x64.ActiveCfg = Debug|Any CPU
		{17705E52-E6A3-4356-A65D-2B9EF8018AEF}.Debug|x64.Build.0 = Debug|Any CPU
		{17705E52-E6A3-4356-A65D-2B9EF8018AEF}.Debug|x86.ActiveCfg = Debug|Any CPU
		{17705E52-E6A3-4356-A65D-2B9EF8018AEF}.Debug|x86.Build.0 = Debug|Any CPU
		{17705E52-E6A3-4356-A65D-2B9EF8018AEF}.Release|Any CPU.ActiveCfg = Release|Any CPU
		{17705E52-E6A3-4356-A65D-2B9EF8018AEF}.Release|Any CPU.Build.0 = Release|Any CPU
		{17705E52-E6A3-4356-A65D-2B9EF8018AEF}.Release|x64.ActiveCfg = Release|Any CPU
		{17705E52-E6A3-4356-A65D-2B9EF8018AEF}.Release|x64.Build.0 = Release|Any CPU
		{17705E52-E6A3-4356-A65D-2B9EF8018AEF}.Release|x86.ActiveCfg = Release|Any CPU
		{17705E52-E6A3-4356-A65D-2B9EF8018AEF}.Release|x86.Build.0 = Release|Any CPU
		{5319FC37-3E9C-4ACE-83EB-F2E44366AF7E}.Debug|Any CPU.ActiveCfg = Debug|Any CPU
		{5319FC37-3E9C-4ACE-83EB-F2E44366AF7E}.Debug|Any CPU.Build.0 = Debug|Any CPU
		{5319FC37-3E9C-4ACE-83EB-F2E44366AF7E}.Debug|x64.ActiveCfg = Debug|Any CPU
		{5319FC37-3E9C-4ACE-83EB-F2E44366AF7E}.Debug|x64.Build.0 = Debug|Any CPU
		{5319FC37-3E9C-4ACE-83EB-F2E44366AF7E}.Debug|x86.ActiveCfg = Debug|Any CPU
		{5319FC37-3E9C-4ACE-83EB-F2E44366AF7E}.Debug|x86.Build.0 = Debug|Any CPU
		{5319FC37-3E9C-4ACE-83EB-F2E44366AF7E}.Release|Any CPU.ActiveCfg = Release|Any CPU
		{5319FC37-3E9C-4ACE-83EB-F2E44366AF7E}.Release|Any CPU.Build.0 = Release|Any CPU
		{5319FC37-3E9C-4ACE-83EB-F2E44366AF7E}.Release|x64.ActiveCfg = Release|Any CPU
		{5319FC37-3E9C-4ACE-83EB-F2E44366AF7E}.Release|x64.Build.0 = Release|Any CPU
		{5319FC37-3E9C-4ACE-83EB-F2E44366AF7E}.Release|x86.ActiveCfg = Release|Any CPU
		{5319FC37-3E9C-4ACE-83EB-F2E44366AF7E}.Release|x86.Build.0 = Release|Any CPU
		{2A9AB940-787F-479C-BD30-9C2C07FAFBDB}.Debug|Any CPU.ActiveCfg = Debug|Any CPU
		{2A9AB940-787F-479C-BD30-9C2C07FAFBDB}.Debug|Any CPU.Build.0 = Debug|Any CPU
		{2A9AB940-787F-479C-BD30-9C2C07FAFBDB}.Debug|x64.ActiveCfg = Debug|Any CPU
		{2A9AB940-787F-479C-BD30-9C2C07FAFBDB}.Debug|x64.Build.0 = Debug|Any CPU
		{2A9AB940-787F-479C-BD30-9C2C07FAFBDB}.Debug|x86.ActiveCfg = Debug|Any CPU
		{2A9AB940-787F-479C-BD30-9C2C07FAFBDB}.Debug|x86.Build.0 = Debug|Any CPU
		{2A9AB940-787F-479C-BD30-9C2C07FAFBDB}.Release|Any CPU.ActiveCfg = Release|Any CPU
		{2A9AB940-787F-479C-BD30-9C2C07FAFBDB}.Release|Any CPU.Build.0 = Release|Any CPU
		{2A9AB940-787F-479C-BD30-9C2C07FAFBDB}.Release|x64.ActiveCfg = Release|Any CPU
		{2A9AB940-787F-479C-BD30-9C2C07FAFBDB}.Release|x64.Build.0 = Release|Any CPU
		{2A9AB940-787F-479C-BD30-9C2C07FAFBDB}.Release|x86.ActiveCfg = Release|Any CPU
		{2A9AB940-787F-479C-BD30-9C2C07FAFBDB}.Release|x86.Build.0 = Release|Any CPU
		{C733F735-42C9-4FEE-8DAD-2DCDCCA9FF9B}.Debug|Any CPU.ActiveCfg = Debug|Any CPU
		{C733F735-42C9-4FEE-8DAD-2DCDCCA9FF9B}.Debug|Any CPU.Build.0 = Debug|Any CPU
		{C733F735-42C9-4FEE-8DAD-2DCDCCA9FF9B}.Debug|x64.ActiveCfg = Debug|Any CPU
		{C733F735-42C9-4FEE-8DAD-2DCDCCA9FF9B}.Debug|x64.Build.0 = Debug|Any CPU
		{C733F735-42C9-4FEE-8DAD-2DCDCCA9FF9B}.Debug|x86.ActiveCfg = Debug|Any CPU
		{C733F735-42C9-4FEE-8DAD-2DCDCCA9FF9B}.Debug|x86.Build.0 = Debug|Any CPU
		{C733F735-42C9-4FEE-8DAD-2DCDCCA9FF9B}.Release|Any CPU.ActiveCfg = Release|Any CPU
		{C733F735-42C9-4FEE-8DAD-2DCDCCA9FF9B}.Release|Any CPU.Build.0 = Release|Any CPU
		{C733F735-42C9-4FEE-8DAD-2DCDCCA9FF9B}.Release|x64.ActiveCfg = Release|Any CPU
		{C733F735-42C9-4FEE-8DAD-2DCDCCA9FF9B}.Release|x64.Build.0 = Release|Any CPU
		{C733F735-42C9-4FEE-8DAD-2DCDCCA9FF9B}.Release|x86.ActiveCfg = Release|Any CPU
		{C733F735-42C9-4FEE-8DAD-2DCDCCA9FF9B}.Release|x86.Build.0 = Release|Any CPU
		{A87E5353-3512-4A00-B28A-3DA00A9E44E1}.Debug|Any CPU.ActiveCfg = Debug|Any CPU
		{A87E5353-3512-4A00-B28A-3DA00A9E44E1}.Debug|Any CPU.Build.0 = Debug|Any CPU
		{A87E5353-3512-4A00-B28A-3DA00A9E44E1}.Debug|x64.ActiveCfg = Debug|Any CPU
		{A87E5353-3512-4A00-B28A-3DA00A9E44E1}.Debug|x64.Build.0 = Debug|Any CPU
		{A87E5353-3512-4A00-B28A-3DA00A9E44E1}.Debug|x86.ActiveCfg = Debug|Any CPU
		{A87E5353-3512-4A00-B28A-3DA00A9E44E1}.Debug|x86.Build.0 = Debug|Any CPU
		{A87E5353-3512-4A00-B28A-3DA00A9E44E1}.Release|Any CPU.ActiveCfg = Release|Any CPU
		{A87E5353-3512-4A00-B28A-3DA00A9E44E1}.Release|Any CPU.Build.0 = Release|Any CPU
		{A87E5353-3512-4A00-B28A-3DA00A9E44E1}.Release|x64.ActiveCfg = Release|Any CPU
		{A87E5353-3512-4A00-B28A-3DA00A9E44E1}.Release|x64.Build.0 = Release|Any CPU
		{A87E5353-3512-4A00-B28A-3DA00A9E44E1}.Release|x86.ActiveCfg = Release|Any CPU
		{A87E5353-3512-4A00-B28A-3DA00A9E44E1}.Release|x86.Build.0 = Release|Any CPU
		{F36EE7E9-C568-4C2F-8E7B-AB87E10B49CA}.Debug|Any CPU.ActiveCfg = Debug|Any CPU
		{F36EE7E9-C568-4C2F-8E7B-AB87E10B49CA}.Debug|Any CPU.Build.0 = Debug|Any CPU
		{F36EE7E9-C568-4C2F-8E7B-AB87E10B49CA}.Debug|x64.ActiveCfg = Debug|Any CPU
		{F36EE7E9-C568-4C2F-8E7B-AB87E10B49CA}.Debug|x64.Build.0 = Debug|Any CPU
		{F36EE7E9-C568-4C2F-8E7B-AB87E10B49CA}.Debug|x86.ActiveCfg = Debug|Any CPU
		{F36EE7E9-C568-4C2F-8E7B-AB87E10B49CA}.Debug|x86.Build.0 = Debug|Any CPU
		{F36EE7E9-C568-4C2F-8E7B-AB87E10B49CA}.Release|Any CPU.ActiveCfg = Release|Any CPU
		{F36EE7E9-C568-4C2F-8E7B-AB87E10B49CA}.Release|Any CPU.Build.0 = Release|Any CPU
		{F36EE7E9-C568-4C2F-8E7B-AB87E10B49CA}.Release|x64.ActiveCfg = Release|Any CPU
		{F36EE7E9-C568-4C2F-8E7B-AB87E10B49CA}.Release|x64.Build.0 = Release|Any CPU
		{F36EE7E9-C568-4C2F-8E7B-AB87E10B49CA}.Release|x86.ActiveCfg = Release|Any CPU
		{F36EE7E9-C568-4C2F-8E7B-AB87E10B49CA}.Release|x86.Build.0 = Release|Any CPU
		{C3622994-9C76-49A5-95B0-84510785C187}.Debug|Any CPU.ActiveCfg = Debug|Any CPU
		{C3622994-9C76-49A5-95B0-84510785C187}.Debug|Any CPU.Build.0 = Debug|Any CPU
		{C3622994-9C76-49A5-95B0-84510785C187}.Debug|x64.ActiveCfg = Debug|Any CPU
		{C3622994-9C76-49A5-95B0-84510785C187}.Debug|x64.Build.0 = Debug|Any CPU
		{C3622994-9C76-49A5-95B0-84510785C187}.Debug|x86.ActiveCfg = Debug|Any CPU
		{C3622994-9C76-49A5-95B0-84510785C187}.Debug|x86.Build.0 = Debug|Any CPU
		{C3622994-9C76-49A5-95B0-84510785C187}.Release|Any CPU.ActiveCfg = Release|Any CPU
		{C3622994-9C76-49A5-95B0-84510785C187}.Release|Any CPU.Build.0 = Release|Any CPU
		{C3622994-9C76-49A5-95B0-84510785C187}.Release|x64.ActiveCfg = Release|Any CPU
		{C3622994-9C76-49A5-95B0-84510785C187}.Release|x64.Build.0 = Release|Any CPU
		{C3622994-9C76-49A5-95B0-84510785C187}.Release|x86.ActiveCfg = Release|Any CPU
		{C3622994-9C76-49A5-95B0-84510785C187}.Release|x86.Build.0 = Release|Any CPU
		{ADD87927-5BBE-4D93-A7BD-EF73034F723E}.Debug|Any CPU.ActiveCfg = Debug|Any CPU
		{ADD87927-5BBE-4D93-A7BD-EF73034F723E}.Debug|Any CPU.Build.0 = Debug|Any CPU
		{ADD87927-5BBE-4D93-A7BD-EF73034F723E}.Debug|x64.ActiveCfg = Debug|Any CPU
		{ADD87927-5BBE-4D93-A7BD-EF73034F723E}.Debug|x64.Build.0 = Debug|Any CPU
		{ADD87927-5BBE-4D93-A7BD-EF73034F723E}.Debug|x86.ActiveCfg = Debug|Any CPU
		{ADD87927-5BBE-4D93-A7BD-EF73034F723E}.Debug|x86.Build.0 = Debug|Any CPU
		{ADD87927-5BBE-4D93-A7BD-EF73034F723E}.Release|Any CPU.ActiveCfg = Release|Any CPU
		{ADD87927-5BBE-4D93-A7BD-EF73034F723E}.Release|Any CPU.Build.0 = Release|Any CPU
		{ADD87927-5BBE-4D93-A7BD-EF73034F723E}.Release|x64.ActiveCfg = Release|Any CPU
		{ADD87927-5BBE-4D93-A7BD-EF73034F723E}.Release|x64.Build.0 = Release|Any CPU
		{ADD87927-5BBE-4D93-A7BD-EF73034F723E}.Release|x86.ActiveCfg = Release|Any CPU
		{ADD87927-5BBE-4D93-A7BD-EF73034F723E}.Release|x86.Build.0 = Release|Any CPU
		{750108C9-9E92-455A-AF07-C80E4E8732CE}.Debug|Any CPU.ActiveCfg = Debug|Any CPU
		{750108C9-9E92-455A-AF07-C80E4E8732CE}.Debug|Any CPU.Build.0 = Debug|Any CPU
		{750108C9-9E92-455A-AF07-C80E4E8732CE}.Debug|x64.ActiveCfg = Debug|Any CPU
		{750108C9-9E92-455A-AF07-C80E4E8732CE}.Debug|x64.Build.0 = Debug|Any CPU
		{750108C9-9E92-455A-AF07-C80E4E8732CE}.Debug|x86.ActiveCfg = Debug|Any CPU
		{750108C9-9E92-455A-AF07-C80E4E8732CE}.Debug|x86.Build.0 = Debug|Any CPU
		{750108C9-9E92-455A-AF07-C80E4E8732CE}.Release|Any CPU.ActiveCfg = Release|Any CPU
		{750108C9-9E92-455A-AF07-C80E4E8732CE}.Release|Any CPU.Build.0 = Release|Any CPU
		{750108C9-9E92-455A-AF07-C80E4E8732CE}.Release|x64.ActiveCfg = Release|Any CPU
		{750108C9-9E92-455A-AF07-C80E4E8732CE}.Release|x64.Build.0 = Release|Any CPU
		{750108C9-9E92-455A-AF07-C80E4E8732CE}.Release|x86.ActiveCfg = Release|Any CPU
		{750108C9-9E92-455A-AF07-C80E4E8732CE}.Release|x86.Build.0 = Release|Any CPU
		{F9F51543-9E19-4016-B777-B97CA0858A2D}.Debug|Any CPU.ActiveCfg = Debug|Any CPU
		{F9F51543-9E19-4016-B777-B97CA0858A2D}.Debug|Any CPU.Build.0 = Debug|Any CPU
		{F9F51543-9E19-4016-B777-B97CA0858A2D}.Debug|x64.ActiveCfg = Debug|Any CPU
		{F9F51543-9E19-4016-B777-B97CA0858A2D}.Debug|x64.Build.0 = Debug|Any CPU
		{F9F51543-9E19-4016-B777-B97CA0858A2D}.Debug|x86.ActiveCfg = Debug|Any CPU
		{F9F51543-9E19-4016-B777-B97CA0858A2D}.Debug|x86.Build.0 = Debug|Any CPU
		{F9F51543-9E19-4016-B777-B97CA0858A2D}.Release|Any CPU.ActiveCfg = Release|Any CPU
		{F9F51543-9E19-4016-B777-B97CA0858A2D}.Release|Any CPU.Build.0 = Release|Any CPU
		{F9F51543-9E19-4016-B777-B97CA0858A2D}.Release|x64.ActiveCfg = Release|Any CPU
		{F9F51543-9E19-4016-B777-B97CA0858A2D}.Release|x64.Build.0 = Release|Any CPU
		{F9F51543-9E19-4016-B777-B97CA0858A2D}.Release|x86.ActiveCfg = Release|Any CPU
		{F9F51543-9E19-4016-B777-B97CA0858A2D}.Release|x86.Build.0 = Release|Any CPU
		{01CA9B09-60E3-42E6-B1A9-CCE57D57F12E}.Debug|Any CPU.ActiveCfg = Debug|Any CPU
		{01CA9B09-60E3-42E6-B1A9-CCE57D57F12E}.Debug|Any CPU.Build.0 = Debug|Any CPU
		{01CA9B09-60E3-42E6-B1A9-CCE57D57F12E}.Debug|x64.ActiveCfg = Debug|Any CPU
		{01CA9B09-60E3-42E6-B1A9-CCE57D57F12E}.Debug|x64.Build.0 = Debug|Any CPU
		{01CA9B09-60E3-42E6-B1A9-CCE57D57F12E}.Debug|x86.ActiveCfg = Debug|Any CPU
		{01CA9B09-60E3-42E6-B1A9-CCE57D57F12E}.Debug|x86.Build.0 = Debug|Any CPU
		{01CA9B09-60E3-42E6-B1A9-CCE57D57F12E}.Release|Any CPU.ActiveCfg = Release|Any CPU
		{01CA9B09-60E3-42E6-B1A9-CCE57D57F12E}.Release|Any CPU.Build.0 = Release|Any CPU
		{01CA9B09-60E3-42E6-B1A9-CCE57D57F12E}.Release|x64.ActiveCfg = Release|Any CPU
		{01CA9B09-60E3-42E6-B1A9-CCE57D57F12E}.Release|x64.Build.0 = Release|Any CPU
		{01CA9B09-60E3-42E6-B1A9-CCE57D57F12E}.Release|x86.ActiveCfg = Release|Any CPU
		{01CA9B09-60E3-42E6-B1A9-CCE57D57F12E}.Release|x86.Build.0 = Release|Any CPU
		{5F06F63A-5EB3-4080-9446-FFE110E60D01}.Debug|Any CPU.ActiveCfg = Debug|Any CPU
		{5F06F63A-5EB3-4080-9446-FFE110E60D01}.Debug|Any CPU.Build.0 = Debug|Any CPU
		{5F06F63A-5EB3-4080-9446-FFE110E60D01}.Debug|x64.ActiveCfg = Debug|Any CPU
		{5F06F63A-5EB3-4080-9446-FFE110E60D01}.Debug|x64.Build.0 = Debug|Any CPU
		{5F06F63A-5EB3-4080-9446-FFE110E60D01}.Debug|x86.ActiveCfg = Debug|Any CPU
		{5F06F63A-5EB3-4080-9446-FFE110E60D01}.Debug|x86.Build.0 = Debug|Any CPU
		{5F06F63A-5EB3-4080-9446-FFE110E60D01}.Release|Any CPU.ActiveCfg = Release|Any CPU
		{5F06F63A-5EB3-4080-9446-FFE110E60D01}.Release|Any CPU.Build.0 = Release|Any CPU
		{5F06F63A-5EB3-4080-9446-FFE110E60D01}.Release|x64.ActiveCfg = Release|Any CPU
		{5F06F63A-5EB3-4080-9446-FFE110E60D01}.Release|x64.Build.0 = Release|Any CPU
		{5F06F63A-5EB3-4080-9446-FFE110E60D01}.Release|x86.ActiveCfg = Release|Any CPU
		{5F06F63A-5EB3-4080-9446-FFE110E60D01}.Release|x86.Build.0 = Release|Any CPU
		{109E96EE-5B70-4B19-A855-E4CEB4063999}.Debug|Any CPU.ActiveCfg = Debug|Any CPU
		{109E96EE-5B70-4B19-A855-E4CEB4063999}.Debug|Any CPU.Build.0 = Debug|Any CPU
		{109E96EE-5B70-4B19-A855-E4CEB4063999}.Debug|x64.ActiveCfg = Debug|Any CPU
		{109E96EE-5B70-4B19-A855-E4CEB4063999}.Debug|x64.Build.0 = Debug|Any CPU
		{109E96EE-5B70-4B19-A855-E4CEB4063999}.Debug|x86.ActiveCfg = Debug|Any CPU
		{109E96EE-5B70-4B19-A855-E4CEB4063999}.Debug|x86.Build.0 = Debug|Any CPU
		{109E96EE-5B70-4B19-A855-E4CEB4063999}.Release|Any CPU.ActiveCfg = Release|Any CPU
		{109E96EE-5B70-4B19-A855-E4CEB4063999}.Release|Any CPU.Build.0 = Release|Any CPU
		{109E96EE-5B70-4B19-A855-E4CEB4063999}.Release|x64.ActiveCfg = Release|Any CPU
		{109E96EE-5B70-4B19-A855-E4CEB4063999}.Release|x64.Build.0 = Release|Any CPU
		{109E96EE-5B70-4B19-A855-E4CEB4063999}.Release|x86.ActiveCfg = Release|Any CPU
		{109E96EE-5B70-4B19-A855-E4CEB4063999}.Release|x86.Build.0 = Release|Any CPU
		{BD8EFF5A-F2A7-4D01-B282-0FCB2E8A083A}.Debug|Any CPU.ActiveCfg = Debug|Any CPU
		{BD8EFF5A-F2A7-4D01-B282-0FCB2E8A083A}.Debug|Any CPU.Build.0 = Debug|Any CPU
		{BD8EFF5A-F2A7-4D01-B282-0FCB2E8A083A}.Debug|x64.ActiveCfg = Debug|Any CPU
		{BD8EFF5A-F2A7-4D01-B282-0FCB2E8A083A}.Debug|x64.Build.0 = Debug|Any CPU
		{BD8EFF5A-F2A7-4D01-B282-0FCB2E8A083A}.Debug|x86.ActiveCfg = Debug|Any CPU
		{BD8EFF5A-F2A7-4D01-B282-0FCB2E8A083A}.Debug|x86.Build.0 = Debug|Any CPU
		{BD8EFF5A-F2A7-4D01-B282-0FCB2E8A083A}.Release|Any CPU.ActiveCfg = Release|Any CPU
		{BD8EFF5A-F2A7-4D01-B282-0FCB2E8A083A}.Release|Any CPU.Build.0 = Release|Any CPU
		{BD8EFF5A-F2A7-4D01-B282-0FCB2E8A083A}.Release|x64.ActiveCfg = Release|Any CPU
		{BD8EFF5A-F2A7-4D01-B282-0FCB2E8A083A}.Release|x64.Build.0 = Release|Any CPU
		{BD8EFF5A-F2A7-4D01-B282-0FCB2E8A083A}.Release|x86.ActiveCfg = Release|Any CPU
		{BD8EFF5A-F2A7-4D01-B282-0FCB2E8A083A}.Release|x86.Build.0 = Release|Any CPU
		{FB22E1C8-BCF6-4F3C-99CF-465C2B7D0E32}.Debug|Any CPU.ActiveCfg = Debug|Any CPU
		{FB22E1C8-BCF6-4F3C-99CF-465C2B7D0E32}.Debug|Any CPU.Build.0 = Debug|Any CPU
		{FB22E1C8-BCF6-4F3C-99CF-465C2B7D0E32}.Debug|x64.ActiveCfg = Debug|Any CPU
		{FB22E1C8-BCF6-4F3C-99CF-465C2B7D0E32}.Debug|x64.Build.0 = Debug|Any CPU
		{FB22E1C8-BCF6-4F3C-99CF-465C2B7D0E32}.Debug|x86.ActiveCfg = Debug|Any CPU
		{FB22E1C8-BCF6-4F3C-99CF-465C2B7D0E32}.Debug|x86.Build.0 = Debug|Any CPU
		{FB22E1C8-BCF6-4F3C-99CF-465C2B7D0E32}.Release|Any CPU.ActiveCfg = Release|Any CPU
		{FB22E1C8-BCF6-4F3C-99CF-465C2B7D0E32}.Release|Any CPU.Build.0 = Release|Any CPU
		{FB22E1C8-BCF6-4F3C-99CF-465C2B7D0E32}.Release|x64.ActiveCfg = Release|Any CPU
		{FB22E1C8-BCF6-4F3C-99CF-465C2B7D0E32}.Release|x64.Build.0 = Release|Any CPU
		{FB22E1C8-BCF6-4F3C-99CF-465C2B7D0E32}.Release|x86.ActiveCfg = Release|Any CPU
		{FB22E1C8-BCF6-4F3C-99CF-465C2B7D0E32}.Release|x86.Build.0 = Release|Any CPU
		{CF729E2E-9333-415E-9276-0DDC77E1BDA1}.Debug|Any CPU.ActiveCfg = Debug|Any CPU
		{CF729E2E-9333-415E-9276-0DDC77E1BDA1}.Debug|Any CPU.Build.0 = Debug|Any CPU
		{CF729E2E-9333-415E-9276-0DDC77E1BDA1}.Debug|x64.ActiveCfg = Debug|Any CPU
		{CF729E2E-9333-415E-9276-0DDC77E1BDA1}.Debug|x64.Build.0 = Debug|Any CPU
		{CF729E2E-9333-415E-9276-0DDC77E1BDA1}.Debug|x86.ActiveCfg = Debug|Any CPU
		{CF729E2E-9333-415E-9276-0DDC77E1BDA1}.Debug|x86.Build.0 = Debug|Any CPU
		{CF729E2E-9333-415E-9276-0DDC77E1BDA1}.Release|Any CPU.ActiveCfg = Release|Any CPU
		{CF729E2E-9333-415E-9276-0DDC77E1BDA1}.Release|Any CPU.Build.0 = Release|Any CPU
		{CF729E2E-9333-415E-9276-0DDC77E1BDA1}.Release|x64.ActiveCfg = Release|Any CPU
		{CF729E2E-9333-415E-9276-0DDC77E1BDA1}.Release|x64.Build.0 = Release|Any CPU
		{CF729E2E-9333-415E-9276-0DDC77E1BDA1}.Release|x86.ActiveCfg = Release|Any CPU
		{CF729E2E-9333-415E-9276-0DDC77E1BDA1}.Release|x86.Build.0 = Release|Any CPU
		{ED13617B-72CA-4AAD-8A62-8B338D8158C1}.Debug|Any CPU.ActiveCfg = Debug|Any CPU
		{ED13617B-72CA-4AAD-8A62-8B338D8158C1}.Debug|Any CPU.Build.0 = Debug|Any CPU
		{ED13617B-72CA-4AAD-8A62-8B338D8158C1}.Debug|x64.ActiveCfg = Debug|Any CPU
		{ED13617B-72CA-4AAD-8A62-8B338D8158C1}.Debug|x64.Build.0 = Debug|Any CPU
		{ED13617B-72CA-4AAD-8A62-8B338D8158C1}.Debug|x86.ActiveCfg = Debug|Any CPU
		{ED13617B-72CA-4AAD-8A62-8B338D8158C1}.Debug|x86.Build.0 = Debug|Any CPU
		{ED13617B-72CA-4AAD-8A62-8B338D8158C1}.Release|Any CPU.ActiveCfg = Release|Any CPU
		{ED13617B-72CA-4AAD-8A62-8B338D8158C1}.Release|Any CPU.Build.0 = Release|Any CPU
		{ED13617B-72CA-4AAD-8A62-8B338D8158C1}.Release|x64.ActiveCfg = Release|Any CPU
		{ED13617B-72CA-4AAD-8A62-8B338D8158C1}.Release|x64.Build.0 = Release|Any CPU
		{ED13617B-72CA-4AAD-8A62-8B338D8158C1}.Release|x86.ActiveCfg = Release|Any CPU
		{ED13617B-72CA-4AAD-8A62-8B338D8158C1}.Release|x86.Build.0 = Release|Any CPU
		{E4E2D2BB-55FA-4743-BFAC-CF0439D74AFA}.Debug|Any CPU.ActiveCfg = Debug|Any CPU
		{E4E2D2BB-55FA-4743-BFAC-CF0439D74AFA}.Debug|Any CPU.Build.0 = Debug|Any CPU
		{E4E2D2BB-55FA-4743-BFAC-CF0439D74AFA}.Debug|x64.ActiveCfg = Debug|Any CPU
		{E4E2D2BB-55FA-4743-BFAC-CF0439D74AFA}.Debug|x64.Build.0 = Debug|Any CPU
		{E4E2D2BB-55FA-4743-BFAC-CF0439D74AFA}.Debug|x86.ActiveCfg = Debug|Any CPU
		{E4E2D2BB-55FA-4743-BFAC-CF0439D74AFA}.Debug|x86.Build.0 = Debug|Any CPU
		{E4E2D2BB-55FA-4743-BFAC-CF0439D74AFA}.Release|Any CPU.ActiveCfg = Release|Any CPU
		{E4E2D2BB-55FA-4743-BFAC-CF0439D74AFA}.Release|Any CPU.Build.0 = Release|Any CPU
		{E4E2D2BB-55FA-4743-BFAC-CF0439D74AFA}.Release|x64.ActiveCfg = Release|Any CPU
		{E4E2D2BB-55FA-4743-BFAC-CF0439D74AFA}.Release|x64.Build.0 = Release|Any CPU
		{E4E2D2BB-55FA-4743-BFAC-CF0439D74AFA}.Release|x86.ActiveCfg = Release|Any CPU
		{E4E2D2BB-55FA-4743-BFAC-CF0439D74AFA}.Release|x86.Build.0 = Release|Any CPU
		{710B78C7-1742-4AD5-854F-0D4018DA3AF2}.Debug|Any CPU.ActiveCfg = Debug|Any CPU
		{710B78C7-1742-4AD5-854F-0D4018DA3AF2}.Debug|Any CPU.Build.0 = Debug|Any CPU
		{710B78C7-1742-4AD5-854F-0D4018DA3AF2}.Debug|x64.ActiveCfg = Debug|Any CPU
		{710B78C7-1742-4AD5-854F-0D4018DA3AF2}.Debug|x64.Build.0 = Debug|Any CPU
		{710B78C7-1742-4AD5-854F-0D4018DA3AF2}.Debug|x86.ActiveCfg = Debug|Any CPU
		{710B78C7-1742-4AD5-854F-0D4018DA3AF2}.Debug|x86.Build.0 = Debug|Any CPU
		{710B78C7-1742-4AD5-854F-0D4018DA3AF2}.Release|Any CPU.ActiveCfg = Release|Any CPU
		{710B78C7-1742-4AD5-854F-0D4018DA3AF2}.Release|Any CPU.Build.0 = Release|Any CPU
		{710B78C7-1742-4AD5-854F-0D4018DA3AF2}.Release|x64.ActiveCfg = Release|Any CPU
		{710B78C7-1742-4AD5-854F-0D4018DA3AF2}.Release|x64.Build.0 = Release|Any CPU
		{710B78C7-1742-4AD5-854F-0D4018DA3AF2}.Release|x86.ActiveCfg = Release|Any CPU
		{710B78C7-1742-4AD5-854F-0D4018DA3AF2}.Release|x86.Build.0 = Release|Any CPU
		{79567767-2A51-4DCB-BFCE-46849B5BED76}.Debug|Any CPU.ActiveCfg = Debug|Any CPU
		{79567767-2A51-4DCB-BFCE-46849B5BED76}.Debug|Any CPU.Build.0 = Debug|Any CPU
		{79567767-2A51-4DCB-BFCE-46849B5BED76}.Debug|x64.ActiveCfg = Debug|Any CPU
		{79567767-2A51-4DCB-BFCE-46849B5BED76}.Debug|x64.Build.0 = Debug|Any CPU
		{79567767-2A51-4DCB-BFCE-46849B5BED76}.Debug|x86.ActiveCfg = Debug|Any CPU
		{79567767-2A51-4DCB-BFCE-46849B5BED76}.Debug|x86.Build.0 = Debug|Any CPU
		{79567767-2A51-4DCB-BFCE-46849B5BED76}.Release|Any CPU.ActiveCfg = Release|Any CPU
		{79567767-2A51-4DCB-BFCE-46849B5BED76}.Release|Any CPU.Build.0 = Release|Any CPU
		{79567767-2A51-4DCB-BFCE-46849B5BED76}.Release|x64.ActiveCfg = Release|Any CPU
		{79567767-2A51-4DCB-BFCE-46849B5BED76}.Release|x64.Build.0 = Release|Any CPU
		{79567767-2A51-4DCB-BFCE-46849B5BED76}.Release|x86.ActiveCfg = Release|Any CPU
		{79567767-2A51-4DCB-BFCE-46849B5BED76}.Release|x86.Build.0 = Release|Any CPU
		{1ADB3368-7730-4282-BB8F-6F8CE3F61BD7}.Debug|Any CPU.ActiveCfg = Debug|Any CPU
		{1ADB3368-7730-4282-BB8F-6F8CE3F61BD7}.Debug|Any CPU.Build.0 = Debug|Any CPU
		{1ADB3368-7730-4282-BB8F-6F8CE3F61BD7}.Debug|x64.ActiveCfg = Debug|Any CPU
		{1ADB3368-7730-4282-BB8F-6F8CE3F61BD7}.Debug|x64.Build.0 = Debug|Any CPU
		{1ADB3368-7730-4282-BB8F-6F8CE3F61BD7}.Debug|x86.ActiveCfg = Debug|Any CPU
		{1ADB3368-7730-4282-BB8F-6F8CE3F61BD7}.Debug|x86.Build.0 = Debug|Any CPU
		{1ADB3368-7730-4282-BB8F-6F8CE3F61BD7}.Release|Any CPU.ActiveCfg = Release|Any CPU
		{1ADB3368-7730-4282-BB8F-6F8CE3F61BD7}.Release|Any CPU.Build.0 = Release|Any CPU
		{1ADB3368-7730-4282-BB8F-6F8CE3F61BD7}.Release|x64.ActiveCfg = Release|Any CPU
		{1ADB3368-7730-4282-BB8F-6F8CE3F61BD7}.Release|x64.Build.0 = Release|Any CPU
		{1ADB3368-7730-4282-BB8F-6F8CE3F61BD7}.Release|x86.ActiveCfg = Release|Any CPU
		{1ADB3368-7730-4282-BB8F-6F8CE3F61BD7}.Release|x86.Build.0 = Release|Any CPU
		{B5958E6F-A854-4CDA-BFB0-FB1F7D5652A9}.Debug|Any CPU.ActiveCfg = Debug|Any CPU
		{B5958E6F-A854-4CDA-BFB0-FB1F7D5652A9}.Debug|Any CPU.Build.0 = Debug|Any CPU
		{B5958E6F-A854-4CDA-BFB0-FB1F7D5652A9}.Debug|x64.ActiveCfg = Debug|Any CPU
		{B5958E6F-A854-4CDA-BFB0-FB1F7D5652A9}.Debug|x64.Build.0 = Debug|Any CPU
		{B5958E6F-A854-4CDA-BFB0-FB1F7D5652A9}.Debug|x86.ActiveCfg = Debug|Any CPU
		{B5958E6F-A854-4CDA-BFB0-FB1F7D5652A9}.Debug|x86.Build.0 = Debug|Any CPU
		{B5958E6F-A854-4CDA-BFB0-FB1F7D5652A9}.Release|Any CPU.ActiveCfg = Release|Any CPU
		{B5958E6F-A854-4CDA-BFB0-FB1F7D5652A9}.Release|Any CPU.Build.0 = Release|Any CPU
		{B5958E6F-A854-4CDA-BFB0-FB1F7D5652A9}.Release|x64.ActiveCfg = Release|Any CPU
		{B5958E6F-A854-4CDA-BFB0-FB1F7D5652A9}.Release|x64.Build.0 = Release|Any CPU
		{B5958E6F-A854-4CDA-BFB0-FB1F7D5652A9}.Release|x86.ActiveCfg = Release|Any CPU
		{B5958E6F-A854-4CDA-BFB0-FB1F7D5652A9}.Release|x86.Build.0 = Release|Any CPU
		{EA416A83-3C65-458E-8CAC-04C8D90A7F78}.Debug|Any CPU.ActiveCfg = Debug|Any CPU
		{EA416A83-3C65-458E-8CAC-04C8D90A7F78}.Debug|Any CPU.Build.0 = Debug|Any CPU
		{EA416A83-3C65-458E-8CAC-04C8D90A7F78}.Debug|x64.ActiveCfg = Debug|Any CPU
		{EA416A83-3C65-458E-8CAC-04C8D90A7F78}.Debug|x64.Build.0 = Debug|Any CPU
		{EA416A83-3C65-458E-8CAC-04C8D90A7F78}.Debug|x86.ActiveCfg = Debug|Any CPU
		{EA416A83-3C65-458E-8CAC-04C8D90A7F78}.Debug|x86.Build.0 = Debug|Any CPU
		{EA416A83-3C65-458E-8CAC-04C8D90A7F78}.Release|Any CPU.ActiveCfg = Release|Any CPU
		{EA416A83-3C65-458E-8CAC-04C8D90A7F78}.Release|Any CPU.Build.0 = Release|Any CPU
		{EA416A83-3C65-458E-8CAC-04C8D90A7F78}.Release|x64.ActiveCfg = Release|Any CPU
		{EA416A83-3C65-458E-8CAC-04C8D90A7F78}.Release|x64.Build.0 = Release|Any CPU
		{EA416A83-3C65-458E-8CAC-04C8D90A7F78}.Release|x86.ActiveCfg = Release|Any CPU
		{EA416A83-3C65-458E-8CAC-04C8D90A7F78}.Release|x86.Build.0 = Release|Any CPU
		{3CBE4264-9A4D-43D3-AA17-3405BBBC16E9}.Debug|Any CPU.ActiveCfg = Debug|Any CPU
		{3CBE4264-9A4D-43D3-AA17-3405BBBC16E9}.Debug|Any CPU.Build.0 = Debug|Any CPU
		{3CBE4264-9A4D-43D3-AA17-3405BBBC16E9}.Debug|x64.ActiveCfg = Debug|Any CPU
		{3CBE4264-9A4D-43D3-AA17-3405BBBC16E9}.Debug|x64.Build.0 = Debug|Any CPU
		{3CBE4264-9A4D-43D3-AA17-3405BBBC16E9}.Debug|x86.ActiveCfg = Debug|Any CPU
		{3CBE4264-9A4D-43D3-AA17-3405BBBC16E9}.Debug|x86.Build.0 = Debug|Any CPU
		{3CBE4264-9A4D-43D3-AA17-3405BBBC16E9}.Release|Any CPU.ActiveCfg = Release|Any CPU
		{3CBE4264-9A4D-43D3-AA17-3405BBBC16E9}.Release|Any CPU.Build.0 = Release|Any CPU
		{3CBE4264-9A4D-43D3-AA17-3405BBBC16E9}.Release|x64.ActiveCfg = Release|Any CPU
		{3CBE4264-9A4D-43D3-AA17-3405BBBC16E9}.Release|x64.Build.0 = Release|Any CPU
		{3CBE4264-9A4D-43D3-AA17-3405BBBC16E9}.Release|x86.ActiveCfg = Release|Any CPU
		{3CBE4264-9A4D-43D3-AA17-3405BBBC16E9}.Release|x86.Build.0 = Release|Any CPU
		{5D315696-251C-4176-9162-BC71608E8938}.Debug|Any CPU.ActiveCfg = Debug|Any CPU
		{5D315696-251C-4176-9162-BC71608E8938}.Debug|Any CPU.Build.0 = Debug|Any CPU
		{5D315696-251C-4176-9162-BC71608E8938}.Debug|x64.ActiveCfg = Debug|Any CPU
		{5D315696-251C-4176-9162-BC71608E8938}.Debug|x64.Build.0 = Debug|Any CPU
		{5D315696-251C-4176-9162-BC71608E8938}.Debug|x86.ActiveCfg = Debug|Any CPU
		{5D315696-251C-4176-9162-BC71608E8938}.Debug|x86.Build.0 = Debug|Any CPU
		{5D315696-251C-4176-9162-BC71608E8938}.Release|Any CPU.ActiveCfg = Release|Any CPU
		{5D315696-251C-4176-9162-BC71608E8938}.Release|Any CPU.Build.0 = Release|Any CPU
		{5D315696-251C-4176-9162-BC71608E8938}.Release|x64.ActiveCfg = Release|Any CPU
		{5D315696-251C-4176-9162-BC71608E8938}.Release|x64.Build.0 = Release|Any CPU
		{5D315696-251C-4176-9162-BC71608E8938}.Release|x86.ActiveCfg = Release|Any CPU
		{5D315696-251C-4176-9162-BC71608E8938}.Release|x86.Build.0 = Release|Any CPU
		{E58FA897-21DD-47EC-BC2D-C23916242C89}.Debug|Any CPU.ActiveCfg = Debug|Any CPU
		{E58FA897-21DD-47EC-BC2D-C23916242C89}.Debug|Any CPU.Build.0 = Debug|Any CPU
		{E58FA897-21DD-47EC-BC2D-C23916242C89}.Debug|x64.ActiveCfg = Debug|Any CPU
		{E58FA897-21DD-47EC-BC2D-C23916242C89}.Debug|x64.Build.0 = Debug|Any CPU
		{E58FA897-21DD-47EC-BC2D-C23916242C89}.Debug|x86.ActiveCfg = Debug|Any CPU
		{E58FA897-21DD-47EC-BC2D-C23916242C89}.Debug|x86.Build.0 = Debug|Any CPU
		{E58FA897-21DD-47EC-BC2D-C23916242C89}.Release|Any CPU.ActiveCfg = Release|Any CPU
		{E58FA897-21DD-47EC-BC2D-C23916242C89}.Release|Any CPU.Build.0 = Release|Any CPU
		{E58FA897-21DD-47EC-BC2D-C23916242C89}.Release|x64.ActiveCfg = Release|Any CPU
		{E58FA897-21DD-47EC-BC2D-C23916242C89}.Release|x64.Build.0 = Release|Any CPU
		{E58FA897-21DD-47EC-BC2D-C23916242C89}.Release|x86.ActiveCfg = Release|Any CPU
		{E58FA897-21DD-47EC-BC2D-C23916242C89}.Release|x86.Build.0 = Release|Any CPU
		{1FE1B82C-F584-449A-9A06-0E8BF8DB0C9B}.Debug|Any CPU.ActiveCfg = Debug|Any CPU
		{1FE1B82C-F584-449A-9A06-0E8BF8DB0C9B}.Debug|Any CPU.Build.0 = Debug|Any CPU
		{1FE1B82C-F584-449A-9A06-0E8BF8DB0C9B}.Debug|x64.ActiveCfg = Debug|Any CPU
		{1FE1B82C-F584-449A-9A06-0E8BF8DB0C9B}.Debug|x64.Build.0 = Debug|Any CPU
		{1FE1B82C-F584-449A-9A06-0E8BF8DB0C9B}.Debug|x86.ActiveCfg = Debug|Any CPU
		{1FE1B82C-F584-449A-9A06-0E8BF8DB0C9B}.Debug|x86.Build.0 = Debug|Any CPU
		{1FE1B82C-F584-449A-9A06-0E8BF8DB0C9B}.Release|Any CPU.ActiveCfg = Release|Any CPU
		{1FE1B82C-F584-449A-9A06-0E8BF8DB0C9B}.Release|Any CPU.Build.0 = Release|Any CPU
		{1FE1B82C-F584-449A-9A06-0E8BF8DB0C9B}.Release|x64.ActiveCfg = Release|Any CPU
		{1FE1B82C-F584-449A-9A06-0E8BF8DB0C9B}.Release|x64.Build.0 = Release|Any CPU
		{1FE1B82C-F584-449A-9A06-0E8BF8DB0C9B}.Release|x86.ActiveCfg = Release|Any CPU
		{1FE1B82C-F584-449A-9A06-0E8BF8DB0C9B}.Release|x86.Build.0 = Release|Any CPU
		{DCC8602A-54E8-4C85-8865-727559434372}.Debug|Any CPU.ActiveCfg = Debug|Any CPU
		{DCC8602A-54E8-4C85-8865-727559434372}.Debug|Any CPU.Build.0 = Debug|Any CPU
		{DCC8602A-54E8-4C85-8865-727559434372}.Debug|x64.ActiveCfg = Debug|Any CPU
		{DCC8602A-54E8-4C85-8865-727559434372}.Debug|x64.Build.0 = Debug|Any CPU
		{DCC8602A-54E8-4C85-8865-727559434372}.Debug|x86.ActiveCfg = Debug|Any CPU
		{DCC8602A-54E8-4C85-8865-727559434372}.Debug|x86.Build.0 = Debug|Any CPU
		{DCC8602A-54E8-4C85-8865-727559434372}.Release|Any CPU.ActiveCfg = Release|Any CPU
		{DCC8602A-54E8-4C85-8865-727559434372}.Release|Any CPU.Build.0 = Release|Any CPU
		{DCC8602A-54E8-4C85-8865-727559434372}.Release|x64.ActiveCfg = Release|Any CPU
		{DCC8602A-54E8-4C85-8865-727559434372}.Release|x64.Build.0 = Release|Any CPU
		{DCC8602A-54E8-4C85-8865-727559434372}.Release|x86.ActiveCfg = Release|Any CPU
		{DCC8602A-54E8-4C85-8865-727559434372}.Release|x86.Build.0 = Release|Any CPU
		{FB140C82-6898-4303-9AE6-99440E27883B}.Debug|Any CPU.ActiveCfg = Debug|Any CPU
		{FB140C82-6898-4303-9AE6-99440E27883B}.Debug|Any CPU.Build.0 = Debug|Any CPU
		{FB140C82-6898-4303-9AE6-99440E27883B}.Debug|x64.ActiveCfg = Debug|Any CPU
		{FB140C82-6898-4303-9AE6-99440E27883B}.Debug|x64.Build.0 = Debug|Any CPU
		{FB140C82-6898-4303-9AE6-99440E27883B}.Debug|x86.ActiveCfg = Debug|Any CPU
		{FB140C82-6898-4303-9AE6-99440E27883B}.Debug|x86.Build.0 = Debug|Any CPU
		{FB140C82-6898-4303-9AE6-99440E27883B}.Release|Any CPU.ActiveCfg = Release|Any CPU
		{FB140C82-6898-4303-9AE6-99440E27883B}.Release|Any CPU.Build.0 = Release|Any CPU
		{FB140C82-6898-4303-9AE6-99440E27883B}.Release|x64.ActiveCfg = Release|Any CPU
		{FB140C82-6898-4303-9AE6-99440E27883B}.Release|x64.Build.0 = Release|Any CPU
		{FB140C82-6898-4303-9AE6-99440E27883B}.Release|x86.ActiveCfg = Release|Any CPU
		{FB140C82-6898-4303-9AE6-99440E27883B}.Release|x86.Build.0 = Release|Any CPU
		{BA845D4C-9425-40B8-94F0-7255FFF4C470}.Debug|Any CPU.ActiveCfg = Debug|Any CPU
		{BA845D4C-9425-40B8-94F0-7255FFF4C470}.Debug|Any CPU.Build.0 = Debug|Any CPU
		{BA845D4C-9425-40B8-94F0-7255FFF4C470}.Debug|x64.ActiveCfg = Debug|Any CPU
		{BA845D4C-9425-40B8-94F0-7255FFF4C470}.Debug|x64.Build.0 = Debug|Any CPU
		{BA845D4C-9425-40B8-94F0-7255FFF4C470}.Debug|x86.ActiveCfg = Debug|Any CPU
		{BA845D4C-9425-40B8-94F0-7255FFF4C470}.Debug|x86.Build.0 = Debug|Any CPU
		{BA845D4C-9425-40B8-94F0-7255FFF4C470}.Release|Any CPU.ActiveCfg = Release|Any CPU
		{BA845D4C-9425-40B8-94F0-7255FFF4C470}.Release|Any CPU.Build.0 = Release|Any CPU
		{BA845D4C-9425-40B8-94F0-7255FFF4C470}.Release|x64.ActiveCfg = Release|Any CPU
		{BA845D4C-9425-40B8-94F0-7255FFF4C470}.Release|x64.Build.0 = Release|Any CPU
		{BA845D4C-9425-40B8-94F0-7255FFF4C470}.Release|x86.ActiveCfg = Release|Any CPU
		{BA845D4C-9425-40B8-94F0-7255FFF4C470}.Release|x86.Build.0 = Release|Any CPU
		{87121DAB-D446-45B9-B747-00C6C0F4FDEA}.Debug|Any CPU.ActiveCfg = Debug|Any CPU
		{87121DAB-D446-45B9-B747-00C6C0F4FDEA}.Debug|Any CPU.Build.0 = Debug|Any CPU
		{87121DAB-D446-45B9-B747-00C6C0F4FDEA}.Debug|x64.ActiveCfg = Debug|Any CPU
		{87121DAB-D446-45B9-B747-00C6C0F4FDEA}.Debug|x64.Build.0 = Debug|Any CPU
		{87121DAB-D446-45B9-B747-00C6C0F4FDEA}.Debug|x86.ActiveCfg = Debug|Any CPU
		{87121DAB-D446-45B9-B747-00C6C0F4FDEA}.Debug|x86.Build.0 = Debug|Any CPU
		{87121DAB-D446-45B9-B747-00C6C0F4FDEA}.Release|Any CPU.ActiveCfg = Release|Any CPU
		{87121DAB-D446-45B9-B747-00C6C0F4FDEA}.Release|Any CPU.Build.0 = Release|Any CPU
		{87121DAB-D446-45B9-B747-00C6C0F4FDEA}.Release|x64.ActiveCfg = Release|Any CPU
		{87121DAB-D446-45B9-B747-00C6C0F4FDEA}.Release|x64.Build.0 = Release|Any CPU
		{87121DAB-D446-45B9-B747-00C6C0F4FDEA}.Release|x86.ActiveCfg = Release|Any CPU
		{87121DAB-D446-45B9-B747-00C6C0F4FDEA}.Release|x86.Build.0 = Release|Any CPU
		{2BE12521-958D-4CFF-8CF1-663D66A3A449}.Debug|Any CPU.ActiveCfg = Debug|Any CPU
		{2BE12521-958D-4CFF-8CF1-663D66A3A449}.Debug|Any CPU.Build.0 = Debug|Any CPU
		{2BE12521-958D-4CFF-8CF1-663D66A3A449}.Debug|x64.ActiveCfg = Debug|Any CPU
		{2BE12521-958D-4CFF-8CF1-663D66A3A449}.Debug|x64.Build.0 = Debug|Any CPU
		{2BE12521-958D-4CFF-8CF1-663D66A3A449}.Debug|x86.ActiveCfg = Debug|Any CPU
		{2BE12521-958D-4CFF-8CF1-663D66A3A449}.Debug|x86.Build.0 = Debug|Any CPU
		{2BE12521-958D-4CFF-8CF1-663D66A3A449}.Release|Any CPU.ActiveCfg = Release|Any CPU
		{2BE12521-958D-4CFF-8CF1-663D66A3A449}.Release|Any CPU.Build.0 = Release|Any CPU
		{2BE12521-958D-4CFF-8CF1-663D66A3A449}.Release|x64.ActiveCfg = Release|Any CPU
		{2BE12521-958D-4CFF-8CF1-663D66A3A449}.Release|x64.Build.0 = Release|Any CPU
		{2BE12521-958D-4CFF-8CF1-663D66A3A449}.Release|x86.ActiveCfg = Release|Any CPU
		{2BE12521-958D-4CFF-8CF1-663D66A3A449}.Release|x86.Build.0 = Release|Any CPU
		{1A00636C-B7D6-434B-9A87-634FCF996705}.Debug|Any CPU.ActiveCfg = Debug|Any CPU
		{1A00636C-B7D6-434B-9A87-634FCF996705}.Debug|Any CPU.Build.0 = Debug|Any CPU
		{1A00636C-B7D6-434B-9A87-634FCF996705}.Debug|x64.ActiveCfg = Debug|Any CPU
		{1A00636C-B7D6-434B-9A87-634FCF996705}.Debug|x64.Build.0 = Debug|Any CPU
		{1A00636C-B7D6-434B-9A87-634FCF996705}.Debug|x86.ActiveCfg = Debug|Any CPU
		{1A00636C-B7D6-434B-9A87-634FCF996705}.Debug|x86.Build.0 = Debug|Any CPU
		{1A00636C-B7D6-434B-9A87-634FCF996705}.Release|Any CPU.ActiveCfg = Release|Any CPU
		{1A00636C-B7D6-434B-9A87-634FCF996705}.Release|Any CPU.Build.0 = Release|Any CPU
		{1A00636C-B7D6-434B-9A87-634FCF996705}.Release|x64.ActiveCfg = Release|Any CPU
		{1A00636C-B7D6-434B-9A87-634FCF996705}.Release|x64.Build.0 = Release|Any CPU
		{1A00636C-B7D6-434B-9A87-634FCF996705}.Release|x86.ActiveCfg = Release|Any CPU
		{1A00636C-B7D6-434B-9A87-634FCF996705}.Release|x86.Build.0 = Release|Any CPU
		{0DAC9008-F037-4A19-8AC6-DF899CF239CB}.Debug|Any CPU.ActiveCfg = Debug|Any CPU
		{0DAC9008-F037-4A19-8AC6-DF899CF239CB}.Debug|Any CPU.Build.0 = Debug|Any CPU
		{0DAC9008-F037-4A19-8AC6-DF899CF239CB}.Debug|x64.ActiveCfg = Debug|Any CPU
		{0DAC9008-F037-4A19-8AC6-DF899CF239CB}.Debug|x64.Build.0 = Debug|Any CPU
		{0DAC9008-F037-4A19-8AC6-DF899CF239CB}.Debug|x86.ActiveCfg = Debug|Any CPU
		{0DAC9008-F037-4A19-8AC6-DF899CF239CB}.Debug|x86.Build.0 = Debug|Any CPU
		{0DAC9008-F037-4A19-8AC6-DF899CF239CB}.Release|Any CPU.ActiveCfg = Release|Any CPU
		{0DAC9008-F037-4A19-8AC6-DF899CF239CB}.Release|Any CPU.Build.0 = Release|Any CPU
		{0DAC9008-F037-4A19-8AC6-DF899CF239CB}.Release|x64.ActiveCfg = Release|Any CPU
		{0DAC9008-F037-4A19-8AC6-DF899CF239CB}.Release|x64.Build.0 = Release|Any CPU
		{0DAC9008-F037-4A19-8AC6-DF899CF239CB}.Release|x86.ActiveCfg = Release|Any CPU
		{0DAC9008-F037-4A19-8AC6-DF899CF239CB}.Release|x86.Build.0 = Release|Any CPU
		{DC0B09CF-77FD-4560-8082-F364C0FD938D}.Debug|Any CPU.ActiveCfg = Debug|Any CPU
		{DC0B09CF-77FD-4560-8082-F364C0FD938D}.Debug|Any CPU.Build.0 = Debug|Any CPU
		{DC0B09CF-77FD-4560-8082-F364C0FD938D}.Debug|x64.ActiveCfg = Debug|Any CPU
		{DC0B09CF-77FD-4560-8082-F364C0FD938D}.Debug|x64.Build.0 = Debug|Any CPU
		{DC0B09CF-77FD-4560-8082-F364C0FD938D}.Debug|x86.ActiveCfg = Debug|Any CPU
		{DC0B09CF-77FD-4560-8082-F364C0FD938D}.Debug|x86.Build.0 = Debug|Any CPU
		{DC0B09CF-77FD-4560-8082-F364C0FD938D}.Release|Any CPU.ActiveCfg = Release|Any CPU
		{DC0B09CF-77FD-4560-8082-F364C0FD938D}.Release|Any CPU.Build.0 = Release|Any CPU
		{DC0B09CF-77FD-4560-8082-F364C0FD938D}.Release|x64.ActiveCfg = Release|Any CPU
		{DC0B09CF-77FD-4560-8082-F364C0FD938D}.Release|x64.Build.0 = Release|Any CPU
		{DC0B09CF-77FD-4560-8082-F364C0FD938D}.Release|x86.ActiveCfg = Release|Any CPU
		{DC0B09CF-77FD-4560-8082-F364C0FD938D}.Release|x86.Build.0 = Release|Any CPU
		{25D147C0-4084-4503-8B8E-0D8A1ED3994D}.Debug|Any CPU.ActiveCfg = Debug|Any CPU
		{25D147C0-4084-4503-8B8E-0D8A1ED3994D}.Debug|Any CPU.Build.0 = Debug|Any CPU
		{25D147C0-4084-4503-8B8E-0D8A1ED3994D}.Debug|x64.ActiveCfg = Debug|Any CPU
		{25D147C0-4084-4503-8B8E-0D8A1ED3994D}.Debug|x64.Build.0 = Debug|Any CPU
		{25D147C0-4084-4503-8B8E-0D8A1ED3994D}.Debug|x86.ActiveCfg = Debug|Any CPU
		{25D147C0-4084-4503-8B8E-0D8A1ED3994D}.Debug|x86.Build.0 = Debug|Any CPU
		{25D147C0-4084-4503-8B8E-0D8A1ED3994D}.Release|Any CPU.ActiveCfg = Release|Any CPU
		{25D147C0-4084-4503-8B8E-0D8A1ED3994D}.Release|Any CPU.Build.0 = Release|Any CPU
		{25D147C0-4084-4503-8B8E-0D8A1ED3994D}.Release|x64.ActiveCfg = Release|Any CPU
		{25D147C0-4084-4503-8B8E-0D8A1ED3994D}.Release|x64.Build.0 = Release|Any CPU
		{25D147C0-4084-4503-8B8E-0D8A1ED3994D}.Release|x86.ActiveCfg = Release|Any CPU
		{25D147C0-4084-4503-8B8E-0D8A1ED3994D}.Release|x86.Build.0 = Release|Any CPU
		{1C3DF907-89EB-4131-A755-8E22781BA3AA}.Debug|Any CPU.ActiveCfg = Debug|Any CPU
		{1C3DF907-89EB-4131-A755-8E22781BA3AA}.Debug|Any CPU.Build.0 = Debug|Any CPU
		{1C3DF907-89EB-4131-A755-8E22781BA3AA}.Debug|x64.ActiveCfg = Debug|Any CPU
		{1C3DF907-89EB-4131-A755-8E22781BA3AA}.Debug|x64.Build.0 = Debug|Any CPU
		{1C3DF907-89EB-4131-A755-8E22781BA3AA}.Debug|x86.ActiveCfg = Debug|Any CPU
		{1C3DF907-89EB-4131-A755-8E22781BA3AA}.Debug|x86.Build.0 = Debug|Any CPU
		{1C3DF907-89EB-4131-A755-8E22781BA3AA}.Release|Any CPU.ActiveCfg = Release|Any CPU
		{1C3DF907-89EB-4131-A755-8E22781BA3AA}.Release|Any CPU.Build.0 = Release|Any CPU
		{1C3DF907-89EB-4131-A755-8E22781BA3AA}.Release|x64.ActiveCfg = Release|Any CPU
		{1C3DF907-89EB-4131-A755-8E22781BA3AA}.Release|x64.Build.0 = Release|Any CPU
		{1C3DF907-89EB-4131-A755-8E22781BA3AA}.Release|x86.ActiveCfg = Release|Any CPU
		{1C3DF907-89EB-4131-A755-8E22781BA3AA}.Release|x86.Build.0 = Release|Any CPU
		{4CAF4E2D-967F-412E-A320-BE8DE5080E0B}.Debug|Any CPU.ActiveCfg = Debug|Any CPU
		{4CAF4E2D-967F-412E-A320-BE8DE5080E0B}.Debug|Any CPU.Build.0 = Debug|Any CPU
		{4CAF4E2D-967F-412E-A320-BE8DE5080E0B}.Debug|x64.ActiveCfg = Debug|Any CPU
		{4CAF4E2D-967F-412E-A320-BE8DE5080E0B}.Debug|x64.Build.0 = Debug|Any CPU
		{4CAF4E2D-967F-412E-A320-BE8DE5080E0B}.Debug|x86.ActiveCfg = Debug|Any CPU
		{4CAF4E2D-967F-412E-A320-BE8DE5080E0B}.Debug|x86.Build.0 = Debug|Any CPU
		{4CAF4E2D-967F-412E-A320-BE8DE5080E0B}.Release|Any CPU.ActiveCfg = Release|Any CPU
		{4CAF4E2D-967F-412E-A320-BE8DE5080E0B}.Release|Any CPU.Build.0 = Release|Any CPU
		{4CAF4E2D-967F-412E-A320-BE8DE5080E0B}.Release|x64.ActiveCfg = Release|Any CPU
		{4CAF4E2D-967F-412E-A320-BE8DE5080E0B}.Release|x64.Build.0 = Release|Any CPU
		{4CAF4E2D-967F-412E-A320-BE8DE5080E0B}.Release|x86.ActiveCfg = Release|Any CPU
		{4CAF4E2D-967F-412E-A320-BE8DE5080E0B}.Release|x86.Build.0 = Release|Any CPU
	EndGlobalSection
	GlobalSection(SolutionProperties) = preSolution
		HideSolutionNode = FALSE
	EndGlobalSection
	GlobalSection(NestedProjects) = preSolution
		{54D610C6-5177-A183-26B4-0AE8F32C66E1} = {751E1F2C-23FF-6FFB-A724-B65704312B1D}
		{9C71CB82-11ED-44C2-875F-BD952E0E8EF7} = {54D610C6-5177-A183-26B4-0AE8F32C66E1}
		{5190AB7A-FB8E-4B3C-864C-5CABE8692347} = {54D610C6-5177-A183-26B4-0AE8F32C66E1}
		{640F76B4-8E57-48C5-AE0C-F8DF20C60104} = {54D610C6-5177-A183-26B4-0AE8F32C66E1}
		{1343789E-1227-4AE8-9032-5216FCE85C67} = {54D610C6-5177-A183-26B4-0AE8F32C66E1}
		{F562AC83-17FE-48DF-9911-FAFAC618ED44} = {54D610C6-5177-A183-26B4-0AE8F32C66E1}
		{B8FD1BDF-3EC2-4EB9-B381-148E19CF1B70} = {54D610C6-5177-A183-26B4-0AE8F32C66E1}
		{F938400C-70B7-404E-B320-283FFD2E4030} = {54D610C6-5177-A183-26B4-0AE8F32C66E1}
		{6DC7FAB9-5D51-4BF5-8DEA-29D9EC7437B4} = {54D610C6-5177-A183-26B4-0AE8F32C66E1}
		{1C1BEBEC-45FA-4556-99DD-98F3D2C35CB5} = {54D610C6-5177-A183-26B4-0AE8F32C66E1}
		{76F189A5-A080-4D17-BB8F-30CD449C274F} = {54D610C6-5177-A183-26B4-0AE8F32C66E1}
		{01E35130-3270-40E5-AA9B-1FB85F879BF5} = {54D610C6-5177-A183-26B4-0AE8F32C66E1}
		{25821DD6-9DB6-42B8-9CF6-08C9AE7D7302} = {54D610C6-5177-A183-26B4-0AE8F32C66E1}
		{5BBD1AC4-B40E-42AB-AC7B-4F99E54B8065} = {54D610C6-5177-A183-26B4-0AE8F32C66E1}
		{6F0A96C8-3B29-4BE3-9F59-3CE1ACEB1733} = {54D610C6-5177-A183-26B4-0AE8F32C66E1}
		{13AD9810-5D1B-4D19-A13D-2C2F645B6CBE} = {54D610C6-5177-A183-26B4-0AE8F32C66E1}
		{8F4A215E-4BBC-714F-F4EF-EE7C994F5D89} = {751E1F2C-23FF-6FFB-A724-B65704312B1D}
		{9AB7F55A-1A41-4647-8FB7-A631536E2E09} = {8F4A215E-4BBC-714F-F4EF-EE7C994F5D89}
		{E1FB6467-E711-4768-9FB6-2B75B953A2AC} = {8F4A215E-4BBC-714F-F4EF-EE7C994F5D89}
		{6FA04593-616B-AEB6-4C9D-4B01C9C63251} = {751E1F2C-23FF-6FFB-A724-B65704312B1D}
		{5551EF5A-0E6C-4F6E-820B-94FE6D9D14A4} = {6FA04593-616B-AEB6-4C9D-4B01C9C63251}
		{411B656F-23C7-D328-05DC-3A2D6F5BEABE} = {751E1F2C-23FF-6FFB-A724-B65704312B1D}
		{6A052625-5B5D-46C6-BFC7-43E1DF673508} = {411B656F-23C7-D328-05DC-3A2D6F5BEABE}
		{7ABDDB3F-50EC-7ED0-BC8B-1C1A33655ACB} = {751E1F2C-23FF-6FFB-A724-B65704312B1D}
		{09581658-1CBA-4174-BCDD-DFA6DEC7584F} = {7ABDDB3F-50EC-7ED0-BC8B-1C1A33655ACB}
		{37C19F2A-7F36-4D76-A511-937FBE20CF7D} = {411B656F-23C7-D328-05DC-3A2D6F5BEABE}
		{8E68166C-C038-30CC-871B-970EB8BFA1E0} = {751E1F2C-23FF-6FFB-A724-B65704312B1D}
		{3941341D-3911-4D0F-822D-0332BA4E1966} = {8E68166C-C038-30CC-871B-970EB8BFA1E0}
		{38AB7E99-FE32-45BA-9EF7-005A843DE2C8} = {7ABDDB3F-50EC-7ED0-BC8B-1C1A33655ACB}
		{AD82618C-634C-4041-BF5A-EC3904361718} = {7ABDDB3F-50EC-7ED0-BC8B-1C1A33655ACB}
		{F313296B-E0A2-4E02-AF6C-BDB6B9B3F70A} = {411B656F-23C7-D328-05DC-3A2D6F5BEABE}
		{EFB1D67E-AA56-4817-AE22-0963525D630E} = {411B656F-23C7-D328-05DC-3A2D6F5BEABE}
		{F9BEE0E0-7FA0-441C-B79E-BC606ECE47D9} = {54D610C6-5177-A183-26B4-0AE8F32C66E1}
		{5B681620-E80D-4159-9E67-69B0F4D57F24} = {7ABDDB3F-50EC-7ED0-BC8B-1C1A33655ACB}
		{0C7538AC-FB67-4EAF-986F-1EA6AEA0AC5D} = {7ABDDB3F-50EC-7ED0-BC8B-1C1A33655ACB}
		{8036DD8A-498F-4B53-8429-48D6F85406EE} = {7ABDDB3F-50EC-7ED0-BC8B-1C1A33655ACB}
		{525DFDFE-6538-4846-8E8C-050FF9D7347D} = {411B656F-23C7-D328-05DC-3A2D6F5BEABE}
		{17705E52-E6A3-4356-A65D-2B9EF8018AEF} = {7ABDDB3F-50EC-7ED0-BC8B-1C1A33655ACB}
		{5319FC37-3E9C-4ACE-83EB-F2E44366AF7E} = {411B656F-23C7-D328-05DC-3A2D6F5BEABE}
		{2A9AB940-787F-479C-BD30-9C2C07FAFBDB} = {7ABDDB3F-50EC-7ED0-BC8B-1C1A33655ACB}
		{C733F735-42C9-4FEE-8DAD-2DCDCCA9FF9B} = {7ABDDB3F-50EC-7ED0-BC8B-1C1A33655ACB}
		{A87E5353-3512-4A00-B28A-3DA00A9E44E1} = {7ABDDB3F-50EC-7ED0-BC8B-1C1A33655ACB}
		{F36EE7E9-C568-4C2F-8E7B-AB87E10B49CA} = {411B656F-23C7-D328-05DC-3A2D6F5BEABE}
		{C3622994-9C76-49A5-95B0-84510785C187} = {8E68166C-C038-30CC-871B-970EB8BFA1E0}
		{898C19A0-D958-A9B5-739D-1AAE18A6C88B} = {751E1F2C-23FF-6FFB-A724-B65704312B1D}
		{ADD87927-5BBE-4D93-A7BD-EF73034F723E} = {898C19A0-D958-A9B5-739D-1AAE18A6C88B}
		{750108C9-9E92-455A-AF07-C80E4E8732CE} = {7ABDDB3F-50EC-7ED0-BC8B-1C1A33655ACB}
		{F9F51543-9E19-4016-B777-B97CA0858A2D} = {7ABDDB3F-50EC-7ED0-BC8B-1C1A33655ACB}
		{01CA9B09-60E3-42E6-B1A9-CCE57D57F12E} = {7ABDDB3F-50EC-7ED0-BC8B-1C1A33655ACB}
		{5F06F63A-5EB3-4080-9446-FFE110E60D01} = {7ABDDB3F-50EC-7ED0-BC8B-1C1A33655ACB}
		{109E96EE-5B70-4B19-A855-E4CEB4063999} = {7ABDDB3F-50EC-7ED0-BC8B-1C1A33655ACB}
		{BD8EFF5A-F2A7-4D01-B282-0FCB2E8A083A} = {7ABDDB3F-50EC-7ED0-BC8B-1C1A33655ACB}
		{FB22E1C8-BCF6-4F3C-99CF-465C2B7D0E32} = {7ABDDB3F-50EC-7ED0-BC8B-1C1A33655ACB}
		{CF729E2E-9333-415E-9276-0DDC77E1BDA1} = {7ABDDB3F-50EC-7ED0-BC8B-1C1A33655ACB}
		{ED13617B-72CA-4AAD-8A62-8B338D8158C1} = {7ABDDB3F-50EC-7ED0-BC8B-1C1A33655ACB}
		{E4E2D2BB-55FA-4743-BFAC-CF0439D74AFA} = {411B656F-23C7-D328-05DC-3A2D6F5BEABE}
		{FFCFBE13-3F63-4D49-08DD-0ED90951C3BE} = {751E1F2C-23FF-6FFB-A724-B65704312B1D}
		{710B78C7-1742-4AD5-854F-0D4018DA3AF2} = {FFCFBE13-3F63-4D49-08DD-0ED90951C3BE}
		{79567767-2A51-4DCB-BFCE-46849B5BED76} = {411B656F-23C7-D328-05DC-3A2D6F5BEABE}
		{1ADB3368-7730-4282-BB8F-6F8CE3F61BD7} = {7ABDDB3F-50EC-7ED0-BC8B-1C1A33655ACB}
		{B5958E6F-A854-4CDA-BFB0-FB1F7D5652A9} = {411B656F-23C7-D328-05DC-3A2D6F5BEABE}
		{EA416A83-3C65-458E-8CAC-04C8D90A7F78} = {411B656F-23C7-D328-05DC-3A2D6F5BEABE}
		{E4AFC195-C9E1-2CC1-DC90-446B960FE393} = {751E1F2C-23FF-6FFB-A724-B65704312B1D}
		{3CBE4264-9A4D-43D3-AA17-3405BBBC16E9} = {E4AFC195-C9E1-2CC1-DC90-446B960FE393}
		{0918D681-98C8-1160-A48A-2D6733463222} = {751E1F2C-23FF-6FFB-A724-B65704312B1D}
		{5D315696-251C-4176-9162-BC71608E8938} = {0918D681-98C8-1160-A48A-2D6733463222}
		{E58FA897-21DD-47EC-BC2D-C23916242C89} = {411B656F-23C7-D328-05DC-3A2D6F5BEABE}
		{1FE1B82C-F584-449A-9A06-0E8BF8DB0C9B} = {7ABDDB3F-50EC-7ED0-BC8B-1C1A33655ACB}
		{DCC8602A-54E8-4C85-8865-727559434372} = {7ABDDB3F-50EC-7ED0-BC8B-1C1A33655ACB}
		{FB140C82-6898-4303-9AE6-99440E27883B} = {6FA04593-616B-AEB6-4C9D-4B01C9C63251}
		{BA845D4C-9425-40B8-94F0-7255FFF4C470} = {FA674B5A-3394-926C-2B1E-70E5B00E4A5C}
		{87121DAB-D446-45B9-B747-00C6C0F4FDEA} = {FA674B5A-3394-926C-2B1E-70E5B00E4A5C}
		{2BE12521-958D-4CFF-8CF1-663D66A3A449} = {FA674B5A-3394-926C-2B1E-70E5B00E4A5C}
		{1A00636C-B7D6-434B-9A87-634FCF996705} = {411B656F-23C7-D328-05DC-3A2D6F5BEABE}
		{0DAC9008-F037-4A19-8AC6-DF899CF239CB} = {54D610C6-5177-A183-26B4-0AE8F32C66E1}
		{DC0B09CF-77FD-4560-8082-F364C0FD938D} = {54D610C6-5177-A183-26B4-0AE8F32C66E1}
		{25D147C0-4084-4503-8B8E-0D8A1ED3994D} = {411B656F-23C7-D328-05DC-3A2D6F5BEABE}
		{1C3DF907-89EB-4131-A755-8E22781BA3AA} = {54D610C6-5177-A183-26B4-0AE8F32C66E1}
		{4CAF4E2D-967F-412E-A320-BE8DE5080E0B} = {411B656F-23C7-D328-05DC-3A2D6F5BEABE}
	EndGlobalSection
EndGlobal
