
Microsoft Visual Studio Solution File, Format Version 12.00
# Visual Studio Version 17
VisualStudioVersion = 17.0.31903.59
MinimumVisualStudioVersion = 10.0.40219.1
Project("{2150E333-8FDC-42A3-9474-1A3956D46DE8}") = "MediaFramework", "MediaFramework", "{751E1F2C-23FF-6FFB-A724-B65704312B1D}"
EndProject
Project("{2150E333-8FDC-42A3-9474-1A3956D46DE8}") = "Media", "Media", "{54D610C6-5177-A183-26B4-0AE8F32C66E1}"
EndProject
Project("{FAE04EC0-301F-11D3-BF4B-00C04F79EFBC}") = "S.Media.Session", "MediaFramework\Media\S.Media.Session\S.Media.Session.csproj", "{9C71CB82-11ED-44C2-875F-BD952E0E8EF7}"
EndProject
Project("{FAE04EC0-301F-11D3-BF4B-00C04F79EFBC}") = "S.Media.Core", "MediaFramework\Media\S.Media.Core\S.Media.Core.csproj", "{5190AB7A-FB8E-4B3C-864C-5CABE8692347}"
EndProject
Project("{FAE04EC0-301F-11D3-BF4B-00C04F79EFBC}") = "S.Media.Time", "MediaFramework\Media\S.Media.Time\S.Media.Time.csproj", "{640F76B4-8E57-48C5-AE0C-F8DF20C60104}"
EndProject
Project("{FAE04EC0-301F-11D3-BF4B-00C04F79EFBC}") = "S.Media.Routing", "MediaFramework\Media\S.Media.Routing\S.Media.Routing.csproj", "{1343789E-1227-4AE8-9032-5216FCE85C67}"
EndProject
Project("{FAE04EC0-301F-11D3-BF4B-00C04F79EFBC}") = "S.Media.Players", "MediaFramework\Media\S.Media.Players\S.Media.Players.csproj", "{F562AC83-17FE-48DF-9911-FAFAC618ED44}"
EndProject
Project("{FAE04EC0-301F-11D3-BF4B-00C04F79EFBC}") = "S.Media.Compositor", "MediaFramework\Media\S.Media.Compositor\S.Media.Compositor.csproj", "{B8FD1BDF-3EC2-4EB9-B381-148E19CF1B70}"
EndProject
Project("{FAE04EC0-301F-11D3-BF4B-00C04F79EFBC}") = "S.Media.Gpu", "MediaFramework\Media\S.Media.Gpu\S.Media.Gpu.csproj", "{F938400C-70B7-404E-B320-283FFD2E4030}"
EndProject
Project("{FAE04EC0-301F-11D3-BF4B-00C04F79EFBC}") = "S.Media.NDI", "MediaFramework\Media\S.Media.NDI\S.Media.NDI.csproj", "{6DC7FAB9-5D51-4BF5-8DEA-29D9EC7437B4}"
EndProject
Project("{FAE04EC0-301F-11D3-BF4B-00C04F79EFBC}") = "S.Media.Present.SDL3", "MediaFramework\Media\S.Media.Present.SDL3\S.Media.Present.SDL3.csproj", "{1C1BEBEC-45FA-4556-99DD-98F3D2C35CB5}"
EndProject
Project("{FAE04EC0-301F-11D3-BF4B-00C04F79EFBC}") = "S.Media.Present.Avalonia", "MediaFramework\Media\S.Media.Present.Avalonia\S.Media.Present.Avalonia.csproj", "{76F189A5-A080-4D17-BB8F-30CD449C274F}"
EndProject
Project("{FAE04EC0-301F-11D3-BF4B-00C04F79EFBC}") = "S.Media.Encode.FFmpeg", "MediaFramework\Media\S.Media.Encode.FFmpeg\S.Media.Encode.FFmpeg.csproj", "{8DFA74C6-5A70-4CA3-8E6C-DE4C386E49EF}"
EndProject
Project("{FAE04EC0-301F-11D3-BF4B-00C04F79EFBC}") = "S.Media.FFmpeg.Common", "MediaFramework\Media\S.Media.FFmpeg.Common\S.Media.FFmpeg.Common.csproj", "{01E35130-3270-40E5-AA9B-1FB85F879BF5}"
EndProject
Project("{FAE04EC0-301F-11D3-BF4B-00C04F79EFBC}") = "S.Media.Audio.MiniAudio", "MediaFramework\Media\S.Media.Audio.MiniAudio\S.Media.Audio.MiniAudio.csproj", "{25821DD6-9DB6-42B8-9CF6-08C9AE7D7302}"
EndProject
Project("{FAE04EC0-301F-11D3-BF4B-00C04F79EFBC}") = "S.Media.Images.Skia", "MediaFramework\Media\S.Media.Images.Skia\S.Media.Images.Skia.csproj", "{762AC3C7-F15F-4665-A57D-0B4DB31448B9}"
EndProject
Project("{FAE04EC0-301F-11D3-BF4B-00C04F79EFBC}") = "S.Media.Audio.PortAudio", "MediaFramework\Media\S.Media.Audio.PortAudio\S.Media.Audio.PortAudio.csproj", "{5BBD1AC4-B40E-42AB-AC7B-4F99E54B8065}"
EndProject
Project("{FAE04EC0-301F-11D3-BF4B-00C04F79EFBC}") = "S.Media.Subtitles", "MediaFramework\Media\S.Media.Subtitles\S.Media.Subtitles.csproj", "{6F0A96C8-3B29-4BE3-9F59-3CE1ACEB1733}"
EndProject
Project("{FAE04EC0-301F-11D3-BF4B-00C04F79EFBC}") = "S.Media.Decode.FFmpeg", "MediaFramework\Media\S.Media.Decode.FFmpeg\S.Media.Decode.FFmpeg.csproj", "{13AD9810-5D1B-4D19-A13D-2C2F645B6CBE}"
EndProject
Project("{2150E333-8FDC-42A3-9474-1A3956D46DE8}") = "Interop", "Interop", "{8F4A215E-4BBC-714F-F4EF-EE7C994F5D89}"
EndProject
Project("{FAE04EC0-301F-11D3-BF4B-00C04F79EFBC}") = "S.Abi", "MediaFramework\Interop\S.Abi\S.Abi.csproj", "{9AB7F55A-1A41-4647-8FB7-A631536E2E09}"
EndProject
Project("{FAE04EC0-301F-11D3-BF4B-00C04F79EFBC}") = "S.Media.Interop", "MediaFramework\Interop\S.Media.Interop\S.Media.Interop.csproj", "{E1FB6467-E711-4768-9FB6-2B75B953A2AC}"
EndProject
Project("{2150E333-8FDC-42A3-9474-1A3956D46DE8}") = "Control", "Control", "{6FA04593-616B-AEB6-4C9D-4B01C9C63251}"
EndProject
Project("{FAE04EC0-301F-11D3-BF4B-00C04F79EFBC}") = "S.Control", "MediaFramework\Control\S.Control\S.Control.csproj", "{5551EF5A-0E6C-4F6E-820B-94FE6D9D14A4}"
EndProject
Project("{2150E333-8FDC-42A3-9474-1A3956D46DE8}") = "Test", "Test", "{411B656F-23C7-D328-05DC-3A2D6F5BEABE}"
EndProject
Project("{FAE04EC0-301F-11D3-BF4B-00C04F79EFBC}") = "S.Media.Arch.Tests", "MediaFramework\Test\S.Media.Arch.Tests\S.Media.Arch.Tests.csproj", "{6A052625-5B5D-46C6-BFC7-43E1DF673508}"
EndProject
Project("{2150E333-8FDC-42A3-9474-1A3956D46DE8}") = "Tools", "Tools", "{7ABDDB3F-50EC-7ED0-BC8B-1C1A33655ACB}"
EndProject
Project("{FAE04EC0-301F-11D3-BF4B-00C04F79EFBC}") = "AotSmoke", "MediaFramework\Tools\AotSmoke\AotSmoke.csproj", "{09581658-1CBA-4174-BCDD-DFA6DEC7584F}"
EndProject
Project("{FAE04EC0-301F-11D3-BF4B-00C04F79EFBC}") = "S.Media.Core.Tests", "MediaFramework\Test\S.Media.Core.Tests\S.Media.Core.Tests.csproj", "{37C19F2A-7F36-4D76-A511-937FBE20CF7D}"
EndProject
Project("{2150E333-8FDC-42A3-9474-1A3956D46DE8}") = "Audio", "Audio", "{8E68166C-C038-30CC-871B-970EB8BFA1E0}"
EndProject
Project("{FAE04EC0-301F-11D3-BF4B-00C04F79EFBC}") = "PALib", "MediaFramework\Audio\PALib\PALib.csproj", "{3941341D-3911-4D0F-822D-0332BA4E1966}"
EndProject
Project("{FAE04EC0-301F-11D3-BF4B-00C04F79EFBC}") = "PlaybackSmoke", "MediaFramework\Tools\PlaybackSmoke\PlaybackSmoke.csproj", "{38AB7E99-FE32-45BA-9EF7-005A843DE2C8}"
EndProject
Project("{FAE04EC0-301F-11D3-BF4B-00C04F79EFBC}") = "FrameDump", "MediaFramework\Tools\FrameDump\FrameDump.csproj", "{AD82618C-634C-4041-BF5A-EC3904361718}"
EndProject
Project("{FAE04EC0-301F-11D3-BF4B-00C04F79EFBC}") = "S.Media.Players.Tests", "MediaFramework\Test\S.Media.Players.Tests\S.Media.Players.Tests.csproj", "{F313296B-E0A2-4E02-AF6C-BDB6B9B3F70A}"
EndProject
Project("{FAE04EC0-301F-11D3-BF4B-00C04F79EFBC}") = "S.Media.Decode.FFmpeg.Tests", "MediaFramework\Test\S.Media.Decode.FFmpeg.Tests\S.Media.Decode.FFmpeg.Tests.csproj", "{EFB1D67E-AA56-4817-AE22-0963525D630E}"
EndProject
Project("{FAE04EC0-301F-11D3-BF4B-00C04F79EFBC}") = "S.Media.Present.SDL3.Compositor", "MediaFramework\Media\S.Media.Present.SDL3.Compositor\S.Media.Present.SDL3.Compositor.csproj", "{F9BEE0E0-7FA0-441C-B79E-BC606ECE47D9}"
EndProject
Project("{FAE04EC0-301F-11D3-BF4B-00C04F79EFBC}") = "GlProbe", "MediaFramework\Tools\GlProbe\GlProbe.csproj", "{5B681620-E80D-4159-9E67-69B0F4D57F24}"
EndProject
Project("{FAE04EC0-301F-11D3-BF4B-00C04F79EFBC}") = "CompositorSmoke", "MediaFramework\Tools\CompositorSmoke\CompositorSmoke.csproj", "{0C7538AC-FB67-4EAF-986F-1EA6AEA0AC5D}"
EndProject
Project("{FAE04EC0-301F-11D3-BF4B-00C04F79EFBC}") = "VideoPlaybackSmoke", "MediaFramework\Tools\VideoPlaybackSmoke\VideoPlaybackSmoke.csproj", "{8036DD8A-498F-4B53-8429-48D6F85406EE}"
EndProject
Project("{FAE04EC0-301F-11D3-BF4B-00C04F79EFBC}") = "S.Media.Gpu.Tests", "MediaFramework\Test\S.Media.Gpu.Tests\S.Media.Gpu.Tests.csproj", "{525DFDFE-6538-4846-8E8C-050FF9D7347D}"
EndProject
Project("{FAE04EC0-301F-11D3-BF4B-00C04F79EFBC}") = "FormatSwitchProbe", "MediaFramework\Tools\FormatSwitchProbe\FormatSwitchProbe.csproj", "{17705E52-E6A3-4356-A65D-2B9EF8018AEF}"
EndProject
Project("{FAE04EC0-301F-11D3-BF4B-00C04F79EFBC}") = "S.Media.Compositor.Tests", "MediaFramework\Test\S.Media.Compositor.Tests\S.Media.Compositor.Tests.csproj", "{5319FC37-3E9C-4ACE-83EB-F2E44366AF7E}"
EndProject
Project("{FAE04EC0-301F-11D3-BF4B-00C04F79EFBC}") = "CompositeTargetsSmoke", "MediaFramework\Tools\CompositeTargetsSmoke\CompositeTargetsSmoke.csproj", "{2A9AB940-787F-479C-BD30-9C2C07FAFBDB}"
EndProject
Project("{FAE04EC0-301F-11D3-BF4B-00C04F79EFBC}") = "SoundboardSmoke", "MediaFramework\Tools\SoundboardSmoke\SoundboardSmoke.csproj", "{C733F735-42C9-4FEE-8DAD-2DCDCCA9FF9B}"
EndProject
Project("{FAE04EC0-301F-11D3-BF4B-00C04F79EFBC}") = "SessionSmoke", "MediaFramework\Tools\SessionSmoke\SessionSmoke.csproj", "{A87E5353-3512-4A00-B28A-3DA00A9E44E1}"
EndProject
Project("{FAE04EC0-301F-11D3-BF4B-00C04F79EFBC}") = "S.Media.Session.Tests", "MediaFramework\Test\S.Media.Session.Tests\S.Media.Session.Tests.csproj", "{F36EE7E9-C568-4C2F-8E7B-AB87E10B49CA}"
EndProject
Global
	GlobalSection(SolutionConfigurationPlatforms) = preSolution
		Debug|Any CPU = Debug|Any CPU
		Debug|x64 = Debug|x64
		Debug|x86 = Debug|x86
		Release|Any CPU = Release|Any CPU
		Release|x64 = Release|x64
		Release|x86 = Release|x86
	EndGlobalSection
	GlobalSection(ProjectConfigurationPlatforms) = postSolution
		{9C71CB82-11ED-44C2-875F-BD952E0E8EF7}.Debug|Any CPU.ActiveCfg = Debug|Any CPU
		{9C71CB82-11ED-44C2-875F-BD952E0E8EF7}.Debug|Any CPU.Build.0 = Debug|Any CPU
		{9C71CB82-11ED-44C2-875F-BD952E0E8EF7}.Debug|x64.ActiveCfg = Debug|Any CPU
		{9C71CB82-11ED-44C2-875F-BD952E0E8EF7}.Debug|x64.Build.0 = Debug|Any CPU
		{9C71CB82-11ED-44C2-875F-BD952E0E8EF7}.Debug|x86.ActiveCfg = Debug|Any CPU
		{9C71CB82-11ED-44C2-875F-BD952E0E8EF7}.Debug|x86.Build.0 = Debug|Any CPU
		{9C71CB82-11ED-44C2-875F-BD952E0E8EF7}.Release|Any CPU.ActiveCfg = Release|Any CPU
		{9C71CB82-11ED-44C2-875F-BD952E0E8EF7}.Release|Any CPU.Build.0 = Release|Any CPU
		{9C71CB82-11ED-44C2-875F-BD952E0E8EF7}.Release|x64.ActiveCfg = Release|Any CPU
		{9C71CB82-11ED-44C2-875F-BD952E0E8EF7}.Release|x64.Build.0 = Release|Any CPU
		{9C71CB82-11ED-44C2-875F-BD952E0E8EF7}.Release|x86.ActiveCfg = Release|Any CPU
		{9C71CB82-11ED-44C2-875F-BD952E0E8EF7}.Release|x86.Build.0 = Release|Any CPU
		{5190AB7A-FB8E-4B3C-864C-5CABE8692347}.Debug|Any CPU.ActiveCfg = Debug|Any CPU
		{5190AB7A-FB8E-4B3C-864C-5CABE8692347}.Debug|Any CPU.Build.0 = Debug|Any CPU
		{5190AB7A-FB8E-4B3C-864C-5CABE8692347}.Debug|x64.ActiveCfg = Debug|Any CPU
		{5190AB7A-FB8E-4B3C-864C-5CABE8692347}.Debug|x64.Build.0 = Debug|Any CPU
		{5190AB7A-FB8E-4B3C-864C-5CABE8692347}.Debug|x86.ActiveCfg = Debug|Any CPU
		{5190AB7A-FB8E-4B3C-864C-5CABE8692347}.Debug|x86.Build.0 = Debug|Any CPU
		{5190AB7A-FB8E-4B3C-864C-5CABE8692347}.Release|Any CPU.ActiveCfg = Release|Any CPU
		{5190AB7A-FB8E-4B3C-864C-5CABE8692347}.Release|Any CPU.Build.0 = Release|Any CPU
		{5190AB7A-FB8E-4B3C-864C-5CABE8692347}.Release|x64.ActiveCfg = Release|Any CPU
		{5190AB7A-FB8E-4B3C-864C-5CABE8692347}.Release|x64.Build.0 = Release|Any CPU
		{5190AB7A-FB8E-4B3C-864C-5CABE8692347}.Release|x86.ActiveCfg = Release|Any CPU
		{5190AB7A-FB8E-4B3C-864C-5CABE8692347}.Release|x86.Build.0 = Release|Any CPU
		{640F76B4-8E57-48C5-AE0C-F8DF20C60104}.Debug|Any CPU.ActiveCfg = Debug|Any CPU
		{640F76B4-8E57-48C5-AE0C-F8DF20C60104}.Debug|Any CPU.Build.0 = Debug|Any CPU
		{640F76B4-8E57-48C5-AE0C-F8DF20C60104}.Debug|x64.ActiveCfg = Debug|Any CPU
		{640F76B4-8E57-48C5-AE0C-F8DF20C60104}.Debug|x64.Build.0 = Debug|Any CPU
		{640F76B4-8E57-48C5-AE0C-F8DF20C60104}.Debug|x86.ActiveCfg = Debug|Any CPU
		{640F76B4-8E57-48C5-AE0C-F8DF20C60104}.Debug|x86.Build.0 = Debug|Any CPU
		{640F76B4-8E57-48C5-AE0C-F8DF20C60104}.Release|Any CPU.ActiveCfg = Release|Any CPU
		{640F76B4-8E57-48C5-AE0C-F8DF20C60104}.Release|Any CPU.Build.0 = Release|Any CPU
		{640F76B4-8E57-48C5-AE0C-F8DF20C60104}.Release|x64.ActiveCfg = Release|Any CPU
		{640F76B4-8E57-48C5-AE0C-F8DF20C60104}.Release|x64.Build.0 = Release|Any CPU
		{640F76B4-8E57-48C5-AE0C-F8DF20C60104}.Release|x86.ActiveCfg = Release|Any CPU
		{640F76B4-8E57-48C5-AE0C-F8DF20C60104}.Release|x86.Build.0 = Release|Any CPU
		{1343789E-1227-4AE8-9032-5216FCE85C67}.Debug|Any CPU.ActiveCfg = Debug|Any CPU
		{1343789E-1227-4AE8-9032-5216FCE85C67}.Debug|Any CPU.Build.0 = Debug|Any CPU
		{1343789E-1227-4AE8-9032-5216FCE85C67}.Debug|x64.ActiveCfg = Debug|Any CPU
		{1343789E-1227-4AE8-9032-5216FCE85C67}.Debug|x64.Build.0 = Debug|Any CPU
		{1343789E-1227-4AE8-9032-5216FCE85C67}.Debug|x86.ActiveCfg = Debug|Any CPU
		{1343789E-1227-4AE8-9032-5216FCE85C67}.Debug|x86.Build.0 = Debug|Any CPU
		{1343789E-1227-4AE8-9032-5216FCE85C67}.Release|Any CPU.ActiveCfg = Release|Any CPU
		{1343789E-1227-4AE8-9032-5216FCE85C67}.Release|Any CPU.Build.0 = Release|Any CPU
		{1343789E-1227-4AE8-9032-5216FCE85C67}.Release|x64.ActiveCfg = Release|Any CPU
		{1343789E-1227-4AE8-9032-5216FCE85C67}.Release|x64.Build.0 = Release|Any CPU
		{1343789E-1227-4AE8-9032-5216FCE85C67}.Release|x86.ActiveCfg = Release|Any CPU
		{1343789E-1227-4AE8-9032-5216FCE85C67}.Release|x86.Build.0 = Release|Any CPU
		{F562AC83-17FE-48DF-9911-FAFAC618ED44}.Debug|Any CPU.ActiveCfg = Debug|Any CPU
		{F562AC83-17FE-48DF-9911-FAFAC618ED44}.Debug|Any CPU.Build.0 = Debug|Any CPU
		{F562AC83-17FE-48DF-9911-FAFAC618ED44}.Debug|x64.ActiveCfg = Debug|Any CPU
		{F562AC83-17FE-48DF-9911-FAFAC618ED44}.Debug|x64.Build.0 = Debug|Any CPU
		{F562AC83-17FE-48DF-9911-FAFAC618ED44}.Debug|x86.ActiveCfg = Debug|Any CPU
		{F562AC83-17FE-48DF-9911-FAFAC618ED44}.Debug|x86.Build.0 = Debug|Any CPU
		{F562AC83-17FE-48DF-9911-FAFAC618ED44}.Release|Any CPU.ActiveCfg = Release|Any CPU
		{F562AC83-17FE-48DF-9911-FAFAC618ED44}.Release|Any CPU.Build.0 = Release|Any CPU
		{F562AC83-17FE-48DF-9911-FAFAC618ED44}.Release|x64.ActiveCfg = Release|Any CPU
		{F562AC83-17FE-48DF-9911-FAFAC618ED44}.Release|x64.Build.0 = Release|Any CPU
		{F562AC83-17FE-48DF-9911-FAFAC618ED44}.Release|x86.ActiveCfg = Release|Any CPU
		{F562AC83-17FE-48DF-9911-FAFAC618ED44}.Release|x86.Build.0 = Release|Any CPU
		{B8FD1BDF-3EC2-4EB9-B381-148E19CF1B70}.Debug|Any CPU.ActiveCfg = Debug|Any CPU
		{B8FD1BDF-3EC2-4EB9-B381-148E19CF1B70}.Debug|Any CPU.Build.0 = Debug|Any CPU
		{B8FD1BDF-3EC2-4EB9-B381-148E19CF1B70}.Debug|x64.ActiveCfg = Debug|Any CPU
		{B8FD1BDF-3EC2-4EB9-B381-148E19CF1B70}.Debug|x64.Build.0 = Debug|Any CPU
		{B8FD1BDF-3EC2-4EB9-B381-148E19CF1B70}.Debug|x86.ActiveCfg = Debug|Any CPU
		{B8FD1BDF-3EC2-4EB9-B381-148E19CF1B70}.Debug|x86.Build.0 = Debug|Any CPU
		{B8FD1BDF-3EC2-4EB9-B381-148E19CF1B70}.Release|Any CPU.ActiveCfg = Release|Any CPU
		{B8FD1BDF-3EC2-4EB9-B381-148E19CF1B70}.Release|Any CPU.Build.0 = Release|Any CPU
		{B8FD1BDF-3EC2-4EB9-B381-148E19CF1B70}.Release|x64.ActiveCfg = Release|Any CPU
		{B8FD1BDF-3EC2-4EB9-B381-148E19CF1B70}.Release|x64.Build.0 = Release|Any CPU
		{B8FD1BDF-3EC2-4EB9-B381-148E19CF1B70}.Release|x86.ActiveCfg = Release|Any CPU
		{B8FD1BDF-3EC2-4EB9-B381-148E19CF1B70}.Release|x86.Build.0 = Release|Any CPU
		{F938400C-70B7-404E-B320-283FFD2E4030}.Debug|Any CPU.ActiveCfg = Debug|Any CPU
		{F938400C-70B7-404E-B320-283FFD2E4030}.Debug|Any CPU.Build.0 = Debug|Any CPU
		{F938400C-70B7-404E-B320-283FFD2E4030}.Debug|x64.ActiveCfg = Debug|Any CPU
		{F938400C-70B7-404E-B320-283FFD2E4030}.Debug|x64.Build.0 = Debug|Any CPU
		{F938400C-70B7-404E-B320-283FFD2E4030}.Debug|x86.ActiveCfg = Debug|Any CPU
		{F938400C-70B7-404E-B320-283FFD2E4030}.Debug|x86.Build.0 = Debug|Any CPU
		{F938400C-70B7-404E-B320-283FFD2E4030}.Release|Any CPU.ActiveCfg = Release|Any CPU
		{F938400C-70B7-404E-B320-283FFD2E4030}.Release|Any CPU.Build.0 = Release|Any CPU
		{F938400C-70B7-404E-B320-283FFD2E4030}.Release|x64.ActiveCfg = Release|Any CPU
		{F938400C-70B7-404E-B320-283FFD2E4030}.Release|x64.Build.0 = Release|Any CPU
		{F938400C-70B7-404E-B320-283FFD2E4030}.Release|x86.ActiveCfg = Release|Any CPU
		{F938400C-70B7-404E-B320-283FFD2E4030}.Release|x86.Build.0 = Release|Any CPU
		{6DC7FAB9-5D51-4BF5-8DEA-29D9EC7437B4}.Debug|Any CPU.ActiveCfg = Debug|Any CPU
		{6DC7FAB9-5D51-4BF5-8DEA-29D9EC7437B4}.Debug|Any CPU.Build.0 = Debug|Any CPU
		{6DC7FAB9-5D51-4BF5-8DEA-29D9EC7437B4}.Debug|x64.ActiveCfg = Debug|Any CPU
		{6DC7FAB9-5D51-4BF5-8DEA-29D9EC7437B4}.Debug|x64.Build.0 = Debug|Any CPU
		{6DC7FAB9-5D51-4BF5-8DEA-29D9EC7437B4}.Debug|x86.ActiveCfg = Debug|Any CPU
		{6DC7FAB9-5D51-4BF5-8DEA-29D9EC7437B4}.Debug|x86.Build.0 = Debug|Any CPU
		{6DC7FAB9-5D51-4BF5-8DEA-29D9EC7437B4}.Release|Any CPU.ActiveCfg = Release|Any CPU
		{6DC7FAB9-5D51-4BF5-8DEA-29D9EC7437B4}.Release|Any CPU.Build.0 = Release|Any CPU
		{6DC7FAB9-5D51-4BF5-8DEA-29D9EC7437B4}.Release|x64.ActiveCfg = Release|Any CPU
		{6DC7FAB9-5D51-4BF5-8DEA-29D9EC7437B4}.Release|x64.Build.0 = Release|Any CPU
		{6DC7FAB9-5D51-4BF5-8DEA-29D9EC7437B4}.Release|x86.ActiveCfg = Release|Any CPU
		{6DC7FAB9-5D51-4BF5-8DEA-29D9EC7437B4}.Release|x86.Build.0 = Release|Any CPU
		{1C1BEBEC-45FA-4556-99DD-98F3D2C35CB5}.Debug|Any CPU.ActiveCfg = Debug|Any CPU
		{1C1BEBEC-45FA-4556-99DD-98F3D2C35CB5}.Debug|Any CPU.Build.0 = Debug|Any CPU
		{1C1BEBEC-45FA-4556-99DD-98F3D2C35CB5}.Debug|x64.ActiveCfg = Debug|Any CPU
		{1C1BEBEC-45FA-4556-99DD-98F3D2C35CB5}.Debug|x64.Build.0 = Debug|Any CPU
		{1C1BEBEC-45FA-4556-99DD-98F3D2C35CB5}.Debug|x86.ActiveCfg = Debug|Any CPU
		{1C1BEBEC-45FA-4556-99DD-98F3D2C35CB5}.Debug|x86.Build.0 = Debug|Any CPU
		{1C1BEBEC-45FA-4556-99DD-98F3D2C35CB5}.Release|Any CPU.ActiveCfg = Release|Any CPU
		{1C1BEBEC-45FA-4556-99DD-98F3D2C35CB5}.Release|Any CPU.Build.0 = Release|Any CPU
		{1C1BEBEC-45FA-4556-99DD-98F3D2C35CB5}.Release|x64.ActiveCfg = Release|Any CPU
		{1C1BEBEC-45FA-4556-99DD-98F3D2C35CB5}.Release|x64.Build.0 = Release|Any CPU
		{1C1BEBEC-45FA-4556-99DD-98F3D2C35CB5}.Release|x86.ActiveCfg = Release|Any CPU
		{1C1BEBEC-45FA-4556-99DD-98F3D2C35CB5}.Release|x86.Build.0 = Release|Any CPU
		{76F189A5-A080-4D17-BB8F-30CD449C274F}.Debug|Any CPU.ActiveCfg = Debug|Any CPU
		{76F189A5-A080-4D17-BB8F-30CD449C274F}.Debug|Any CPU.Build.0 = Debug|Any CPU
		{76F189A5-A080-4D17-BB8F-30CD449C274F}.Debug|x64.ActiveCfg = Debug|Any CPU
		{76F189A5-A080-4D17-BB8F-30CD449C274F}.Debug|x64.Build.0 = Debug|Any CPU
		{76F189A5-A080-4D17-BB8F-30CD449C274F}.Debug|x86.ActiveCfg = Debug|Any CPU
		{76F189A5-A080-4D17-BB8F-30CD449C274F}.Debug|x86.Build.0 = Debug|Any CPU
		{76F189A5-A080-4D17-BB8F-30CD449C274F}.Release|Any CPU.ActiveCfg = Release|Any CPU
		{76F189A5-A080-4D17-BB8F-30CD449C274F}.Release|Any CPU.Build.0 = Release|Any CPU
		{76F189A5-A080-4D17-BB8F-30CD449C274F}.Release|x64.ActiveCfg = Release|Any CPU
		{76F189A5-A080-4D17-BB8F-30CD449C274F}.Release|x64.Build.0 = Release|Any CPU
		{76F189A5-A080-4D17-BB8F-30CD449C274F}.Release|x86.ActiveCfg = Release|Any CPU
		{76F189A5-A080-4D17-BB8F-30CD449C274F}.Release|x86.Build.0 = Release|Any CPU
		{8DFA74C6-5A70-4CA3-8E6C-DE4C386E49EF}.Debug|Any CPU.ActiveCfg = Debug|Any CPU
		{8DFA74C6-5A70-4CA3-8E6C-DE4C386E49EF}.Debug|Any CPU.Build.0 = Debug|Any CPU
		{8DFA74C6-5A70-4CA3-8E6C-DE4C386E49EF}.Debug|x64.ActiveCfg = Debug|Any CPU
		{8DFA74C6-5A70-4CA3-8E6C-DE4C386E49EF}.Debug|x64.Build.0 = Debug|Any CPU
		{8DFA74C6-5A70-4CA3-8E6C-DE4C386E49EF}.Debug|x86.ActiveCfg = Debug|Any CPU
		{8DFA74C6-5A70-4CA3-8E6C-DE4C386E49EF}.Debug|x86.Build.0 = Debug|Any CPU
		{8DFA74C6-5A70-4CA3-8E6C-DE4C386E49EF}.Release|Any CPU.ActiveCfg = Release|Any CPU
		{8DFA74C6-5A70-4CA3-8E6C-DE4C386E49EF}.Release|Any CPU.Build.0 = Release|Any CPU
		{8DFA74C6-5A70-4CA3-8E6C-DE4C386E49EF}.Release|x64.ActiveCfg = Release|Any CPU
		{8DFA74C6-5A70-4CA3-8E6C-DE4C386E49EF}.Release|x64.Build.0 = Release|Any CPU
		{8DFA74C6-5A70-4CA3-8E6C-DE4C386E49EF}.Release|x86.ActiveCfg = Release|Any CPU
		{8DFA74C6-5A70-4CA3-8E6C-DE4C386E49EF}.Release|x86.Build.0 = Release|Any CPU
		{01E35130-3270-40E5-AA9B-1FB85F879BF5}.Debug|Any CPU.ActiveCfg = Debug|Any CPU
		{01E35130-3270-40E5-AA9B-1FB85F879BF5}.Debug|Any CPU.Build.0 = Debug|Any CPU
		{01E35130-3270-40E5-AA9B-1FB85F879BF5}.Debug|x64.ActiveCfg = Debug|Any CPU
		{01E35130-3270-40E5-AA9B-1FB85F879BF5}.Debug|x64.Build.0 = Debug|Any CPU
		{01E35130-3270-40E5-AA9B-1FB85F879BF5}.Debug|x86.ActiveCfg = Debug|Any CPU
		{01E35130-3270-40E5-AA9B-1FB85F879BF5}.Debug|x86.Build.0 = Debug|Any CPU
		{01E35130-3270-40E5-AA9B-1FB85F879BF5}.Release|Any CPU.ActiveCfg = Release|Any CPU
		{01E35130-3270-40E5-AA9B-1FB85F879BF5}.Release|Any CPU.Build.0 = Release|Any CPU
		{01E35130-3270-40E5-AA9B-1FB85F879BF5}.Release|x64.ActiveCfg = Release|Any CPU
		{01E35130-3270-40E5-AA9B-1FB85F879BF5}.Release|x64.Build.0 = Release|Any CPU
		{01E35130-3270-40E5-AA9B-1FB85F879BF5}.Release|x86.ActiveCfg = Release|Any CPU
		{01E35130-3270-40E5-AA9B-1FB85F879BF5}.Release|x86.Build.0 = Release|Any CPU
		{25821DD6-9DB6-42B8-9CF6-08C9AE7D7302}.Debug|Any CPU.ActiveCfg = Debug|Any CPU
		{25821DD6-9DB6-42B8-9CF6-08C9AE7D7302}.Debug|Any CPU.Build.0 = Debug|Any CPU
		{25821DD6-9DB6-42B8-9CF6-08C9AE7D7302}.Debug|x64.ActiveCfg = Debug|Any CPU
		{25821DD6-9DB6-42B8-9CF6-08C9AE7D7302}.Debug|x64.Build.0 = Debug|Any CPU
		{25821DD6-9DB6-42B8-9CF6-08C9AE7D7302}.Debug|x86.ActiveCfg = Debug|Any CPU
		{25821DD6-9DB6-42B8-9CF6-08C9AE7D7302}.Debug|x86.Build.0 = Debug|Any CPU
		{25821DD6-9DB6-42B8-9CF6-08C9AE7D7302}.Release|Any CPU.ActiveCfg = Release|Any CPU
		{25821DD6-9DB6-42B8-9CF6-08C9AE7D7302}.Release|Any CPU.Build.0 = Release|Any CPU
		{25821DD6-9DB6-42B8-9CF6-08C9AE7D7302}.Release|x64.ActiveCfg = Release|Any CPU
		{25821DD6-9DB6-42B8-9CF6-08C9AE7D7302}.Release|x64.Build.0 = Release|Any CPU
		{25821DD6-9DB6-42B8-9CF6-08C9AE7D7302}.Release|x86.ActiveCfg = Release|Any CPU
		{25821DD6-9DB6-42B8-9CF6-08C9AE7D7302}.Release|x86.Build.0 = Release|Any CPU
		{762AC3C7-F15F-4665-A57D-0B4DB31448B9}.Debug|Any CPU.ActiveCfg = Debug|Any CPU
		{762AC3C7-F15F-4665-A57D-0B4DB31448B9}.Debug|Any CPU.Build.0 = Debug|Any CPU
		{762AC3C7-F15F-4665-A57D-0B4DB31448B9}.Debug|x64.ActiveCfg = Debug|Any CPU
		{762AC3C7-F15F-4665-A57D-0B4DB31448B9}.Debug|x64.Build.0 = Debug|Any CPU
		{762AC3C7-F15F-4665-A57D-0B4DB31448B9}.Debug|x86.ActiveCfg = Debug|Any CPU
		{762AC3C7-F15F-4665-A57D-0B4DB31448B9}.Debug|x86.Build.0 = Debug|Any CPU
		{762AC3C7-F15F-4665-A57D-0B4DB31448B9}.Release|Any CPU.ActiveCfg = Release|Any CPU
		{762AC3C7-F15F-4665-A57D-0B4DB31448B9}.Release|Any CPU.Build.0 = Release|Any CPU
		{762AC3C7-F15F-4665-A57D-0B4DB31448B9}.Release|x64.ActiveCfg = Release|Any CPU
		{762AC3C7-F15F-4665-A57D-0B4DB31448B9}.Release|x64.Build.0 = Release|Any CPU
		{762AC3C7-F15F-4665-A57D-0B4DB31448B9}.Release|x86.ActiveCfg = Release|Any CPU
		{762AC3C7-F15F-4665-A57D-0B4DB31448B9}.Release|x86.Build.0 = Release|Any CPU
		{5BBD1AC4-B40E-42AB-AC7B-4F99E54B8065}.Debug|Any CPU.ActiveCfg = Debug|Any CPU
		{5BBD1AC4-B40E-42AB-AC7B-4F99E54B8065}.Debug|Any CPU.Build.0 = Debug|Any CPU
		{5BBD1AC4-B40E-42AB-AC7B-4F99E54B8065}.Debug|x64.ActiveCfg = Debug|Any CPU
		{5BBD1AC4-B40E-42AB-AC7B-4F99E54B8065}.Debug|x64.Build.0 = Debug|Any CPU
		{5BBD1AC4-B40E-42AB-AC7B-4F99E54B8065}.Debug|x86.ActiveCfg = Debug|Any CPU
		{5BBD1AC4-B40E-42AB-AC7B-4F99E54B8065}.Debug|x86.Build.0 = Debug|Any CPU
		{5BBD1AC4-B40E-42AB-AC7B-4F99E54B8065}.Release|Any CPU.ActiveCfg = Release|Any CPU
		{5BBD1AC4-B40E-42AB-AC7B-4F99E54B8065}.Release|Any CPU.Build.0 = Release|Any CPU
		{5BBD1AC4-B40E-42AB-AC7B-4F99E54B8065}.Release|x64.ActiveCfg = Release|Any CPU
		{5BBD1AC4-B40E-42AB-AC7B-4F99E54B8065}.Release|x64.Build.0 = Release|Any CPU
		{5BBD1AC4-B40E-42AB-AC7B-4F99E54B8065}.Release|x86.ActiveCfg = Release|Any CPU
		{5BBD1AC4-B40E-42AB-AC7B-4F99E54B8065}.Release|x86.Build.0 = Release|Any CPU
		{6F0A96C8-3B29-4BE3-9F59-3CE1ACEB1733}.Debug|Any CPU.ActiveCfg = Debug|Any CPU
		{6F0A96C8-3B29-4BE3-9F59-3CE1ACEB1733}.Debug|Any CPU.Build.0 = Debug|Any CPU
		{6F0A96C8-3B29-4BE3-9F59-3CE1ACEB1733}.Debug|x64.ActiveCfg = Debug|Any CPU
		{6F0A96C8-3B29-4BE3-9F59-3CE1ACEB1733}.Debug|x64.Build.0 = Debug|Any CPU
		{6F0A96C8-3B29-4BE3-9F59-3CE1ACEB1733}.Debug|x86.ActiveCfg = Debug|Any CPU
		{6F0A96C8-3B29-4BE3-9F59-3CE1ACEB1733}.Debug|x86.Build.0 = Debug|Any CPU
		{6F0A96C8-3B29-4BE3-9F59-3CE1ACEB1733}.Release|Any CPU.ActiveCfg = Release|Any CPU
		{6F0A96C8-3B29-4BE3-9F59-3CE1ACEB1733}.Release|Any CPU.Build.0 = Release|Any CPU
		{6F0A96C8-3B29-4BE3-9F59-3CE1ACEB1733}.Release|x64.ActiveCfg = Release|Any CPU
		{6F0A96C8-3B29-4BE3-9F59-3CE1ACEB1733}.Release|x64.Build.0 = Release|Any CPU
		{6F0A96C8-3B29-4BE3-9F59-3CE1ACEB1733}.Release|x86.ActiveCfg = Release|Any CPU
		{6F0A96C8-3B29-4BE3-9F59-3CE1ACEB1733}.Release|x86.Build.0 = Release|Any CPU
		{13AD9810-5D1B-4D19-A13D-2C2F645B6CBE}.Debug|Any CPU.ActiveCfg = Debug|Any CPU
		{13AD9810-5D1B-4D19-A13D-2C2F645B6CBE}.Debug|Any CPU.Build.0 = Debug|Any CPU
		{13AD9810-5D1B-4D19-A13D-2C2F645B6CBE}.Debug|x64.ActiveCfg = Debug|Any CPU
		{13AD9810-5D1B-4D19-A13D-2C2F645B6CBE}.Debug|x64.Build.0 = Debug|Any CPU
		{13AD9810-5D1B-4D19-A13D-2C2F645B6CBE}.Debug|x86.ActiveCfg = Debug|Any CPU
		{13AD9810-5D1B-4D19-A13D-2C2F645B6CBE}.Debug|x86.Build.0 = Debug|Any CPU
		{13AD9810-5D1B-4D19-A13D-2C2F645B6CBE}.Release|Any CPU.ActiveCfg = Release|Any CPU
		{13AD9810-5D1B-4D19-A13D-2C2F645B6CBE}.Release|Any CPU.Build.0 = Release|Any CPU
		{13AD9810-5D1B-4D19-A13D-2C2F645B6CBE}.Release|x64.ActiveCfg = Release|Any CPU
		{13AD9810-5D1B-4D19-A13D-2C2F645B6CBE}.Release|x64.Build.0 = Release|Any CPU
		{13AD9810-5D1B-4D19-A13D-2C2F645B6CBE}.Release|x86.ActiveCfg = Release|Any CPU
		{13AD9810-5D1B-4D19-A13D-2C2F645B6CBE}.Release|x86.Build.0 = Release|Any CPU
		{9AB7F55A-1A41-4647-8FB7-A631536E2E09}.Debug|Any CPU.ActiveCfg = Debug|Any CPU
		{9AB7F55A-1A41-4647-8FB7-A631536E2E09}.Debug|Any CPU.Build.0 = Debug|Any CPU
		{9AB7F55A-1A41-4647-8FB7-A631536E2E09}.Debug|x64.ActiveCfg = Debug|Any CPU
		{9AB7F55A-1A41-4647-8FB7-A631536E2E09}.Debug|x64.Build.0 = Debug|Any CPU
		{9AB7F55A-1A41-4647-8FB7-A631536E2E09}.Debug|x86.ActiveCfg = Debug|Any CPU
		{9AB7F55A-1A41-4647-8FB7-A631536E2E09}.Debug|x86.Build.0 = Debug|Any CPU
		{9AB7F55A-1A41-4647-8FB7-A631536E2E09}.Release|Any CPU.ActiveCfg = Release|Any CPU
		{9AB7F55A-1A41-4647-8FB7-A631536E2E09}.Release|Any CPU.Build.0 = Release|Any CPU
		{9AB7F55A-1A41-4647-8FB7-A631536E2E09}.Release|x64.ActiveCfg = Release|Any CPU
		{9AB7F55A-1A41-4647-8FB7-A631536E2E09}.Release|x64.Build.0 = Release|Any CPU
		{9AB7F55A-1A41-4647-8FB7-A631536E2E09}.Release|x86.ActiveCfg = Release|Any CPU
		{9AB7F55A-1A41-4647-8FB7-A631536E2E09}.Release|x86.Build.0 = Release|Any CPU
		{E1FB6467-E711-4768-9FB6-2B75B953A2AC}.Debug|Any CPU.ActiveCfg = Debug|Any CPU
		{E1FB6467-E711-4768-9FB6-2B75B953A2AC}.Debug|Any CPU.Build.0 = Debug|Any CPU
		{E1FB6467-E711-4768-9FB6-2B75B953A2AC}.Debug|x64.ActiveCfg = Debug|Any CPU
		{E1FB6467-E711-4768-9FB6-2B75B953A2AC}.Debug|x64.Build.0 = Debug|Any CPU
		{E1FB6467-E711-4768-9FB6-2B75B953A2AC}.Debug|x86.ActiveCfg = Debug|Any CPU
		{E1FB6467-E711-4768-9FB6-2B75B953A2AC}.Debug|x86.Build.0 = Debug|Any CPU
		{E1FB6467-E711-4768-9FB6-2B75B953A2AC}.Release|Any CPU.ActiveCfg = Release|Any CPU
		{E1FB6467-E711-4768-9FB6-2B75B953A2AC}.Release|Any CPU.Build.0 = Release|Any CPU
		{E1FB6467-E711-4768-9FB6-2B75B953A2AC}.Release|x64.ActiveCfg = Release|Any CPU
		{E1FB6467-E711-4768-9FB6-2B75B953A2AC}.Release|x64.Build.0 = Release|Any CPU
		{E1FB6467-E711-4768-9FB6-2B75B953A2AC}.Release|x86.ActiveCfg = Release|Any CPU
		{E1FB6467-E711-4768-9FB6-2B75B953A2AC}.Release|x86.Build.0 = Release|Any CPU
		{5551EF5A-0E6C-4F6E-820B-94FE6D9D14A4}.Debug|Any CPU.ActiveCfg = Debug|Any CPU
		{5551EF5A-0E6C-4F6E-820B-94FE6D9D14A4}.Debug|Any CPU.Build.0 = Debug|Any CPU
		{5551EF5A-0E6C-4F6E-820B-94FE6D9D14A4}.Debug|x64.ActiveCfg = Debug|Any CPU
		{5551EF5A-0E6C-4F6E-820B-94FE6D9D14A4}.Debug|x64.Build.0 = Debug|Any CPU
		{5551EF5A-0E6C-4F6E-820B-94FE6D9D14A4}.Debug|x86.ActiveCfg = Debug|Any CPU
		{5551EF5A-0E6C-4F6E-820B-94FE6D9D14A4}.Debug|x86.Build.0 = Debug|Any CPU
		{5551EF5A-0E6C-4F6E-820B-94FE6D9D14A4}.Release|Any CPU.ActiveCfg = Release|Any CPU
		{5551EF5A-0E6C-4F6E-820B-94FE6D9D14A4}.Release|Any CPU.Build.0 = Release|Any CPU
		{5551EF5A-0E6C-4F6E-820B-94FE6D9D14A4}.Release|x64.ActiveCfg = Release|Any CPU
		{5551EF5A-0E6C-4F6E-820B-94FE6D9D14A4}.Release|x64.Build.0 = Release|Any CPU
		{5551EF5A-0E6C-4F6E-820B-94FE6D9D14A4}.Release|x86.ActiveCfg = Release|Any CPU
		{5551EF5A-0E6C-4F6E-820B-94FE6D9D14A4}.Release|x86.Build.0 = Release|Any CPU
		{6A052625-5B5D-46C6-BFC7-43E1DF673508}.Debug|Any CPU.ActiveCfg = Debug|Any CPU
		{6A052625-5B5D-46C6-BFC7-43E1DF673508}.Debug|Any CPU.Build.0 = Debug|Any CPU
		{6A052625-5B5D-46C6-BFC7-43E1DF673508}.Debug|x64.ActiveCfg = Debug|Any CPU
		{6A052625-5B5D-46C6-BFC7-43E1DF673508}.Debug|x64.Build.0 = Debug|Any CPU
		{6A052625-5B5D-46C6-BFC7-43E1DF673508}.Debug|x86.ActiveCfg = Debug|Any CPU
		{6A052625-5B5D-46C6-BFC7-43E1DF673508}.Debug|x86.Build.0 = Debug|Any CPU
		{6A052625-5B5D-46C6-BFC7-43E1DF673508}.Release|Any CPU.ActiveCfg = Release|Any CPU
		{6A052625-5B5D-46C6-BFC7-43E1DF673508}.Release|Any CPU.Build.0 = Release|Any CPU
		{6A052625-5B5D-46C6-BFC7-43E1DF673508}.Release|x64.ActiveCfg = Release|Any CPU
		{6A052625-5B5D-46C6-BFC7-43E1DF673508}.Release|x64.Build.0 = Release|Any CPU
		{6A052625-5B5D-46C6-BFC7-43E1DF673508}.Release|x86.ActiveCfg = Release|Any CPU
		{6A052625-5B5D-46C6-BFC7-43E1DF673508}.Release|x86.Build.0 = Release|Any CPU
		{09581658-1CBA-4174-BCDD-DFA6DEC7584F}.Debug|Any CPU.ActiveCfg = Debug|Any CPU
		{09581658-1CBA-4174-BCDD-DFA6DEC7584F}.Debug|Any CPU.Build.0 = Debug|Any CPU
		{09581658-1CBA-4174-BCDD-DFA6DEC7584F}.Debug|x64.ActiveCfg = Debug|Any CPU
		{09581658-1CBA-4174-BCDD-DFA6DEC7584F}.Debug|x64.Build.0 = Debug|Any CPU
		{09581658-1CBA-4174-BCDD-DFA6DEC7584F}.Debug|x86.ActiveCfg = Debug|Any CPU
		{09581658-1CBA-4174-BCDD-DFA6DEC7584F}.Debug|x86.Build.0 = Debug|Any CPU
		{09581658-1CBA-4174-BCDD-DFA6DEC7584F}.Release|Any CPU.ActiveCfg = Release|Any CPU
		{09581658-1CBA-4174-BCDD-DFA6DEC7584F}.Release|Any CPU.Build.0 = Release|Any CPU
		{09581658-1CBA-4174-BCDD-DFA6DEC7584F}.Release|x64.ActiveCfg = Release|Any CPU
		{09581658-1CBA-4174-BCDD-DFA6DEC7584F}.Release|x64.Build.0 = Release|Any CPU
		{09581658-1CBA-4174-BCDD-DFA6DEC7584F}.Release|x86.ActiveCfg = Release|Any CPU
		{09581658-1CBA-4174-BCDD-DFA6DEC7584F}.Release|x86.Build.0 = Release|Any CPU
		{37C19F2A-7F36-4D76-A511-937FBE20CF7D}.Debug|Any CPU.ActiveCfg = Debug|Any CPU
		{37C19F2A-7F36-4D76-A511-937FBE20CF7D}.Debug|Any CPU.Build.0 = Debug|Any CPU
		{37C19F2A-7F36-4D76-A511-937FBE20CF7D}.Debug|x64.ActiveCfg = Debug|Any CPU
		{37C19F2A-7F36-4D76-A511-937FBE20CF7D}.Debug|x64.Build.0 = Debug|Any CPU
		{37C19F2A-7F36-4D76-A511-937FBE20CF7D}.Debug|x86.ActiveCfg = Debug|Any CPU
		{37C19F2A-7F36-4D76-A511-937FBE20CF7D}.Debug|x86.Build.0 = Debug|Any CPU
		{37C19F2A-7F36-4D76-A511-937FBE20CF7D}.Release|Any CPU.ActiveCfg = Release|Any CPU
		{37C19F2A-7F36-4D76-A511-937FBE20CF7D}.Release|Any CPU.Build.0 = Release|Any CPU
		{37C19F2A-7F36-4D76-A511-937FBE20CF7D}.Release|x64.ActiveCfg = Release|Any CPU
		{37C19F2A-7F36-4D76-A511-937FBE20CF7D}.Release|x64.Build.0 = Release|Any CPU
		{37C19F2A-7F36-4D76-A511-937FBE20CF7D}.Release|x86.ActiveCfg = Release|Any CPU
		{37C19F2A-7F36-4D76-A511-937FBE20CF7D}.Release|x86.Build.0 = Release|Any CPU
		{3941341D-3911-4D0F-822D-0332BA4E1966}.Debug|Any CPU.ActiveCfg = Debug|Any CPU
		{3941341D-3911-4D0F-822D-0332BA4E1966}.Debug|Any CPU.Build.0 = Debug|Any CPU
		{3941341D-3911-4D0F-822D-0332BA4E1966}.Debug|x64.ActiveCfg = Debug|Any CPU
		{3941341D-3911-4D0F-822D-0332BA4E1966}.Debug|x64.Build.0 = Debug|Any CPU
		{3941341D-3911-4D0F-822D-0332BA4E1966}.Debug|x86.ActiveCfg = Debug|Any CPU
		{3941341D-3911-4D0F-822D-0332BA4E1966}.Debug|x86.Build.0 = Debug|Any CPU
		{3941341D-3911-4D0F-822D-0332BA4E1966}.Release|Any CPU.ActiveCfg = Release|Any CPU
		{3941341D-3911-4D0F-822D-0332BA4E1966}.Release|Any CPU.Build.0 = Release|Any CPU
		{3941341D-3911-4D0F-822D-0332BA4E1966}.Release|x64.ActiveCfg = Release|Any CPU
		{3941341D-3911-4D0F-822D-0332BA4E1966}.Release|x64.Build.0 = Release|Any CPU
		{3941341D-3911-4D0F-822D-0332BA4E1966}.Release|x86.ActiveCfg = Release|Any CPU
		{3941341D-3911-4D0F-822D-0332BA4E1966}.Release|x86.Build.0 = Release|Any CPU
		{38AB7E99-FE32-45BA-9EF7-005A843DE2C8}.Debug|Any CPU.ActiveCfg = Debug|Any CPU
		{38AB7E99-FE32-45BA-9EF7-005A843DE2C8}.Debug|Any CPU.Build.0 = Debug|Any CPU
		{38AB7E99-FE32-45BA-9EF7-005A843DE2C8}.Debug|x64.ActiveCfg = Debug|Any CPU
		{38AB7E99-FE32-45BA-9EF7-005A843DE2C8}.Debug|x64.Build.0 = Debug|Any CPU
		{38AB7E99-FE32-45BA-9EF7-005A843DE2C8}.Debug|x86.ActiveCfg = Debug|Any CPU
		{38AB7E99-FE32-45BA-9EF7-005A843DE2C8}.Debug|x86.Build.0 = Debug|Any CPU
		{38AB7E99-FE32-45BA-9EF7-005A843DE2C8}.Release|Any CPU.ActiveCfg = Release|Any CPU
		{38AB7E99-FE32-45BA-9EF7-005A843DE2C8}.Release|Any CPU.Build.0 = Release|Any CPU
		{38AB7E99-FE32-45BA-9EF7-005A843DE2C8}.Release|x64.ActiveCfg = Release|Any CPU
		{38AB7E99-FE32-45BA-9EF7-005A843DE2C8}.Release|x64.Build.0 = Release|Any CPU
		{38AB7E99-FE32-45BA-9EF7-005A843DE2C8}.Release|x86.ActiveCfg = Release|Any CPU
		{38AB7E99-FE32-45BA-9EF7-005A843DE2C8}.Release|x86.Build.0 = Release|Any CPU
		{AD82618C-634C-4041-BF5A-EC3904361718}.Debug|Any CPU.ActiveCfg = Debug|Any CPU
		{AD82618C-634C-4041-BF5A-EC3904361718}.Debug|Any CPU.Build.0 = Debug|Any CPU
		{AD82618C-634C-4041-BF5A-EC3904361718}.Debug|x64.ActiveCfg = Debug|Any CPU
		{AD82618C-634C-4041-BF5A-EC3904361718}.Debug|x64.Build.0 = Debug|Any CPU
		{AD82618C-634C-4041-BF5A-EC3904361718}.Debug|x86.ActiveCfg = Debug|Any CPU
		{AD82618C-634C-4041-BF5A-EC3904361718}.Debug|x86.Build.0 = Debug|Any CPU
		{AD82618C-634C-4041-BF5A-EC3904361718}.Release|Any CPU.ActiveCfg = Release|Any CPU
		{AD82618C-634C-4041-BF5A-EC3904361718}.Release|Any CPU.Build.0 = Release|Any CPU
		{AD82618C-634C-4041-BF5A-EC3904361718}.Release|x64.ActiveCfg = Release|Any CPU
		{AD82618C-634C-4041-BF5A-EC3904361718}.Release|x64.Build.0 = Release|Any CPU
		{AD82618C-634C-4041-BF5A-EC3904361718}.Release|x86.ActiveCfg = Release|Any CPU
		{AD82618C-634C-4041-BF5A-EC3904361718}.Release|x86.Build.0 = Release|Any CPU
		{F313296B-E0A2-4E02-AF6C-BDB6B9B3F70A}.Debug|Any CPU.ActiveCfg = Debug|Any CPU
		{F313296B-E0A2-4E02-AF6C-BDB6B9B3F70A}.Debug|Any CPU.Build.0 = Debug|Any CPU
		{F313296B-E0A2-4E02-AF6C-BDB6B9B3F70A}.Debug|x64.ActiveCfg = Debug|Any CPU
		{F313296B-E0A2-4E02-AF6C-BDB6B9B3F70A}.Debug|x64.Build.0 = Debug|Any CPU
		{F313296B-E0A2-4E02-AF6C-BDB6B9B3F70A}.Debug|x86.ActiveCfg = Debug|Any CPU
		{F313296B-E0A2-4E02-AF6C-BDB6B9B3F70A}.Debug|x86.Build.0 = Debug|Any CPU
		{F313296B-E0A2-4E02-AF6C-BDB6B9B3F70A}.Release|Any CPU.ActiveCfg = Release|Any CPU
		{F313296B-E0A2-4E02-AF6C-BDB6B9B3F70A}.Release|Any CPU.Build.0 = Release|Any CPU
		{F313296B-E0A2-4E02-AF6C-BDB6B9B3F70A}.Release|x64.ActiveCfg = Release|Any CPU
		{F313296B-E0A2-4E02-AF6C-BDB6B9B3F70A}.Release|x64.Build.0 = Release|Any CPU
		{F313296B-E0A2-4E02-AF6C-BDB6B9B3F70A}.Release|x86.ActiveCfg = Release|Any CPU
		{F313296B-E0A2-4E02-AF6C-BDB6B9B3F70A}.Release|x86.Build.0 = Release|Any CPU
		{EFB1D67E-AA56-4817-AE22-0963525D630E}.Debug|Any CPU.ActiveCfg = Debug|Any CPU
		{EFB1D67E-AA56-4817-AE22-0963525D630E}.Debug|Any CPU.Build.0 = Debug|Any CPU
		{EFB1D67E-AA56-4817-AE22-0963525D630E}.Debug|x64.ActiveCfg = Debug|Any CPU
		{EFB1D67E-AA56-4817-AE22-0963525D630E}.Debug|x64.Build.0 = Debug|Any CPU
		{EFB1D67E-AA56-4817-AE22-0963525D630E}.Debug|x86.ActiveCfg = Debug|Any CPU
		{EFB1D67E-AA56-4817-AE22-0963525D630E}.Debug|x86.Build.0 = Debug|Any CPU
		{EFB1D67E-AA56-4817-AE22-0963525D630E}.Release|Any CPU.ActiveCfg = Release|Any CPU
		{EFB1D67E-AA56-4817-AE22-0963525D630E}.Release|Any CPU.Build.0 = Release|Any CPU
		{EFB1D67E-AA56-4817-AE22-0963525D630E}.Release|x64.ActiveCfg = Release|Any CPU
		{EFB1D67E-AA56-4817-AE22-0963525D630E}.Release|x64.Build.0 = Release|Any CPU
		{EFB1D67E-AA56-4817-AE22-0963525D630E}.Release|x86.ActiveCfg = Release|Any CPU
		{EFB1D67E-AA56-4817-AE22-0963525D630E}.Release|x86.Build.0 = Release|Any CPU
		{F9BEE0E0-7FA0-441C-B79E-BC606ECE47D9}.Debug|Any CPU.ActiveCfg = Debug|Any CPU
		{F9BEE0E0-7FA0-441C-B79E-BC606ECE47D9}.Debug|Any CPU.Build.0 = Debug|Any CPU
		{F9BEE0E0-7FA0-441C-B79E-BC606ECE47D9}.Debug|x64.ActiveCfg = Debug|Any CPU
		{F9BEE0E0-7FA0-441C-B79E-BC606ECE47D9}.Debug|x64.Build.0 = Debug|Any CPU
		{F9BEE0E0-7FA0-441C-B79E-BC606ECE47D9}.Debug|x86.ActiveCfg = Debug|Any CPU
		{F9BEE0E0-7FA0-441C-B79E-BC606ECE47D9}.Debug|x86.Build.0 = Debug|Any CPU
		{F9BEE0E0-7FA0-441C-B79E-BC606ECE47D9}.Release|Any CPU.ActiveCfg = Release|Any CPU
		{F9BEE0E0-7FA0-441C-B79E-BC606ECE47D9}.Release|Any CPU.Build.0 = Release|Any CPU
		{F9BEE0E0-7FA0-441C-B79E-BC606ECE47D9}.Release|x64.ActiveCfg = Release|Any CPU
		{F9BEE0E0-7FA0-441C-B79E-BC606ECE47D9}.Release|x64.Build.0 = Release|Any CPU
		{F9BEE0E0-7FA0-441C-B79E-BC606ECE47D9}.Release|x86.ActiveCfg = Release|Any CPU
		{F9BEE0E0-7FA0-441C-B79E-BC606ECE47D9}.Release|x86.Build.0 = Release|Any CPU
		{5B681620-E80D-4159-9E67-69B0F4D57F24}.Debug|Any CPU.ActiveCfg = Debug|Any CPU
		{5B681620-E80D-4159-9E67-69B0F4D57F24}.Debug|Any CPU.Build.0 = Debug|Any CPU
		{5B681620-E80D-4159-9E67-69B0F4D57F24}.Debug|x64.ActiveCfg = Debug|Any CPU
		{5B681620-E80D-4159-9E67-69B0F4D57F24}.Debug|x64.Build.0 = Debug|Any CPU
		{5B681620-E80D-4159-9E67-69B0F4D57F24}.Debug|x86.ActiveCfg = Debug|Any CPU
		{5B681620-E80D-4159-9E67-69B0F4D57F24}.Debug|x86.Build.0 = Debug|Any CPU
		{5B681620-E80D-4159-9E67-69B0F4D57F24}.Release|Any CPU.ActiveCfg = Release|Any CPU
		{5B681620-E80D-4159-9E67-69B0F4D57F24}.Release|Any CPU.Build.0 = Release|Any CPU
		{5B681620-E80D-4159-9E67-69B0F4D57F24}.Release|x64.ActiveCfg = Release|Any CPU
		{5B681620-E80D-4159-9E67-69B0F4D57F24}.Release|x64.Build.0 = Release|Any CPU
		{5B681620-E80D-4159-9E67-69B0F4D57F24}.Release|x86.ActiveCfg = Release|Any CPU
		{5B681620-E80D-4159-9E67-69B0F4D57F24}.Release|x86.Build.0 = Release|Any CPU
		{0C7538AC-FB67-4EAF-986F-1EA6AEA0AC5D}.Debug|Any CPU.ActiveCfg = Debug|Any CPU
		{0C7538AC-FB67-4EAF-986F-1EA6AEA0AC5D}.Debug|Any CPU.Build.0 = Debug|Any CPU
		{0C7538AC-FB67-4EAF-986F-1EA6AEA0AC5D}.Debug|x64.ActiveCfg = Debug|Any CPU
		{0C7538AC-FB67-4EAF-986F-1EA6AEA0AC5D}.Debug|x64.Build.0 = Debug|Any CPU
		{0C7538AC-FB67-4EAF-986F-1EA6AEA0AC5D}.Debug|x86.ActiveCfg = Debug|Any CPU
		{0C7538AC-FB67-4EAF-986F-1EA6AEA0AC5D}.Debug|x86.Build.0 = Debug|Any CPU
		{0C7538AC-FB67-4EAF-986F-1EA6AEA0AC5D}.Release|Any CPU.ActiveCfg = Release|Any CPU
		{0C7538AC-FB67-4EAF-986F-1EA6AEA0AC5D}.Release|Any CPU.Build.0 = Release|Any CPU
		{0C7538AC-FB67-4EAF-986F-1EA6AEA0AC5D}.Release|x64.ActiveCfg = Release|Any CPU
		{0C7538AC-FB67-4EAF-986F-1EA6AEA0AC5D}.Release|x64.Build.0 = Release|Any CPU
		{0C7538AC-FB67-4EAF-986F-1EA6AEA0AC5D}.Release|x86.ActiveCfg = Release|Any CPU
		{0C7538AC-FB67-4EAF-986F-1EA6AEA0AC5D}.Release|x86.Build.0 = Release|Any CPU
		{8036DD8A-498F-4B53-8429-48D6F85406EE}.Debug|Any CPU.ActiveCfg = Debug|Any CPU
		{8036DD8A-498F-4B53-8429-48D6F85406EE}.Debug|Any CPU.Build.0 = Debug|Any CPU
		{8036DD8A-498F-4B53-8429-48D6F85406EE}.Debug|x64.ActiveCfg = Debug|Any CPU
		{8036DD8A-498F-4B53-8429-48D6F85406EE}.Debug|x64.Build.0 = Debug|Any CPU
		{8036DD8A-498F-4B53-8429-48D6F85406EE}.Debug|x86.ActiveCfg = Debug|Any CPU
		{8036DD8A-498F-4B53-8429-48D6F85406EE}.Debug|x86.Build.0 = Debug|Any CPU
		{8036DD8A-498F-4B53-8429-48D6F85406EE}.Release|Any CPU.ActiveCfg = Release|Any CPU
		{8036DD8A-498F-4B53-8429-48D6F85406EE}.Release|Any CPU.Build.0 = Release|Any CPU
		{8036DD8A-498F-4B53-8429-48D6F85406EE}.Release|x64.ActiveCfg = Release|Any CPU
		{8036DD8A-498F-4B53-8429-48D6F85406EE}.Release|x64.Build.0 = Release|Any CPU
		{8036DD8A-498F-4B53-8429-48D6F85406EE}.Release|x86.ActiveCfg = Release|Any CPU
		{8036DD8A-498F-4B53-8429-48D6F85406EE}.Release|x86.Build.0 = Release|Any CPU
		{525DFDFE-6538-4846-8E8C-050FF9D7347D}.Debug|Any CPU.ActiveCfg = Debug|Any CPU
		{525DFDFE-6538-4846-8E8C-050FF9D7347D}.Debug|Any CPU.Build.0 = Debug|Any CPU
		{525DFDFE-6538-4846-8E8C-050FF9D7347D}.Debug|x64.ActiveCfg = Debug|Any CPU
		{525DFDFE-6538-4846-8E8C-050FF9D7347D}.Debug|x64.Build.0 = Debug|Any CPU
		{525DFDFE-6538-4846-8E8C-050FF9D7347D}.Debug|x86.ActiveCfg = Debug|Any CPU
		{525DFDFE-6538-4846-8E8C-050FF9D7347D}.Debug|x86.Build.0 = Debug|Any CPU
		{525DFDFE-6538-4846-8E8C-050FF9D7347D}.Release|Any CPU.ActiveCfg = Release|Any CPU
		{525DFDFE-6538-4846-8E8C-050FF9D7347D}.Release|Any CPU.Build.0 = Release|Any CPU
		{525DFDFE-6538-4846-8E8C-050FF9D7347D}.Release|x64.ActiveCfg = Release|Any CPU
		{525DFDFE-6538-4846-8E8C-050FF9D7347D}.Release|x64.Build.0 = Release|Any CPU
		{525DFDFE-6538-4846-8E8C-050FF9D7347D}.Release|x86.ActiveCfg = Release|Any CPU
		{525DFDFE-6538-4846-8E8C-050FF9D7347D}.Release|x86.Build.0 = Release|Any CPU
		{17705E52-E6A3-4356-A65D-2B9EF8018AEF}.Debug|Any CPU.ActiveCfg = Debug|Any CPU
		{17705E52-E6A3-4356-A65D-2B9EF8018AEF}.Debug|Any CPU.Build.0 = Debug|Any CPU
		{17705E52-E6A3-4356-A65D-2B9EF8018AEF}.Debug|x64.ActiveCfg = Debug|Any CPU
		{17705E52-E6A3-4356-A65D-2B9EF8018AEF}.Debug|x64.Build.0 = Debug|Any CPU
		{17705E52-E6A3-4356-A65D-2B9EF8018AEF}.Debug|x86.ActiveCfg = Debug|Any CPU
		{17705E52-E6A3-4356-A65D-2B9EF8018AEF}.Debug|x86.Build.0 = Debug|Any CPU
		{17705E52-E6A3-4356-A65D-2B9EF8018AEF}.Release|Any CPU.ActiveCfg = Release|Any CPU
		{17705E52-E6A3-4356-A65D-2B9EF8018AEF}.Release|Any CPU.Build.0 = Release|Any CPU
		{17705E52-E6A3-4356-A65D-2B9EF8018AEF}.Release|x64.ActiveCfg = Release|Any CPU
		{17705E52-E6A3-4356-A65D-2B9EF8018AEF}.Release|x64.Build.0 = Release|Any CPU
		{17705E52-E6A3-4356-A65D-2B9EF8018AEF}.Release|x86.ActiveCfg = Release|Any CPU
		{17705E52-E6A3-4356-A65D-2B9EF8018AEF}.Release|x86.Build.0 = Release|Any CPU
		{5319FC37-3E9C-4ACE-83EB-F2E44366AF7E}.Debug|Any CPU.ActiveCfg = Debug|Any CPU
		{5319FC37-3E9C-4ACE-83EB-F2E44366AF7E}.Debug|Any CPU.Build.0 = Debug|Any CPU
		{5319FC37-3E9C-4ACE-83EB-F2E44366AF7E}.Debug|x64.ActiveCfg = Debug|Any CPU
		{5319FC37-3E9C-4ACE-83EB-F2E44366AF7E}.Debug|x64.Build.0 = Debug|Any CPU
		{5319FC37-3E9C-4ACE-83EB-F2E44366AF7E}.Debug|x86.ActiveCfg = Debug|Any CPU
		{5319FC37-3E9C-4ACE-83EB-F2E44366AF7E}.Debug|x86.Build.0 = Debug|Any CPU
		{5319FC37-3E9C-4ACE-83EB-F2E44366AF7E}.Release|Any CPU.ActiveCfg = Release|Any CPU
		{5319FC37-3E9C-4ACE-83EB-F2E44366AF7E}.Release|Any CPU.Build.0 = Release|Any CPU
		{5319FC37-3E9C-4ACE-83EB-F2E44366AF7E}.Release|x64.ActiveCfg = Release|Any CPU
		{5319FC37-3E9C-4ACE-83EB-F2E44366AF7E}.Release|x64.Build.0 = Release|Any CPU
		{5319FC37-3E9C-4ACE-83EB-F2E44366AF7E}.Release|x86.ActiveCfg = Release|Any CPU
		{5319FC37-3E9C-4ACE-83EB-F2E44366AF7E}.Release|x86.Build.0 = Release|Any CPU
		{2A9AB940-787F-479C-BD30-9C2C07FAFBDB}.Debug|Any CPU.ActiveCfg = Debug|Any CPU
		{2A9AB940-787F-479C-BD30-9C2C07FAFBDB}.Debug|Any CPU.Build.0 = Debug|Any CPU
		{2A9AB940-787F-479C-BD30-9C2C07FAFBDB}.Debug|x64.ActiveCfg = Debug|Any CPU
		{2A9AB940-787F-479C-BD30-9C2C07FAFBDB}.Debug|x64.Build.0 = Debug|Any CPU
		{2A9AB940-787F-479C-BD30-9C2C07FAFBDB}.Debug|x86.ActiveCfg = Debug|Any CPU
		{2A9AB940-787F-479C-BD30-9C2C07FAFBDB}.Debug|x86.Build.0 = Debug|Any CPU
		{2A9AB940-787F-479C-BD30-9C2C07FAFBDB}.Release|Any CPU.ActiveCfg = Release|Any CPU
		{2A9AB940-787F-479C-BD30-9C2C07FAFBDB}.Release|Any CPU.Build.0 = Release|Any CPU
		{2A9AB940-787F-479C-BD30-9C2C07FAFBDB}.Release|x64.ActiveCfg = Release|Any CPU
		{2A9AB940-787F-479C-BD30-9C2C07FAFBDB}.Release|x64.Build.0 = Release|Any CPU
		{2A9AB940-787F-479C-BD30-9C2C07FAFBDB}.Release|x86.ActiveCfg = Release|Any CPU
		{2A9AB940-787F-479C-BD30-9C2C07FAFBDB}.Release|x86.Build.0 = Release|Any CPU
		{C733F735-42C9-4FEE-8DAD-2DCDCCA9FF9B}.Debug|Any CPU.ActiveCfg = Debug|Any CPU
		{C733F735-42C9-4FEE-8DAD-2DCDCCA9FF9B}.Debug|Any CPU.Build.0 = Debug|Any CPU
		{C733F735-42C9-4FEE-8DAD-2DCDCCA9FF9B}.Debug|x64.ActiveCfg = Debug|Any CPU
		{C733F735-42C9-4FEE-8DAD-2DCDCCA9FF9B}.Debug|x64.Build.0 = Debug|Any CPU
		{C733F735-42C9-4FEE-8DAD-2DCDCCA9FF9B}.Debug|x86.ActiveCfg = Debug|Any CPU
		{C733F735-42C9-4FEE-8DAD-2DCDCCA9FF9B}.Debug|x86.Build.0 = Debug|Any CPU
		{C733F735-42C9-4FEE-8DAD-2DCDCCA9FF9B}.Release|Any CPU.ActiveCfg = Release|Any CPU
		{C733F735-42C9-4FEE-8DAD-2DCDCCA9FF9B}.Release|Any CPU.Build.0 = Release|Any CPU
		{C733F735-42C9-4FEE-8DAD-2DCDCCA9FF9B}.Release|x64.ActiveCfg = Release|Any CPU
		{C733F735-42C9-4FEE-8DAD-2DCDCCA9FF9B}.Release|x64.Build.0 = Release|Any CPU
		{C733F735-42C9-4FEE-8DAD-2DCDCCA9FF9B}.Release|x86.ActiveCfg = Release|Any CPU
		{C733F735-42C9-4FEE-8DAD-2DCDCCA9FF9B}.Release|x86.Build.0 = Release|Any CPU
		{A87E5353-3512-4A00-B28A-3DA00A9E44E1}.Debug|Any CPU.ActiveCfg = Debug|Any CPU
		{A87E5353-3512-4A00-B28A-3DA00A9E44E1}.Debug|Any CPU.Build.0 = Debug|Any CPU
		{A87E5353-3512-4A00-B28A-3DA00A9E44E1}.Debug|x64.ActiveCfg = Debug|Any CPU
		{A87E5353-3512-4A00-B28A-3DA00A9E44E1}.Debug|x64.Build.0 = Debug|Any CPU
		{A87E5353-3512-4A00-B28A-3DA00A9E44E1}.Debug|x86.ActiveCfg = Debug|Any CPU
		{A87E5353-3512-4A00-B28A-3DA00A9E44E1}.Debug|x86.Build.0 = Debug|Any CPU
		{A87E5353-3512-4A00-B28A-3DA00A9E44E1}.Release|Any CPU.ActiveCfg = Release|Any CPU
		{A87E5353-3512-4A00-B28A-3DA00A9E44E1}.Release|Any CPU.Build.0 = Release|Any CPU
		{A87E5353-3512-4A00-B28A-3DA00A9E44E1}.Release|x64.ActiveCfg = Release|Any CPU
		{A87E5353-3512-4A00-B28A-3DA00A9E44E1}.Release|x64.Build.0 = Release|Any CPU
		{A87E5353-3512-4A00-B28A-3DA00A9E44E1}.Release|x86.ActiveCfg = Release|Any CPU
		{A87E5353-3512-4A00-B28A-3DA00A9E44E1}.Release|x86.Build.0 = Release|Any CPU
		{F36EE7E9-C568-4C2F-8E7B-AB87E10B49CA}.Debug|Any CPU.ActiveCfg = Debug|Any CPU
		{F36EE7E9-C568-4C2F-8E7B-AB87E10B49CA}.Debug|Any CPU.Build.0 = Debug|Any CPU
		{F36EE7E9-C568-4C2F-8E7B-AB87E10B49CA}.Debug|x64.ActiveCfg = Debug|Any CPU
		{F36EE7E9-C568-4C2F-8E7B-AB87E10B49CA}.Debug|x64.Build.0 = Debug|Any CPU
		{F36EE7E9-C568-4C2F-8E7B-AB87E10B49CA}.Debug|x86.ActiveCfg = Debug|Any CPU
		{F36EE7E9-C568-4C2F-8E7B-AB87E10B49CA}.Debug|x86.Build.0 = Debug|Any CPU
		{F36EE7E9-C568-4C2F-8E7B-AB87E10B49CA}.Release|Any CPU.ActiveCfg = Release|Any CPU
		{F36EE7E9-C568-4C2F-8E7B-AB87E10B49CA}.Release|Any CPU.Build.0 = Release|Any CPU
		{F36EE7E9-C568-4C2F-8E7B-AB87E10B49CA}.Release|x64.ActiveCfg = Release|Any CPU
		{F36EE7E9-C568-4C2F-8E7B-AB87E10B49CA}.Release|x64.Build.0 = Release|Any CPU
		{F36EE7E9-C568-4C2F-8E7B-AB87E10B49CA}.Release|x86.ActiveCfg = Release|Any CPU
		{F36EE7E9-C568-4C2F-8E7B-AB87E10B49CA}.Release|x86.Build.0 = Release|Any CPU
	EndGlobalSection
	GlobalSection(SolutionProperties) = preSolution
		HideSolutionNode = FALSE
	EndGlobalSection
	GlobalSection(NestedProjects) = preSolution
		{54D610C6-5177-A183-26B4-0AE8F32C66E1} = {751E1F2C-23FF-6FFB-A724-B65704312B1D}
		{9C71CB82-11ED-44C2-875F-BD952E0E8EF7} = {54D610C6-5177-A183-26B4-0AE8F32C66E1}
		{5190AB7A-FB8E-4B3C-864C-5CABE8692347} = {54D610C6-5177-A183-26B4-0AE8F32C66E1}
		{640F76B4-8E57-48C5-AE0C-F8DF20C60104} = {54D610C6-5177-A183-26B4-0AE8F32C66E1}
		{1343789E-1227-4AE8-9032-5216FCE85C67} = {54D610C6-5177-A183-26B4-0AE8F32C66E1}
		{F562AC83-17FE-48DF-9911-FAFAC618ED44} = {54D610C6-5177-A183-26B4-0AE8F32C66E1}
		{B8FD1BDF-3EC2-4EB9-B381-148E19CF1B70} = {54D610C6-5177-A183-26B4-0AE8F32C66E1}
		{F938400C-70B7-404E-B320-283FFD2E4030} = {54D610C6-5177-A183-26B4-0AE8F32C66E1}
		{6DC7FAB9-5D51-4BF5-8DEA-29D9EC7437B4} = {54D610C6-5177-A183-26B4-0AE8F32C66E1}
		{1C1BEBEC-45FA-4556-99DD-98F3D2C35CB5} = {54D610C6-5177-A183-26B4-0AE8F32C66E1}
		{76F189A5-A080-4D17-BB8F-30CD449C274F} = {54D610C6-5177-A183-26B4-0AE8F32C66E1}
		{8DFA74C6-5A70-4CA3-8E6C-DE4C386E49EF} = {54D610C6-5177-A183-26B4-0AE8F32C66E1}
		{01E35130-3270-40E5-AA9B-1FB85F879BF5} = {54D610C6-5177-A183-26B4-0AE8F32C66E1}
		{25821DD6-9DB6-42B8-9CF6-08C9AE7D7302} = {54D610C6-5177-A183-26B4-0AE8F32C66E1}
		{762AC3C7-F15F-4665-A57D-0B4DB31448B9} = {54D610C6-5177-A183-26B4-0AE8F32C66E1}
		{5BBD1AC4-B40E-42AB-AC7B-4F99E54B8065} = {54D610C6-5177-A183-26B4-0AE8F32C66E1}
		{6F0A96C8-3B29-4BE3-9F59-3CE1ACEB1733} = {54D610C6-5177-A183-26B4-0AE8F32C66E1}
		{13AD9810-5D1B-4D19-A13D-2C2F645B6CBE} = {54D610C6-5177-A183-26B4-0AE8F32C66E1}
		{8F4A215E-4BBC-714F-F4EF-EE7C994F5D89} = {751E1F2C-23FF-6FFB-A724-B65704312B1D}
		{9AB7F55A-1A41-4647-8FB7-A631536E2E09} = {8F4A215E-4BBC-714F-F4EF-EE7C994F5D89}
		{E1FB6467-E711-4768-9FB6-2B75B953A2AC} = {8F4A215E-4BBC-714F-F4EF-EE7C994F5D89}
		{6FA04593-616B-AEB6-4C9D-4B01C9C63251} = {751E1F2C-23FF-6FFB-A724-B65704312B1D}
		{5551EF5A-0E6C-4F6E-820B-94FE6D9D14A4} = {6FA04593-616B-AEB6-4C9D-4B01C9C63251}
		{411B656F-23C7-D328-05DC-3A2D6F5BEABE} = {751E1F2C-23FF-6FFB-A724-B65704312B1D}
		{6A052625-5B5D-46C6-BFC7-43E1DF673508} = {411B656F-23C7-D328-05DC-3A2D6F5BEABE}
		{7ABDDB3F-50EC-7ED0-BC8B-1C1A33655ACB} = {751E1F2C-23FF-6FFB-A724-B65704312B1D}
		{09581658-1CBA-4174-BCDD-DFA6DEC7584F} = {7ABDDB3F-50EC-7ED0-BC8B-1C1A33655ACB}
		{37C19F2A-7F36-4D76-A511-937FBE20CF7D} = {411B656F-23C7-D328-05DC-3A2D6F5BEABE}
		{8E68166C-C038-30CC-871B-970EB8BFA1E0} = {751E1F2C-23FF-6FFB-A724-B65704312B1D}
		{3941341D-3911-4D0F-822D-0332BA4E1966} = {8E68166C-C038-30CC-871B-970EB8BFA1E0}
		{38AB7E99-FE32-45BA-9EF7-005A843DE2C8} = {7ABDDB3F-50EC-7ED0-BC8B-1C1A33655ACB}
		{AD82618C-634C-4041-BF5A-EC3904361718} = {7ABDDB3F-50EC-7ED0-BC8B-1C1A33655ACB}
		{F313296B-E0A2-4E02-AF6C-BDB6B9B3F70A} = {411B656F-23C7-D328-05DC-3A2D6F5BEABE}
		{EFB1D67E-AA56-4817-AE22-0963525D630E} = {411B656F-23C7-D328-05DC-3A2D6F5BEABE}
		{F9BEE0E0-7FA0-441C-B79E-BC606ECE47D9} = {54D610C6-5177-A183-26B4-0AE8F32C66E1}
		{5B681620-E80D-4159-9E67-69B0F4D57F24} = {7ABDDB3F-50EC-7ED0-BC8B-1C1A33655ACB}
		{0C7538AC-FB67-4EAF-986F-1EA6AEA0AC5D} = {7ABDDB3F-50EC-7ED0-BC8B-1C1A33655ACB}
		{8036DD8A-498F-4B53-8429-48D6F85406EE} = {7ABDDB3F-50EC-7ED0-BC8B-1C1A33655ACB}
		{525DFDFE-6538-4846-8E8C-050FF9D7347D} = {411B656F-23C7-D328-05DC-3A2D6F5BEABE}
		{17705E52-E6A3-4356-A65D-2B9EF8018AEF} = {7ABDDB3F-50EC-7ED0-BC8B-1C1A33655ACB}
		{5319FC37-3E9C-4ACE-83EB-F2E44366AF7E} = {411B656F-23C7-D328-05DC-3A2D6F5BEABE}
		{2A9AB940-787F-479C-BD30-9C2C07FAFBDB} = {7ABDDB3F-50EC-7ED0-BC8B-1C1A33655ACB}
		{C733F735-42C9-4FEE-8DAD-2DCDCCA9FF9B} = {7ABDDB3F-50EC-7ED0-BC8B-1C1A33655ACB}
		{A87E5353-3512-4A00-B28A-3DA00A9E44E1} = {7ABDDB3F-50EC-7ED0-BC8B-1C1A33655ACB}
		{F36EE7E9-C568-4C2F-8E7B-AB87E10B49CA} = {411B656F-23C7-D328-05DC-3A2D6F5BEABE}
	EndGlobalSection
EndGlobal
